// !$*UTF8*$!
{
	archiveVersion = 1;
	classes = {
	};
	objectVersion = 55;
	objects = {

/* Begin PBXBuildFile section */
		80B2309D52C415A7F65DB29C /* Pods_day24.framework in Frameworks */ = {isa = PBXBuildFile; fileRef = 078852F8C6C459E5A6E75E87 /* Pods_day24.framework */; };
		C9562AB527297DC1002EC065 /* AppDelegate.swift in Sources */ = {isa = PBXBuildFile; fileRef = C9562AB427297DC1002EC065 /* AppDelegate.swift */; };
		C9562AB727297DC1002EC065 /* SceneDelegate.swift in Sources */ = {isa = PBXBuildFile; fileRef = C9562AB627297DC1002EC065 /* SceneDelegate.swift */; };
		C9562AB927297DC1002EC065 /* ViewController.swift in Sources */ = {isa = PBXBuildFile; fileRef = C9562AB827297DC1002EC065 /* ViewController.swift */; };
		C9562ABE27297DC3002EC065 /* Assets.xcassets in Resources */ = {isa = PBXBuildFile; fileRef = C9562ABD27297DC3002EC065 /* Assets.xcassets */; };
		C9562AC127297DC3002EC065 /* LaunchScreen.storyboard in Resources */ = {isa = PBXBuildFile; fileRef = C9562ABF27297DC3002EC065 /* LaunchScreen.storyboard */; };
		C9562AC927298844002EC065 /* GoogleService-Info.plist in Resources */ = {isa = PBXBuildFile; fileRef = C9562AC827298844002EC065 /* GoogleService-Info.plist */; };
/* End PBXBuildFile section */

/* Begin PBXFileReference section */
		078852F8C6C459E5A6E75E87 /* Pods_day24.framework */ = {isa = PBXFileReference; explicitFileType = wrapper.framework; includeInIndex = 0; path = Pods_day24.framework; sourceTree = BUILT_PRODUCTS_DIR; };
		1F11535DB5F99A575BB9A3E7 /* Pods-day24.release.xcconfig */ = {isa = PBXFileReference; includeInIndex = 1; lastKnownFileType = text.xcconfig; name = "Pods-day24.release.xcconfig"; path = "Target Support Files/Pods-day24/Pods-day24.release.xcconfig"; sourceTree = "<group>"; };
		89774EF0C7AA2E0DA3F4A891 /* Pods-day24.debug.xcconfig */ = {isa = PBXFileReference; includeInIndex = 1; lastKnownFileType = text.xcconfig; name = "Pods-day24.debug.xcconfig"; path = "Target Support Files/Pods-day24/Pods-day24.debug.xcconfig"; sourceTree = "<group>"; };
		C9562AB127297DC1002EC065 /* day24.app */ = {isa = PBXFileReference; explicitFileType = wrapper.application; includeInIndex = 0; path = day24.app; sourceTree = BUILT_PRODUCTS_DIR; };
		C9562AB427297DC1002EC065 /* AppDelegate.swift */ = {isa = PBXFileReference; lastKnownFileType = sourcecode.swift; path = AppDelegate.swift; sourceTree = "<group>"; };
		C9562AB627297DC1002EC065 /* SceneDelegate.swift */ = {isa = PBXFileReference; lastKnownFileType = sourcecode.swift; path = SceneDelegate.swift; sourceTree = "<group>"; };
		C9562AB827297DC1002EC065 /* ViewController.swift */ = {isa = PBXFileReference; lastKnownFileType = sourcecode.swift; path = ViewController.swift; sourceTree = "<group>"; };
		C9562ABD27297DC3002EC065 /* Assets.xcassets */ = {isa = PBXFileReference; lastKnownFileType = folder.assetcatalog; path = Assets.xcassets; sourceTree = "<group>"; };
		C9562AC027297DC3002EC065 /* Base */ = {isa = PBXFileReference; lastKnownFileType = file.storyboard; name = Base; path = Base.lproj/LaunchScreen.storyboard; sourceTree = "<group>"; };
		C9562AC227297DC3002EC065 /* Info.plist */ = {isa = PBXFileReference; lastKnownFileType = text.plist.xml; path = Info.plist; sourceTree = "<group>"; };
		C9562AC827298844002EC065 /* GoogleService-Info.plist */ = {isa = PBXFileReference; fileEncoding = 4; lastKnownFileType = text.plist.xml; path = "GoogleService-Info.plist"; sourceTree = "<group>"; };
/* End PBXFileReference section */

/* Begin PBXFrameworksBuildPhase section */
		C9562AAE27297DC1002EC065 /* Frameworks */ = {
			isa = PBXFrameworksBuildPhase;
			buildActionMask = 2147483647;
			files = (
				80B2309D52C415A7F65DB29C /* Pods_day24.framework in Frameworks */,
			);
			runOnlyForDeploymentPostprocessing = 0;
		};
/* End PBXFrameworksBuildPhase section */

/* Begin PBXGroup section */
		7B033493A46D6799FCF82B45 /* Pods */ = {
			isa = PBXGroup;
			children = (
				89774EF0C7AA2E0DA3F4A891 /* Pods-day24.debug.xcconfig */,
				1F11535DB5F99A575BB9A3E7 /* Pods-day24.release.xcconfig */,
			);
			path = Pods;
			sourceTree = "<group>";
		};
		BBFB5AD2FCF30AD34C5DBE3F /* Frameworks */ = {
			isa = PBXGroup;
			children = (
				078852F8C6C459E5A6E75E87 /* Pods_day24.framework */,
			);
			name = Frameworks;
			sourceTree = "<group>";
		};
		C9562AA827297DC1002EC065 = {
			isa = PBXGroup;
			children = (
				C9562AB327297DC1002EC065 /* day24 */,
				C9562AB227297DC1002EC065 /* Products */,
				7B033493A46D6799FCF82B45 /* Pods */,
				BBFB5AD2FCF30AD34C5DBE3F /* Frameworks */,
			);
			sourceTree = "<group>";
		};
		C9562AB227297DC1002EC065 /* Products */ = {
			isa = PBXGroup;
			children = (
				C9562AB127297DC1002EC065 /* day24.app */,
			);
			name = Products;
			sourceTree = "<group>";
		};
		C9562AB327297DC1002EC065 /* day24 */ = {
			isa = PBXGroup;
			children = (
				C9562AB427297DC1002EC065 /* AppDelegate.swift */,
				C9562AB627297DC1002EC065 /* SceneDelegate.swift */,
				C9562AB827297DC1002EC065 /* ViewController.swift */,
				C9562AC827298844002EC065 /* GoogleService-Info.plist */,
				C9562ABD27297DC3002EC065 /* Assets.xcassets */,
				C9562ABF27297DC3002EC065 /* LaunchScreen.storyboard */,
				C9562AC227297DC3002EC065 /* Info.plist */,
			);
			path = day24;
			sourceTree = "<group>";
		};
/* End PBXGroup section */

/* Begin PBXNativeTarget section */
		C9562AB027297DC1002EC065 /* day24 */ = {
			isa = PBXNativeTarget;
			buildConfigurationList = C9562AC527297DC3002EC065 /* Build configuration list for PBXNativeTarget "day24" */;
			buildPhases = (
				405DA422C5BA07D5ACFEC7F6 /* [CP] Check Pods Manifest.lock */,
				C9562AAD27297DC1002EC065 /* Sources */,
				C9562AAE27297DC1002EC065 /* Frameworks */,
				C9562AAF27297DC1002EC065 /* Resources */,
				25CF8A72EDC9E87106CBFC1F /* [CP] Embed Pods Frameworks */,
			);
			buildRules = (
			);
			dependencies = (
			);
			name = day24;
			productName = day24;
			productReference = C9562AB127297DC1002EC065 /* day24.app */;
			productType = "com.apple.product-type.application";
		};
/* End PBXNativeTarget section */

/* Begin PBXProject section */
		C9562AA927297DC1002EC065 /* Project object */ = {
			isa = PBXProject;
			attributes = {
				BuildIndependentTargetsInParallel = 1;
				LastSwiftUpdateCheck = 1300;
				LastUpgradeCheck = 1300;
				TargetAttributes = {
					C9562AB027297DC1002EC065 = {
						CreatedOnToolsVersion = 13.0;
					};
				};
			};
			buildConfigurationList = C9562AAC27297DC1002EC065 /* Build configuration list for PBXProject "day24" */;
			compatibilityVersion = "Xcode 13.0";
			developmentRegion = en;
			hasScannedForEncodings = 0;
			knownRegions = (
				en,
				Base,
			);
			mainGroup = C9562AA827297DC1002EC065;
			productRefGroup = C9562AB227297DC1002EC065 /* Products */;
			projectDirPath = "";
			projectRoot = "";
			targets = (
				C9562AB027297DC1002EC065 /* day24 */,
			);
		};
/* End PBXProject section */

/* Begin PBXResourcesBuildPhase section */
		C9562AAF27297DC1002EC065 /* Resources */ = {
			isa = PBXResourcesBuildPhase;
			buildActionMask = 2147483647;
			files = (
				C9562AC127297DC3002EC065 /* LaunchScreen.storyboard in Resources */,
				C9562AC927298844002EC065 /* GoogleService-Info.plist in Resources */,
				C9562ABE27297DC3002EC065 /* Assets.xcassets in Resources */,
			);
			runOnlyForDeploymentPostprocessing = 0;
		};
/* End PBXResourcesBuildPhase section */

/* Begin PBXShellScriptBuildPhase section */
		25CF8A72EDC9E87106CBFC1F /* [CP] Embed Pods Frameworks */ = {
			isa = PBXShellScriptBuildPhase;
			buildActionMask = 2147483647;
			files = (
			);
			inputFileListPaths = (
				"${PODS_ROOT}/Target Support Files/Pods-day24/Pods-day24-frameworks-${CONFIGURATION}-input-files.xcfilelist",
			);
			name = "[CP] Embed Pods Frameworks";
			outputFileListPaths = (
				"${PODS_ROOT}/Target Support Files/Pods-day24/Pods-day24-frameworks-${CONFIGURATION}-output-files.xcfilelist",
			);
			runOnlyForDeploymentPostprocessing = 0;
			shellPath = /bin/sh;
			shellScript = "\"${PODS_ROOT}/Target Support Files/Pods-day24/Pods-day24-frameworks.sh\"\n";
			showEnvVarsInLog = 0;
		};
		405DA422C5BA07D5ACFEC7F6 /* [CP] Check Pods Manifest.lock */ = {
			isa = PBXShellScriptBuildPhase;
			buildActionMask = 2147483647;
			files = (
			);
			inputFileListPaths = (
			);
			inputPaths = (
				"${PODS_PODFILE_DIR_PATH}/Podfile.lock",
				"${PODS_ROOT}/Manifest.lock",
			);
			name = "[CP] Check Pods Manifest.lock";
			outputFileListPaths = (
			);
			outputPaths = (
				"$(DERIVED_FILE_DIR)/Pods-day24-checkManifestLockResult.txt",
			);
			runOnlyForDeploymentPostprocessing = 0;
			shellPath = /bin/sh;
			shellScript = "diff \"${PODS_PODFILE_DIR_PATH}/Podfile.lock\" \"${PODS_ROOT}/Manifest.lock\" > /dev/null\nif [ $? != 0 ] ; then\n    # print error to STDERR\n    echo \"error: The sandbox is not in sync with the Podfile.lock. Run 'pod install' or update your CocoaPods installation.\" >&2\n    exit 1\nfi\n# This output is used by Xcode 'outputs' to avoid re-running this script phase.\necho \"SUCCESS\" > \"${SCRIPT_OUTPUT_FILE_0}\"\n";
			showEnvVarsInLog = 0;
		};
/* End PBXShellScriptBuildPhase section */

/* Begin PBXSourcesBuildPhase section */
		C9562AAD27297DC1002EC065 /* Sources */ = {
			isa = PBXSourcesBuildPhase;
			buildActionMask = 2147483647;
			files = (
				C9562AB927297DC1002EC065 /* ViewController.swift in Sources */,
				C9562AB527297DC1002EC065 /* AppDelegate.swift in Sources */,
				C9562AB727297DC1002EC065 /* SceneDelegate.swift in Sources */,
			);
			runOnlyForDeploymentPostprocessing = 0;
		};
/* End PBXSourcesBuildPhase section */

/* Begin PBXVariantGroup section */
		C9562ABF27297DC3002EC065 /* LaunchScreen.storyboard */ = {
			isa = PBXVariantGroup;
			children = (
				C9562AC027297DC3002EC065 /* Base */,
			);
			name = LaunchScreen.storyboard;
			sourceTree = "<group>";
		};
/* End PBXVariantGroup section */

/* Begin XCBuildConfiguration section */
		C9562AC327297DC3002EC065 /* Debug */ = {
			isa = XCBuildConfiguration;
			buildSettings = {
				ALWAYS_SEARCH_USER_PATHS = NO;
				CLANG_ANALYZER_NONNULL = YES;
				CLANG_ANALYZER_NUMBER_OBJECT_CONVERSION = YES_AGGRESSIVE;
				CLANG_CXX_LANGUAGE_STANDARD = "gnu++17";
				CLANG_CXX_LIBRARY = "libc++";
				CLANG_ENABLE_MODULES = YES;
				CLANG_ENABLE_OBJC_ARC = YES;
				CLANG_ENABLE_OBJC_WEAK = YES;
				CLANG_WARN_BLOCK_CAPTURE_AUTORELEASING = YES;
				CLANG_WARN_BOOL_CONVERSION = YES;
				CLANG_WARN_COMMA = YES;
				CLANG_WARN_CONSTANT_CONVERSION = YES;
				CLANG_WARN_DEPRECATED_OBJC_IMPLEMENTATIONS = YES;
				CLANG_WARN_DIRECT_OBJC_ISA_USAGE = YES_ERROR;
				CLANG_WARN_DOCUMENTATION_COMMENTS = YES;
				CLANG_WARN_EMPTY_BODY = YES;
				CLANG_WARN_ENUM_CONVERSION = YES;
				CLANG_WARN_INFINITE_RECURSION = YES;
				CLANG_WARN_INT_CONVERSION = YES;
				CLANG_WARN_NON_LITERAL_NULL_CONVERSION = YES;
				CLANG_WARN_OBJC_IMPLICIT_RETAIN_SELF = YES;
				CLANG_WARN_OBJC_LITERAL_CONVERSION = YES;
				CLANG_WARN_OBJC_ROOT_CLASS = YES_ERROR;
				CLANG_WARN_QUOTED_INCLUDE_IN_FRAMEWORK_HEADER = YES;
				CLANG_WARN_RANGE_LOOP_ANALYSIS = YES;
				CLANG_WARN_STRICT_PROTOTYPES = YES;
				CLANG_WARN_SUSPICIOUS_MOVE = YES;
				CLANG_WARN_UNGUARDED_AVAILABILITY = YES_AGGRESSIVE;
				CLANG_WARN_UNREACHABLE_CODE = YES;
				CLANG_WARN__DUPLICATE_METHOD_MATCH = YES;
				COPY_PHASE_STRIP = NO;
				DEBUG_INFORMATION_FORMAT = dwarf;
				ENABLE_STRICT_OBJC_MSGSEND = YES;
				ENABLE_TESTABILITY = YES;
				GCC_C_LANGUAGE_STANDARD = gnu11;
				GCC_DYNAMIC_NO_PIC = NO;
				GCC_NO_COMMON_BLOCKS = YES;
				GCC_OPTIMIZATION_LEVEL = 0;
				GCC_PREPROCESSOR_DEFINITIONS = (
					"DEBUG=1",
					"$(inherited)",
				);
				GCC_WARN_64_TO_32_BIT_CONVERSION = YES;
				GCC_WARN_ABOUT_RETURN_TYPE = YES_ERROR;
				GCC_WARN_UNDECLARED_SELECTOR = YES;
				GCC_WARN_UNINITIALIZED_AUTOS = YES_AGGRESSIVE;
				GCC_WARN_UNUSED_FUNCTION = YES;
				GCC_WARN_UNUSED_VARIABLE = YES;
				IPHONEOS_DEPLOYMENT_TARGET = 15.0;
				MTL_ENABLE_DEBUG_INFO = INCLUDE_SOURCE;
				MTL_FAST_MATH = YES;
				ONLY_ACTIVE_ARCH = YES;
				SDKROOT = iphoneos;
				SWIFT_ACTIVE_COMPILATION_CONDITIONS = DEBUG;
				SWIFT_OPTIMIZATION_LEVEL = "-Onone";
			};
			name = Debug;
		};
		C9562AC427297DC3002EC065 /* Release */ = {
			isa = XCBuildConfiguration;
			buildSettings = {
				ALWAYS_SEARCH_USER_PATHS = NO;
				CLANG_ANALYZER_NONNULL = YES;
				CLANG_ANALYZER_NUMBER_OBJECT_CONVERSION = YES_AGGRESSIVE;
				CLANG_CXX_LANGUAGE_STANDARD = "gnu++17";
				CLANG_CXX_LIBRARY = "libc++";
				CLANG_ENABLE_MODULES = YES;
				CLANG_ENABLE_OBJC_ARC = YES;
				CLANG_ENABLE_OBJC_WEAK = YES;
				CLANG_WARN_BLOCK_CAPTURE_AUTORELEASING = YES;
				CLANG_WARN_BOOL_CONVERSION = YES;
				CLANG_WARN_COMMA = YES;
				CLANG_WARN_CONSTANT_CONVERSION = YES;
				CLANG_WARN_DEPRECATED_OBJC_IMPLEMENTATIONS = YES;
				CLANG_WARN_DIRECT_OBJC_ISA_USAGE = YES_ERROR;
				CLANG_WARN_DOCUMENTATION_COMMENTS = YES;
				CLANG_WARN_EMPTY_BODY = YES;
				CLANG_WARN_ENUM_CONVERSION = YES;
				CLANG_WARN_INFINITE_RECURSION = YES;
				CLANG_WARN_INT_CONVERSION = YES;
				CLANG_WARN_NON_LITERAL_NULL_CONVERSION = YES;
				CLANG_WARN_OBJC_IMPLICIT_RETAIN_SELF = YES;
				CLANG_WARN_OBJC_LITERAL_CONVERSION = YES;
				CLANG_WARN_OBJC_ROOT_CLASS = YES_ERROR;
				CLANG_WARN_QUOTED_INCLUDE_IN_FRAMEWORK_HEADER = YES;
				CLANG_WARN_RANGE_LOOP_ANALYSIS = YES;
				CLANG_WARN_STRICT_PROTOTYPES = YES;
				CLANG_WARN_SUSPICIOUS_MOVE = YES;
				CLANG_WARN_UNGUARDED_AVAILABILITY = YES_AGGRESSIVE;
				CLANG_WARN_UNREACHABLE_CODE = YES;
				CLANG_WARN__DUPLICATE_METHOD_MATCH = YES;
				COPY_PHASE_STRIP = NO;
				DEBUG_INFORMATION_FORMAT = "dwarf-with-dsym";
				ENABLE_NS_ASSERTIONS = NO;
				ENABLE_STRICT_OBJC_MSGSEND = YES;
				GCC_C_LANGUAGE_STANDARD = gnu11;
				GCC_NO_COMMON_BLOCKS = YES;
				GCC_WARN_64_TO_32_BIT_CONVERSION = YES;
				GCC_WARN_ABOUT_RETURN_TYPE = YES_ERROR;
				GCC_WARN_UNDECLARED_SELECTOR = YES;
				GCC_WARN_UNINITIALIZED_AUTOS = YES_AGGRESSIVE;
				GCC_WARN_UNUSED_FUNCTION = YES;
				GCC_WARN_UNUSED_VARIABLE = YES;
				IPHONEOS_DEPLOYMENT_TARGET = 15.0;
				MTL_ENABLE_DEBUG_INFO = NO;
				MTL_FAST_MATH = YES;
				SDKROOT = iphoneos;
				SWIFT_COMPILATION_MODE = wholemodule;
				SWIFT_OPTIMIZATION_LEVEL = "-O";
				VALIDATE_PRODUCT = YES;
			};
			name = Release;
		};
		C9562AC627297DC3002EC065 /* Debug */ = {
			isa = XCBuildConfiguration;
			baseConfigurationReference = 89774EF0C7AA2E0DA3F4A891 /* Pods-day24.debug.xcconfig */;
			buildSettings = {
				ASSETCATALOG_COMPILER_APPICON_NAME = AppIcon;
				ASSETCATALOG_COMPILER_GLOBAL_ACCENT_COLOR_NAME = AccentColor;
				CODE_SIGN_STYLE = Automatic;
				CURRENT_PROJECT_VERSION = 1;
				DEVELOPMENT_TEAM = UR32GJ5485;
				GENERATE_INFOPLIST_FILE = YES;
				INFOPLIST_FILE = day24/Info.plist;
				INFOPLIST_KEY_UIApplicationSupportsIndirectInputEvents = YES;
				INFOPLIST_KEY_UILaunchStoryboardName = LaunchScreen;
				INFOPLIST_KEY_UISupportedInterfaceOrientations_iPad = "UIInterfaceOrientationPortrait UIInterfaceOrientationPortraitUpsideDown UIInterfaceOrientationLandscapeLeft UIInterfaceOrientationLandscapeRight";
				INFOPLIST_KEY_UISupportedInterfaceOrientations_iPhone = "UIInterfaceOrientationPortrait UIInterfaceOrientationLandscapeLeft UIInterfaceOrientationLandscapeRight";
				LD_RUNPATH_SEARCH_PATHS = (
					"$(inherited)",
					"@executable_path/Frameworks",
				);
				MARKETING_VERSION = 1.0;
				PRODUCT_BUNDLE_IDENTIFIER = com.amal.day24;
				PRODUCT_NAME = "$(TARGET_NAME)";
				SWIFT_EMIT_LOC_STRINGS = YES;
				SWIFT_VERSION = 5.0;
				TARGETED_DEVICE_FAMILY = "1,2";
			};
			name = Debug;
		};
		C9562AC727297DC3002EC065 /* Release */ = {
			isa = XCBuildConfiguration;
			baseConfigurationReference = 1F11535DB5F99A575BB9A3E7 /* Pods-day24.release.xcconfig */;
			buildSettings = {
				ASSETCATALOG_COMPILER_APPICON_NAME = AppIcon;
				ASSETCATALOG_COMPILER_GLOBAL_ACCENT_COLOR_NAME = AccentColor;
				CODE_SIGN_STYLE = Automatic;
				CURRENT_PROJECT_VERSION = 1;
				DEVELOPMENT_TEAM = UR32GJ5485;
				GENERATE_INFOPLIST_FILE = YES;
				INFOPLIST_FILE = day24/Info.plist;
				INFOPLIST_KEY_UIApplicationSupportsIndirectInputEvents = YES;
				INFOPLIST_KEY_UILaunchStoryboardName = LaunchScreen;
				INFOPLIST_KEY_UISupportedInterfaceOrientations_iPad = "UIInterfaceOrientationPortrait UIInterfaceOrientationPortraitUpsideDown UIInterfaceOrientationLandscapeLeft UIInterfaceOrientationLandscapeRight";
				INFOPLIST_KEY_UISupportedInterfaceOrientations_iPhone = "UIInterfaceOrientationPortrait UIInterfaceOrientationLandscapeLeft UIInterfaceOrientationLandscapeRight";
				LD_RUNPATH_SEARCH_PATHS = (
					"$(inherited)",
					"@executable_path/Frameworks",
				);
				MARKETING_VERSION = 1.0;
				PRODUCT_BUNDLE_IDENTIFIER = com.amal.day24;
				PRODUCT_NAME = "$(TARGET_NAME)";
				SWIFT_EMIT_LOC_STRINGS = YES;
				SWIFT_VERSION = 5.0;
				TARGETED_DEVICE_FAMILY = "1,2";
			};
			name = Release;
		};
/* End XCBuildConfiguration section */

/* Begin XCConfigurationList section */
		C9562AAC27297DC1002EC065 /* Build configuration list for PBXProject "day24" */ = {
			isa = XCConfigurationList;
			buildConfigurations = (
				C9562AC327297DC3002EC065 /* Debug */,
				C9562AC427297DC3002EC065 /* Release */,
			);
			defaultConfigurationIsVisible = 0;
			defaultConfigurationName = Release;
		};
		C9562AC527297DC3002EC065 /* Build configuration list for PBXNativeTarget "day24" */ = {
			isa = XCConfigurationList;
			buildConfigurations = (
				C9562AC627297DC3002EC065 /* Debug */,
				C9562AC727297DC3002EC065 /* Release */,
			);
			defaultConfigurationIsVisible = 0;
			defaultConfigurationName = Release;
		};
/* End XCConfigurationList section */
	};
	rootObject = C9562AA927297DC1002EC065 /* Project object */;
}
