// !$*UTF8*$!
{
	archiveVersion = 1;
	classes = {
	};
	objectVersion = 55;
	objects = {

/* Begin PBXBuildFile section */
		1EB32D8F27298CE200A14EE9 /* AppDelegate.swift in Sources */ = {isa = PBXBuildFile; fileRef = 1EB32D8E27298CE200A14EE9 /* AppDelegate.swift */; };
		1EB32D9127298CE200A14EE9 /* SceneDelegate.swift in Sources */ = {isa = PBXBuildFile; fileRef = 1EB32D9027298CE200A14EE9 /* SceneDelegate.swift */; };
		1EB32D9327298CE200A14EE9 /* ViewController.swift in Sources */ = {isa = PBXBuildFile; fileRef = 1EB32D9227298CE200A14EE9 /* ViewController.swift */; };
		1EB32D9627298CE200A14EE9 /* Main.storyboard in Resources */ = {isa = PBXBuildFile; fileRef = 1EB32D9427298CE200A14EE9 /* Main.storyboard */; };
		1EB32D9827298CE700A14EE9 /* Assets.xcassets in Resources */ = {isa = PBXBuildFile; fileRef = 1EB32D9727298CE700A14EE9 /* Assets.xcassets */; };
		1EB32D9B27298CE700A14EE9 /* LaunchScreen.storyboard in Resources */ = {isa = PBXBuildFile; fileRef = 1EB32D9927298CE700A14EE9 /* LaunchScreen.storyboard */; };
		1EB32DA327298E0300A14EE9 /* GoogleService-Info.plist in Resources */ = {isa = PBXBuildFile; fileRef = 1EB32DA227298E0300A14EE9 /* GoogleService-Info.plist */; };
		4B82648EEA34029E3DC31EE0 /* Pods_Day_24_Firebase_task.framework in Frameworks */ = {isa = PBXBuildFile; fileRef = A016FA024C14D226E9A22DC6 /* Pods_Day_24_Firebase_task.framework */; };
/* End PBXBuildFile section */

/* Begin PBXFileReference section */
		1EB32D8B27298CE200A14EE9 /* Day 24 Firebase task.app */ = {isa = PBXFileReference; explicitFileType = wrapper.application; includeInIndex = 0; path = "Day 24 Firebase task.app"; sourceTree = BUILT_PRODUCTS_DIR; };
		1EB32D8E27298CE200A14EE9 /* AppDelegate.swift */ = {isa = PBXFileReference; lastKnownFileType = sourcecode.swift; path = AppDelegate.swift; sourceTree = "<group>"; };
		1EB32D9027298CE200A14EE9 /* SceneDelegate.swift */ = {isa = PBXFileReference; lastKnownFileType = sourcecode.swift; path = SceneDelegate.swift; sourceTree = "<group>"; };
		1EB32D9227298CE200A14EE9 /* ViewController.swift */ = {isa = PBXFileReference; lastKnownFileType = sourcecode.swift; path = ViewController.swift; sourceTree = "<group>"; };
		1EB32D9527298CE200A14EE9 /* Base */ = {isa = PBXFileReference; lastKnownFileType = file.storyboard; name = Base; path = Base.lproj/Main.storyboard; sourceTree = "<group>"; };
		1EB32D9727298CE700A14EE9 /* Assets.xcassets */ = {isa = PBXFileReference; lastKnownFileType = folder.assetcatalog; path = Assets.xcassets; sourceTree = "<group>"; };
		1EB32D9A27298CE700A14EE9 /* Base */ = {isa = PBXFileReference; lastKnownFileType = file.storyboard; name = Base; path = Base.lproj/LaunchScreen.storyboard; sourceTree = "<group>"; };
		1EB32D9C27298CE700A14EE9 /* Info.plist */ = {isa = PBXFileReference; lastKnownFileType = text.plist.xml; path = Info.plist; sourceTree = "<group>"; };
		1EB32DA227298E0300A14EE9 /* GoogleService-Info.plist */ = {isa = PBXFileReference; fileEncoding = 4; lastKnownFileType = text.plist.xml; path = "GoogleService-Info.plist"; sourceTree = "<group>"; };
		62FAF59BF9EB78B8440C46F4 /* Pods-Day 24 Firebase task.debug.xcconfig */ = {isa = PBXFileReference; includeInIndex = 1; lastKnownFileType = text.xcconfig; name = "Pods-Day 24 Firebase task.debug.xcconfig"; path = "Target Support Files/Pods-Day 24 Firebase task/Pods-Day 24 Firebase task.debug.xcconfig"; sourceTree = "<group>"; };
		A016FA024C14D226E9A22DC6 /* Pods_Day_24_Firebase_task.framework */ = {isa = PBXFileReference; explicitFileType = wrapper.framework; includeInIndex = 0; path = Pods_Day_24_Firebase_task.framework; sourceTree = BUILT_PRODUCTS_DIR; };
		F8B7A06F6739B9E572D7937A /* Pods-Day 24 Firebase task.release.xcconfig */ = {isa = PBXFileReference; includeInIndex = 1; lastKnownFileType = text.xcconfig; name = "Pods-Day 24 Firebase task.release.xcconfig"; path = "Target Support Files/Pods-Day 24 Firebase task/Pods-Day 24 Firebase task.release.xcconfig"; sourceTree = "<group>"; };
/* End PBXFileReference section */

/* Begin PBXFrameworksBuildPhase section */
		1EB32D8827298CE200A14EE9 /* Frameworks */ = {
			isa = PBXFrameworksBuildPhase;
			buildActionMask = 2147483647;
			files = (
				4B82648EEA34029E3DC31EE0 /* Pods_Day_24_Firebase_task.framework in Frameworks */,
			);
			runOnlyForDeploymentPostprocessing = 0;
		};
/* End PBXFrameworksBuildPhase section */

/* Begin PBXGroup section */
		1EB32D8227298CE200A14EE9 = {
			isa = PBXGroup;
			children = (
				1EB32D8D27298CE200A14EE9 /* Day 24 Firebase task */,
				1EB32D8C27298CE200A14EE9 /* Products */,
				A3C4E46FACAAC5768845880C /* Pods */,
				205297B551EC02510B542A57 /* Frameworks */,
			);
			sourceTree = "<group>";
		};
		1EB32D8C27298CE200A14EE9 /* Products */ = {
			isa = PBXGroup;
			children = (
				1EB32D8B27298CE200A14EE9 /* Day 24 Firebase task.app */,
			);
			name = Products;
			sourceTree = "<group>";
		};
		1EB32D8D27298CE200A14EE9 /* Day 24 Firebase task */ = {
			isa = PBXGroup;
			children = (
				1EB32D8E27298CE200A14EE9 /* AppDelegate.swift */,
				1EB32D9027298CE200A14EE9 /* SceneDelegate.swift */,
				1EB32D9227298CE200A14EE9 /* ViewController.swift */,
				1EB32D9427298CE200A14EE9 /* Main.storyboard */,
				1EB32D9727298CE700A14EE9 /* Assets.xcassets */,
				1EB32D9927298CE700A14EE9 /* LaunchScreen.storyboard */,
				1EB32D9C27298CE700A14EE9 /* Info.plist */,
				1EB32DA227298E0300A14EE9 /* GoogleService-Info.plist */,
			);
			path = "Day 24 Firebase task";
			sourceTree = "<group>";
		};
		205297B551EC02510B542A57 /* Frameworks */ = {
			isa = PBXGroup;
			children = (
				A016FA024C14D226E9A22DC6 /* Pods_Day_24_Firebase_task.framework */,
			);
			name = Frameworks;
			sourceTree = "<group>";
		};
		A3C4E46FACAAC5768845880C /* Pods */ = {
			isa = PBXGroup;
			children = (
				62FAF59BF9EB78B8440C46F4 /* Pods-Day 24 Firebase task.debug.xcconfig */,
				F8B7A06F6739B9E572D7937A /* Pods-Day 24 Firebase task.release.xcconfig */,
			);
			name = Pods;
			path = Pods;
			sourceTree = "<group>";
		};
/* End PBXGroup section */

/* Begin PBXNativeTarget section */
		1EB32D8A27298CE200A14EE9 /* Day 24 Firebase task */ = {
			isa = PBXNativeTarget;
			buildConfigurationList = 1EB32D9F27298CE700A14EE9 /* Build configuration list for PBXNativeTarget "Day 24 Firebase task" */;
			buildPhases = (
				E1142EE7F94FDB8ECF5A6017 /* [CP] Check Pods Manifest.lock */,
				1EB32D8727298CE200A14EE9 /* Sources */,
				1EB32D8827298CE200A14EE9 /* Frameworks */,
				1EB32D8927298CE200A14EE9 /* Resources */,
				E3869CB3C459B6EBCA578937 /* [CP] Embed Pods Frameworks */,
			);
			buildRules = (
			);
			dependencies = (
			);
			name = "Day 24 Firebase task";
			productName = "Day 24 Firebase task";
			productReference = 1EB32D8B27298CE200A14EE9 /* Day 24 Firebase task.app */;
			productType = "com.apple.product-type.application";
		};
/* End PBXNativeTarget section */

/* Begin PBXProject section */
		1EB32D8327298CE200A14EE9 /* Project object */ = {
			isa = PBXProject;
			attributes = {
				BuildIndependentTargetsInParallel = 1;
				LastSwiftUpdateCheck = 1300;
				LastUpgradeCheck = 1300;
				TargetAttributes = {
					1EB32D8A27298CE200A14EE9 = {
						CreatedOnToolsVersion = 13.0;
					};
				};
			};
			buildConfigurationList = 1EB32D8627298CE200A14EE9 /* Build configuration list for PBXProject "Day 24 Firebase task" */;
			compatibilityVersion = "Xcode 13.0";
			developmentRegion = en;
			hasScannedForEncodings = 0;
			knownRegions = (
				en,
				Base,
			);
			mainGroup = 1EB32D8227298CE200A14EE9;
			productRefGroup = 1EB32D8C27298CE200A14EE9 /* Products */;
			projectDirPath = "";
			projectRoot = "";
			targets = (
				1EB32D8A27298CE200A14EE9 /* Day 24 Firebase task */,
			);
		};
/* End PBXProject section */

/* Begin PBXResourcesBuildPhase section */
		1EB32D8927298CE200A14EE9 /* Resources */ = {
			isa = PBXResourcesBuildPhase;
			buildActionMask = 2147483647;
			files = (
				1EB32D9B27298CE700A14EE9 /* LaunchScreen.storyboard in Resources */,
				1EB32DA327298E0300A14EE9 /* GoogleService-Info.plist in Resources */,
				1EB32D9827298CE700A14EE9 /* Assets.xcassets in Resources */,
				1EB32D9627298CE200A14EE9 /* Main.storyboard in Resources */,
			);
			runOnlyForDeploymentPostprocessing = 0;
		};
/* End PBXResourcesBuildPhase section */

/* Begin PBXShellScriptBuildPhase section */
		E1142EE7F94FDB8ECF5A6017 /* [CP] Check Pods Manifest.lock */ = {
			isa = PBXShellScriptBuildPhase;
			buildActionMask = 2147483647;
			files = (
			);
			inputFileListPaths = (
			);
			inputPaths = (
				"${PODS_PODFILE_DIR_PATH}/Podfile.lock",
				"${PODS_ROOT}/Manifest.lock",
			);
			name = "[CP] Check Pods Manifest.lock";
			outputFileListPaths = (
			);
			outputPaths = (
				"$(DERIVED_FILE_DIR)/Pods-Day 24 Firebase task-checkManifestLockResult.txt",
			);
			runOnlyForDeploymentPostprocessing = 0;
			shellPath = /bin/sh;
			shellScript = "diff \"${PODS_PODFILE_DIR_PATH}/Podfile.lock\" \"${PODS_ROOT}/Manifest.lock\" > /dev/null\nif [ $? != 0 ] ; then\n    # print error to STDERR\n    echo \"error: The sandbox is not in sync with the Podfile.lock. Run 'pod install' or update your CocoaPods installation.\" >&2\n    exit 1\nfi\n# This output is used by Xcode 'outputs' to avoid re-running this script phase.\necho \"SUCCESS\" > \"${SCRIPT_OUTPUT_FILE_0}\"\n";
			showEnvVarsInLog = 0;
		};
		E3869CB3C459B6EBCA578937 /* [CP] Embed Pods Frameworks */ = {
			isa = PBXShellScriptBuildPhase;
			buildActionMask = 2147483647;
			files = (
			);
			inputFileListPaths = (
				"${PODS_ROOT}/Target Support Files/Pods-Day 24 Firebase task/Pods-Day 24 Firebase task-frameworks-${CONFIGURATION}-input-files.xcfilelist",
			);
			name = "[CP] Embed Pods Frameworks";
			outputFileListPaths = (
				"${PODS_ROOT}/Target Support Files/Pods-Day 24 Firebase task/Pods-Day 24 Firebase task-frameworks-${CONFIGURATION}-output-files.xcfilelist",
			);
			runOnlyForDeploymentPostprocessing = 0;
			shellPath = /bin/sh;
			shellScript = "\"${PODS_ROOT}/Target Support Files/Pods-Day 24 Firebase task/Pods-Day 24 Firebase task-frameworks.sh\"\n";
			showEnvVarsInLog = 0;
		};
/* End PBXShellScriptBuildPhase section */

/* Begin PBXSourcesBuildPhase section */
		1EB32D8727298CE200A14EE9 /* Sources */ = {
			isa = PBXSourcesBuildPhase;
			buildActionMask = 2147483647;
			files = (
				1EB32D9327298CE200A14EE9 /* ViewController.swift in Sources */,
				1EB32D8F27298CE200A14EE9 /* AppDelegate.swift in Sources */,
				1EB32D9127298CE200A14EE9 /* SceneDelegate.swift in Sources */,
			);
			runOnlyForDeploymentPostprocessing = 0;
		};
/* End PBXSourcesBuildPhase section */

/* Begin PBXVariantGroup section */
		1EB32D9427298CE200A14EE9 /* Main.storyboard */ = {
			isa = PBXVariantGroup;
			children = (
				1EB32D9527298CE200A14EE9 /* Base */,
			);
			name = Main.storyboard;
			sourceTree = "<group>";
		};
		1EB32D9927298CE700A14EE9 /* LaunchScreen.storyboard */ = {
			isa = PBXVariantGroup;
			children = (
				1EB32D9A27298CE700A14EE9 /* Base */,
			);
			name = LaunchScreen.storyboard;
			sourceTree = "<group>";
		};
/* End PBXVariantGroup section */

/* Begin XCBuildConfiguration section */
		1EB32D9D27298CE700A14EE9 /* Debug */ = {
			isa = XCBuildConfiguration;
			buildSettings = {
				ALWAYS_SEARCH_USER_PATHS = NO;
				CLANG_ANALYZER_NONNULL = YES;
				CLANG_ANALYZER_NUMBER_OBJECT_CONVERSION = YES_AGGRESSIVE;
				CLANG_CXX_LANGUAGE_STANDARD = "gnu++17";
				CLANG_CXX_LIBRARY = "libc++";
				CLANG_ENABLE_MODULES = YES;
				CLANG_ENABLE_OBJC_ARC = YES;
				CLANG_ENABLE_OBJC_WEAK = YES;
				CLANG_WARN_BLOCK_CAPTURE_AUTORELEASING = YES;
				CLANG_WARN_BOOL_CONVERSION = YES;
				CLANG_WARN_COMMA = YES;
				CLANG_WARN_CONSTANT_CONVERSION = YES;
				CLANG_WARN_DEPRECATED_OBJC_IMPLEMENTATIONS = YES;
				CLANG_WARN_DIRECT_OBJC_ISA_USAGE = YES_ERROR;
				CLANG_WARN_DOCUMENTATION_COMMENTS = YES;
				CLANG_WARN_EMPTY_BODY = YES;
				CLANG_WARN_ENUM_CONVERSION = YES;
				CLANG_WARN_INFINITE_RECURSION = YES;
				CLANG_WARN_INT_CONVERSION = YES;
				CLANG_WARN_NON_LITERAL_NULL_CONVERSION = YES;
				CLANG_WARN_OBJC_IMPLICIT_RETAIN_SELF = YES;
				CLANG_WARN_OBJC_LITERAL_CONVERSION = YES;
				CLANG_WARN_OBJC_ROOT_CLASS = YES_ERROR;
				CLANG_WARN_QUOTED_INCLUDE_IN_FRAMEWORK_HEADER = YES;
				CLANG_WARN_RANGE_LOOP_ANALYSIS = YES;
				CLANG_WARN_STRICT_PROTOTYPES = YES;
				CLANG_WARN_SUSPICIOUS_MOVE = YES;
				CLANG_WARN_UNGUARDED_AVAILABILITY = YES_AGGRESSIVE;
				CLANG_WARN_UNREACHABLE_CODE = YES;
				CLANG_WARN__DUPLICATE_METHOD_MATCH = YES;
				COPY_PHASE_STRIP = NO;
				DEBUG_INFORMATION_FORMAT = dwarf;
				ENABLE_STRICT_OBJC_MSGSEND = YES;
				ENABLE_TESTABILITY = YES;
				GCC_C_LANGUAGE_STANDARD = gnu11;
				GCC_DYNAMIC_NO_PIC = NO;
				GCC_NO_COMMON_BLOCKS = YES;
				GCC_OPTIMIZATION_LEVEL = 0;
				GCC_PREPROCESSOR_DEFINITIONS = (
					"DEBUG=1",
					"$(inherited)",
				);
				GCC_WARN_64_TO_32_BIT_CONVERSION = YES;
				GCC_WARN_ABOUT_RETURN_TYPE = YES_ERROR;
				GCC_WARN_UNDECLARED_SELECTOR = YES;
				GCC_WARN_UNINITIALIZED_AUTOS = YES_AGGRESSIVE;
				GCC_WARN_UNUSED_FUNCTION = YES;
				GCC_WARN_UNUSED_VARIABLE = YES;
				IPHONEOS_DEPLOYMENT_TARGET = 15.0;
				MTL_ENABLE_DEBUG_INFO = INCLUDE_SOURCE;
				MTL_FAST_MATH = YES;
				ONLY_ACTIVE_ARCH = YES;
				SDKROOT = iphoneos;
				SWIFT_ACTIVE_COMPILATION_CONDITIONS = DEBUG;
				SWIFT_OPTIMIZATION_LEVEL = "-Onone";
			};
			name = Debug;
		};
		1EB32D9E27298CE700A14EE9 /* Release */ = {
			isa = XCBuildConfiguration;
			buildSettings = {
				ALWAYS_SEARCH_USER_PATHS = NO;
				CLANG_ANALYZER_NONNULL = YES;
				CLANG_ANALYZER_NUMBER_OBJECT_CONVERSION = YES_AGGRESSIVE;
				CLANG_CXX_LANGUAGE_STANDARD = "gnu++17";
				CLANG_CXX_LIBRARY = "libc++";
				CLANG_ENABLE_MODULES = YES;
				CLANG_ENABLE_OBJC_ARC = YES;
				CLANG_ENABLE_OBJC_WEAK = YES;
				CLANG_WARN_BLOCK_CAPTURE_AUTORELEASING = YES;
				CLANG_WARN_BOOL_CONVERSION = YES;
				CLANG_WARN_COMMA = YES;
				CLANG_WARN_CONSTANT_CONVERSION = YES;
				CLANG_WARN_DEPRECATED_OBJC_IMPLEMENTATIONS = YES;
				CLANG_WARN_DIRECT_OBJC_ISA_USAGE = YES_ERROR;
				CLANG_WARN_DOCUMENTATION_COMMENTS = YES;
				CLANG_WARN_EMPTY_BODY = YES;
				CLANG_WARN_ENUM_CONVERSION = YES;
				CLANG_WARN_INFINITE_RECURSION = YES;
				CLANG_WARN_INT_CONVERSION = YES;
				CLANG_WARN_NON_LITERAL_NULL_CONVERSION = YES;
				CLANG_WARN_OBJC_IMPLICIT_RETAIN_SELF = YES;
				CLANG_WARN_OBJC_LITERAL_CONVERSION = YES;
				CLANG_WARN_OBJC_ROOT_CLASS = YES_ERROR;
				CLANG_WARN_QUOTED_INCLUDE_IN_FRAMEWORK_HEADER = YES;
				CLANG_WARN_RANGE_LOOP_ANALYSIS = YES;
				CLANG_WARN_STRICT_PROTOTYPES = YES;
				CLANG_WARN_SUSPICIOUS_MOVE = YES;
				CLANG_WARN_UNGUARDED_AVAILABILITY = YES_AGGRESSIVE;
				CLANG_WARN_UNREACHABLE_CODE = YES;
				CLANG_WARN__DUPLICATE_METHOD_MATCH = YES;
				COPY_PHASE_STRIP = NO;
				DEBUG_INFORMATION_FORMAT = "dwarf-with-dsym";
				ENABLE_NS_ASSERTIONS = NO;
				ENABLE_STRICT_OBJC_MSGSEND = YES;
				GCC_C_LANGUAGE_STANDARD = gnu11;
				GCC_NO_COMMON_BLOCKS = YES;
				GCC_WARN_64_TO_32_BIT_CONVERSION = YES;
				GCC_WARN_ABOUT_RETURN_TYPE = YES_ERROR;
				GCC_WARN_UNDECLARED_SELECTOR = YES;
				GCC_WARN_UNINITIALIZED_AUTOS = YES_AGGRESSIVE;
				GCC_WARN_UNUSED_FUNCTION = YES;
				GCC_WARN_UNUSED_VARIABLE = YES;
				IPHONEOS_DEPLOYMENT_TARGET = 15.0;
				MTL_ENABLE_DEBUG_INFO = NO;
				MTL_FAST_MATH = YES;
				SDKROOT = iphoneos;
				SWIFT_COMPILATION_MODE = wholemodule;
				SWIFT_OPTIMIZATION_LEVEL = "-O";
				VALIDATE_PRODUCT = YES;
			};
			name = Release;
		};
		1EB32DA027298CE700A14EE9 /* Debug */ = {
			isa = XCBuildConfiguration;
			baseConfigurationReference = 62FAF59BF9EB78B8440C46F4 /* Pods-Day 24 Firebase task.debug.xcconfig */;
			buildSettings = {
				ASSETCATALOG_COMPILER_APPICON_NAME = AppIcon;
				ASSETCATALOG_COMPILER_GLOBAL_ACCENT_COLOR_NAME = AccentColor;
				CODE_SIGN_STYLE = Automatic;
				CURRENT_PROJECT_VERSION = 1;
				DEVELOPMENT_TEAM = BMTAM79AVD;
				GENERATE_INFOPLIST_FILE = YES;
				INFOPLIST_FILE = "Day 24 Firebase task/Info.plist";
				INFOPLIST_KEY_UIApplicationSupportsIndirectInputEvents = YES;
				INFOPLIST_KEY_UILaunchStoryboardName = LaunchScreen;
				INFOPLIST_KEY_UIMainStoryboardFile = Main;
				INFOPLIST_KEY_UISupportedInterfaceOrientations_iPad = "UIInterfaceOrientationPortrait UIInterfaceOrientationPortraitUpsideDown UIInterfaceOrientationLandscapeLeft UIInterfaceOrientationLandscapeRight";
				INFOPLIST_KEY_UISupportedInterfaceOrientations_iPhone = "UIInterfaceOrientationPortrait UIInterfaceOrientationLandscapeLeft UIInterfaceOrientationLandscapeRight";
				LD_RUNPATH_SEARCH_PATHS = (
					"$(inherited)",
					"@executable_path/Frameworks",
				);
				MARKETING_VERSION = 1.0;
				PRODUCT_BUNDLE_IDENTIFIER = "atheer-alzahrani.Day-24-Firebase-task";
				PRODUCT_NAME = "$(TARGET_NAME)";
				SWIFT_EMIT_LOC_STRINGS = YES;
				SWIFT_VERSION = 5.0;
				TARGETED_DEVICE_FAMILY = "1,2";
			};
			name = Debug;
		};
		1EB32DA127298CE700A14EE9 /* Release */ = {
			isa = XCBuildConfiguration;
			baseConfigurationReference = F8B7A06F6739B9E572D7937A /* Pods-Day 24 Firebase task.release.xcconfig */;
			buildSettings = {
				ASSETCATALOG_COMPILER_APPICON_NAME = AppIcon;
				ASSETCATALOG_COMPILER_GLOBAL_ACCENT_COLOR_NAME = AccentColor;
				CODE_SIGN_STYLE = Automatic;
				CURRENT_PROJECT_VERSION = 1;
				DEVELOPMENT_TEAM = BMTAM79AVD;
				GENERATE_INFOPLIST_FILE = YES;
				INFOPLIST_FILE = "Day 24 Firebase task/Info.plist";
				INFOPLIST_KEY_UIApplicationSupportsIndirectInputEvents = YES;
				INFOPLIST_KEY_UILaunchStoryboardName = LaunchScreen;
				INFOPLIST_KEY_UIMainStoryboardFile = Main;
				INFOPLIST_KEY_UISupportedInterfaceOrientations_iPad = "UIInterfaceOrientationPortrait UIInterfaceOrientationPortraitUpsideDown UIInterfaceOrientationLandscapeLeft UIInterfaceOrientationLandscapeRight";
				INFOPLIST_KEY_UISupportedInterfaceOrientations_iPhone = "UIInterfaceOrientationPortrait UIInterfaceOrientationLandscapeLeft UIInterfaceOrientationLandscapeRight";
				LD_RUNPATH_SEARCH_PATHS = (
					"$(inherited)",
					"@executable_path/Frameworks",
				);
				MARKETING_VERSION = 1.0;
				PRODUCT_BUNDLE_IDENTIFIER = "atheer-alzahrani.Day-24-Firebase-task";
				PRODUCT_NAME = "$(TARGET_NAME)";
				SWIFT_EMIT_LOC_STRINGS = YES;
				SWIFT_VERSION = 5.0;
				TARGETED_DEVICE_FAMILY = "1,2";
			};
			name = Release;
		};
/* End XCBuildConfiguration section */

/* Begin XCConfigurationList section */
		1EB32D8627298CE200A14EE9 /* Build configuration list for PBXProject "Day 24 Firebase task" */ = {
			isa = XCConfigurationList;
			buildConfigurations = (
				1EB32D9D27298CE700A14EE9 /* Debug */,
				1EB32D9E27298CE700A14EE9 /* Release */,
			);
			defaultConfigurationIsVisible = 0;
			defaultConfigurationName = Release;
		};
		1EB32D9F27298CE700A14EE9 /* Build configuration list for PBXNativeTarget "Day 24 Firebase task" */ = {
			isa = XCConfigurationList;
			buildConfigurations = (
				1EB32DA027298CE700A14EE9 /* Debug */,
				1EB32DA127298CE700A14EE9 /* Release */,
			);
			defaultConfigurationIsVisible = 0;
			defaultConfigurationName = Release;
		};
/* End XCConfigurationList section */
	};
	rootObject = 1EB32D8327298CE200A14EE9 /* Project object */;
}
