// !$*UTF8*$!
{
	archiveVersion = 1;
	classes = {
	};
	objectVersion = 55;
	objects = {

/* Begin PBXBuildFile section */
		865EAF7E27297DBE00F00387 /* AppDelegate.swift in Sources */ = {isa = PBXBuildFile; fileRef = 865EAF7D27297DBE00F00387 /* AppDelegate.swift */; };
		865EAF8027297DBE00F00387 /* SceneDelegate.swift in Sources */ = {isa = PBXBuildFile; fileRef = 865EAF7F27297DBE00F00387 /* SceneDelegate.swift */; };
		865EAF8227297DBE00F00387 /* ViewController.swift in Sources */ = {isa = PBXBuildFile; fileRef = 865EAF8127297DBE00F00387 /* ViewController.swift */; };
		865EAF8727297DC100F00387 /* Assets.xcassets in Resources */ = {isa = PBXBuildFile; fileRef = 865EAF8627297DC100F00387 /* Assets.xcassets */; };
		865EAF8A27297DC100F00387 /* LaunchScreen.storyboard in Resources */ = {isa = PBXBuildFile; fileRef = 865EAF8827297DC100F00387 /* LaunchScreen.storyboard */; };
		865EAF92272981CF00F00387 /* GoogleService-Info.plist in Resources */ = {isa = PBXBuildFile; fileRef = 865EAF91272981CF00F00387 /* GoogleService-Info.plist */; };
		8689892F2729EB6600550D9A /* Algorithms in Frameworks */ = {isa = PBXBuildFile; productRef = 8689892E2729EB6600550D9A /* Algorithms */; };
		A1E2997FC6068C5D41FBF1B9 /* Pods_day24_FireBase.framework in Frameworks */ = {isa = PBXBuildFile; fileRef = 6C71CF26CB53877A6E60824D /* Pods_day24_FireBase.framework */; };
/* End PBXBuildFile section */

/* Begin PBXFileReference section */
		48AAC9C24A1E097EA998BACA /* Pods-day24-FireBase.release.xcconfig */ = {isa = PBXFileReference; includeInIndex = 1; lastKnownFileType = text.xcconfig; name = "Pods-day24-FireBase.release.xcconfig"; path = "Target Support Files/Pods-day24-FireBase/Pods-day24-FireBase.release.xcconfig"; sourceTree = "<group>"; };
		6C71CF26CB53877A6E60824D /* Pods_day24_FireBase.framework */ = {isa = PBXFileReference; explicitFileType = wrapper.framework; includeInIndex = 0; path = Pods_day24_FireBase.framework; sourceTree = BUILT_PRODUCTS_DIR; };
		865EAF7A27297DBE00F00387 /* day24-FireBase.app */ = {isa = PBXFileReference; explicitFileType = wrapper.application; includeInIndex = 0; path = "day24-FireBase.app"; sourceTree = BUILT_PRODUCTS_DIR; };
		865EAF7D27297DBE00F00387 /* AppDelegate.swift */ = {isa = PBXFileReference; lastKnownFileType = sourcecode.swift; path = AppDelegate.swift; sourceTree = "<group>"; };
		865EAF7F27297DBE00F00387 /* SceneDelegate.swift */ = {isa = PBXFileReference; lastKnownFileType = sourcecode.swift; path = SceneDelegate.swift; sourceTree = "<group>"; };
		865EAF8127297DBE00F00387 /* ViewController.swift */ = {isa = PBXFileReference; lastKnownFileType = sourcecode.swift; path = ViewController.swift; sourceTree = "<group>"; };
		865EAF8627297DC100F00387 /* Assets.xcassets */ = {isa = PBXFileReference; lastKnownFileType = folder.assetcatalog; path = Assets.xcassets; sourceTree = "<group>"; };
		865EAF8927297DC100F00387 /* Base */ = {isa = PBXFileReference; lastKnownFileType = file.storyboard; name = Base; path = Base.lproj/LaunchScreen.storyboard; sourceTree = "<group>"; };
		865EAF8B27297DC100F00387 /* Info.plist */ = {isa = PBXFileReference; lastKnownFileType = text.plist.xml; path = Info.plist; sourceTree = "<group>"; };
		865EAF91272981CF00F00387 /* GoogleService-Info.plist */ = {isa = PBXFileReference; fileEncoding = 4; lastKnownFileType = text.plist.xml; path = "GoogleService-Info.plist"; sourceTree = "<group>"; };
		908242AB5207863C700B38D9 /* Pods-day24-FireBase.debug.xcconfig */ = {isa = PBXFileReference; includeInIndex = 1; lastKnownFileType = text.xcconfig; name = "Pods-day24-FireBase.debug.xcconfig"; path = "Target Support Files/Pods-day24-FireBase/Pods-day24-FireBase.debug.xcconfig"; sourceTree = "<group>"; };
/* End PBXFileReference section */

/* Begin PBXFrameworksBuildPhase section */
		865EAF7727297DBE00F00387 /* Frameworks */ = {
			isa = PBXFrameworksBuildPhase;
			buildActionMask = 2147483647;
			files = (
				8689892F2729EB6600550D9A /* Algorithms in Frameworks */,
				A1E2997FC6068C5D41FBF1B9 /* Pods_day24_FireBase.framework in Frameworks */,
			);
			runOnlyForDeploymentPostprocessing = 0;
		};
/* End PBXFrameworksBuildPhase section */

/* Begin PBXGroup section */
		18467AD1F6E1492ED05C0621 /* Frameworks */ = {
			isa = PBXGroup;
			children = (
				6C71CF26CB53877A6E60824D /* Pods_day24_FireBase.framework */,
			);
			name = Frameworks;
			sourceTree = "<group>";
		};
		84EB78F4BDDE4C5AE5DC2641 /* Pods */ = {
			isa = PBXGroup;
			children = (
				908242AB5207863C700B38D9 /* Pods-day24-FireBase.debug.xcconfig */,
				48AAC9C24A1E097EA998BACA /* Pods-day24-FireBase.release.xcconfig */,
			);
			path = Pods;
			sourceTree = "<group>";
		};
		865EAF7127297DBE00F00387 = {
			isa = PBXGroup;
			children = (
				865EAF7C27297DBE00F00387 /* day24-FireBase */,
				865EAF7B27297DBE00F00387 /* Products */,
				84EB78F4BDDE4C5AE5DC2641 /* Pods */,
				18467AD1F6E1492ED05C0621 /* Frameworks */,
			);
			sourceTree = "<group>";
		};
		865EAF7B27297DBE00F00387 /* Products */ = {
			isa = PBXGroup;
			children = (
				865EAF7A27297DBE00F00387 /* day24-FireBase.app */,
			);
			name = Products;
			sourceTree = "<group>";
		};
		865EAF7C27297DBE00F00387 /* day24-FireBase */ = {
			isa = PBXGroup;
			children = (
				865EAF91272981CF00F00387 /* GoogleService-Info.plist */,
				865EAF7D27297DBE00F00387 /* AppDelegate.swift */,
				865EAF7F27297DBE00F00387 /* SceneDelegate.swift */,
				865EAF8127297DBE00F00387 /* ViewController.swift */,
				865EAF8627297DC100F00387 /* Assets.xcassets */,
				865EAF8827297DC100F00387 /* LaunchScreen.storyboard */,
				865EAF8B27297DC100F00387 /* Info.plist */,
			);
			path = "day24-FireBase";
			sourceTree = "<group>";
		};
/* End PBXGroup section */

/* Begin PBXNativeTarget section */
		865EAF7927297DBE00F00387 /* day24-FireBase */ = {
			isa = PBXNativeTarget;
			buildConfigurationList = 865EAF8E27297DC100F00387 /* Build configuration list for PBXNativeTarget "day24-FireBase" */;
			buildPhases = (
				652F73097FA3EBB0A3B1A633 /* [CP] Check Pods Manifest.lock */,
				865EAF7627297DBE00F00387 /* Sources */,
				865EAF7727297DBE00F00387 /* Frameworks */,
				865EAF7827297DBE00F00387 /* Resources */,
				4E4547C0AC3FABEB27D5F42D /* [CP] Embed Pods Frameworks */,
			);
			buildRules = (
			);
			dependencies = (
			);
			name = "day24-FireBase";
			packageProductDependencies = (
				8689892E2729EB6600550D9A /* Algorithms */,
			);
			productName = "day24-FireBase";
			productReference = 865EAF7A27297DBE00F00387 /* day24-FireBase.app */;
			productType = "com.apple.product-type.application";
		};
/* End PBXNativeTarget section */

/* Begin PBXProject section */
		865EAF7227297DBE00F00387 /* Project object */ = {
			isa = PBXProject;
			attributes = {
				BuildIndependentTargetsInParallel = 1;
				LastSwiftUpdateCheck = 1300;
				LastUpgradeCheck = 1300;
				TargetAttributes = {
					865EAF7927297DBE00F00387 = {
						CreatedOnToolsVersion = 13.0;
					};
				};
			};
			buildConfigurationList = 865EAF7527297DBE00F00387 /* Build configuration list for PBXProject "day24-FireBase" */;
			compatibilityVersion = "Xcode 13.0";
			developmentRegion = en;
			hasScannedForEncodings = 0;
			knownRegions = (
				en,
				Base,
			);
			mainGroup = 865EAF7127297DBE00F00387;
			packageReferences = (
				8689892D2729EB6600550D9A /* XCRemoteSwiftPackageReference "swift-algorithms" */,
			);
			productRefGroup = 865EAF7B27297DBE00F00387 /* Products */;
			projectDirPath = "";
			projectRoot = "";
			targets = (
				865EAF7927297DBE00F00387 /* day24-FireBase */,
			);
		};
/* End PBXProject section */

/* Begin PBXResourcesBuildPhase section */
		865EAF7827297DBE00F00387 /* Resources */ = {
			isa = PBXResourcesBuildPhase;
			buildActionMask = 2147483647;
			files = (
				865EAF8A27297DC100F00387 /* LaunchScreen.storyboard in Resources */,
				865EAF92272981CF00F00387 /* GoogleService-Info.plist in Resources */,
				865EAF8727297DC100F00387 /* Assets.xcassets in Resources */,
			);
			runOnlyForDeploymentPostprocessing = 0;
		};
/* End PBXResourcesBuildPhase section */

/* Begin PBXShellScriptBuildPhase section */
		4E4547C0AC3FABEB27D5F42D /* [CP] Embed Pods Frameworks */ = {
			isa = PBXShellScriptBuildPhase;
			buildActionMask = 2147483647;
			files = (
			);
			inputFileListPaths = (
				"${PODS_ROOT}/Target Support Files/Pods-day24-FireBase/Pods-day24-FireBase-frameworks-${CONFIGURATION}-input-files.xcfilelist",
			);
			name = "[CP] Embed Pods Frameworks";
			outputFileListPaths = (
				"${PODS_ROOT}/Target Support Files/Pods-day24-FireBase/Pods-day24-FireBase-frameworks-${CONFIGURATION}-output-files.xcfilelist",
			);
			runOnlyForDeploymentPostprocessing = 0;
			shellPath = /bin/sh;
			shellScript = "\"${PODS_ROOT}/Target Support Files/Pods-day24-FireBase/Pods-day24-FireBase-frameworks.sh\"\n";
			showEnvVarsInLog = 0;
		};
		652F73097FA3EBB0A3B1A633 /* [CP] Check Pods Manifest.lock */ = {
			isa = PBXShellScriptBuildPhase;
			buildActionMask = 2147483647;
			files = (
			);
			inputFileListPaths = (
			);
			inputPaths = (
				"${PODS_PODFILE_DIR_PATH}/Podfile.lock",
				"${PODS_ROOT}/Manifest.lock",
			);
			name = "[CP] Check Pods Manifest.lock";
			outputFileListPaths = (
			);
			outputPaths = (
				"$(DERIVED_FILE_DIR)/Pods-day24-FireBase-checkManifestLockResult.txt",
			);
			runOnlyForDeploymentPostprocessing = 0;
			shellPath = /bin/sh;
			shellScript = "diff \"${PODS_PODFILE_DIR_PATH}/Podfile.lock\" \"${PODS_ROOT}/Manifest.lock\" > /dev/null\nif [ $? != 0 ] ; then\n    # print error to STDERR\n    echo \"error: The sandbox is not in sync with the Podfile.lock. Run 'pod install' or update your CocoaPods installation.\" >&2\n    exit 1\nfi\n# This output is used by Xcode 'outputs' to avoid re-running this script phase.\necho \"SUCCESS\" > \"${SCRIPT_OUTPUT_FILE_0}\"\n";
			showEnvVarsInLog = 0;
		};
/* End PBXShellScriptBuildPhase section */

/* Begin PBXSourcesBuildPhase section */
		865EAF7627297DBE00F00387 /* Sources */ = {
			isa = PBXSourcesBuildPhase;
			buildActionMask = 2147483647;
			files = (
				865EAF8227297DBE00F00387 /* ViewController.swift in Sources */,
				865EAF7E27297DBE00F00387 /* AppDelegate.swift in Sources */,
				865EAF8027297DBE00F00387 /* SceneDelegate.swift in Sources */,
			);
			runOnlyForDeploymentPostprocessing = 0;
		};
/* End PBXSourcesBuildPhase section */

/* Begin PBXVariantGroup section */
		865EAF8827297DC100F00387 /* LaunchScreen.storyboard */ = {
			isa = PBXVariantGroup;
			children = (
				865EAF8927297DC100F00387 /* Base */,
			);
			name = LaunchScreen.storyboard;
			sourceTree = "<group>";
		};
/* End PBXVariantGroup section */

/* Begin XCBuildConfiguration section */
		865EAF8C27297DC100F00387 /* Debug */ = {
			isa = XCBuildConfiguration;
			buildSettings = {
				ALWAYS_SEARCH_USER_PATHS = NO;
				CLANG_ANALYZER_NONNULL = YES;
				CLANG_ANALYZER_NUMBER_OBJECT_CONVERSION = YES_AGGRESSIVE;
				CLANG_CXX_LANGUAGE_STANDARD = "gnu++17";
				CLANG_CXX_LIBRARY = "libc++";
				CLANG_ENABLE_MODULES = YES;
				CLANG_ENABLE_OBJC_ARC = YES;
				CLANG_ENABLE_OBJC_WEAK = YES;
				CLANG_WARN_BLOCK_CAPTURE_AUTORELEASING = YES;
				CLANG_WARN_BOOL_CONVERSION = YES;
				CLANG_WARN_COMMA = YES;
				CLANG_WARN_CONSTANT_CONVERSION = YES;
				CLANG_WARN_DEPRECATED_OBJC_IMPLEMENTATIONS = YES;
				CLANG_WARN_DIRECT_OBJC_ISA_USAGE = YES_ERROR;
				CLANG_WARN_DOCUMENTATION_COMMENTS = YES;
				CLANG_WARN_EMPTY_BODY = YES;
				CLANG_WARN_ENUM_CONVERSION = YES;
				CLANG_WARN_INFINITE_RECURSION = YES;
				CLANG_WARN_INT_CONVERSION = YES;
				CLANG_WARN_NON_LITERAL_NULL_CONVERSION = YES;
				CLANG_WARN_OBJC_IMPLICIT_RETAIN_SELF = YES;
				CLANG_WARN_OBJC_LITERAL_CONVERSION = YES;
				CLANG_WARN_OBJC_ROOT_CLASS = YES_ERROR;
				CLANG_WARN_QUOTED_INCLUDE_IN_FRAMEWORK_HEADER = YES;
				CLANG_WARN_RANGE_LOOP_ANALYSIS = YES;
				CLANG_WARN_STRICT_PROTOTYPES = YES;
				CLANG_WARN_SUSPICIOUS_MOVE = YES;
				CLANG_WARN_UNGUARDED_AVAILABILITY = YES_AGGRESSIVE;
				CLANG_WARN_UNREACHABLE_CODE = YES;
				CLANG_WARN__DUPLICATE_METHOD_MATCH = YES;
				COPY_PHASE_STRIP = NO;
				DEBUG_INFORMATION_FORMAT = dwarf;
				ENABLE_STRICT_OBJC_MSGSEND = YES;
				ENABLE_TESTABILITY = YES;
				GCC_C_LANGUAGE_STANDARD = gnu11;
				GCC_DYNAMIC_NO_PIC = NO;
				GCC_NO_COMMON_BLOCKS = YES;
				GCC_OPTIMIZATION_LEVEL = 0;
				GCC_PREPROCESSOR_DEFINITIONS = (
					"DEBUG=1",
					"$(inherited)",
				);
				GCC_WARN_64_TO_32_BIT_CONVERSION = YES;
				GCC_WARN_ABOUT_RETURN_TYPE = YES_ERROR;
				GCC_WARN_UNDECLARED_SELECTOR = YES;
				GCC_WARN_UNINITIALIZED_AUTOS = YES_AGGRESSIVE;
				GCC_WARN_UNUSED_FUNCTION = YES;
				GCC_WARN_UNUSED_VARIABLE = YES;
				IPHONEOS_DEPLOYMENT_TARGET = 15.0;
				MTL_ENABLE_DEBUG_INFO = INCLUDE_SOURCE;
				MTL_FAST_MATH = YES;
				ONLY_ACTIVE_ARCH = YES;
				SDKROOT = iphoneos;
				SWIFT_ACTIVE_COMPILATION_CONDITIONS = DEBUG;
				SWIFT_OPTIMIZATION_LEVEL = "-Onone";
			};
			name = Debug;
		};
		865EAF8D27297DC100F00387 /* Release */ = {
			isa = XCBuildConfiguration;
			buildSettings = {
				ALWAYS_SEARCH_USER_PATHS = NO;
				CLANG_ANALYZER_NONNULL = YES;
				CLANG_ANALYZER_NUMBER_OBJECT_CONVERSION = YES_AGGRESSIVE;
				CLANG_CXX_LANGUAGE_STANDARD = "gnu++17";
				CLANG_CXX_LIBRARY = "libc++";
				CLANG_ENABLE_MODULES = YES;
				CLANG_ENABLE_OBJC_ARC = YES;
				CLANG_ENABLE_OBJC_WEAK = YES;
				CLANG_WARN_BLOCK_CAPTURE_AUTORELEASING = YES;
				CLANG_WARN_BOOL_CONVERSION = YES;
				CLANG_WARN_COMMA = YES;
				CLANG_WARN_CONSTANT_CONVERSION = YES;
				CLANG_WARN_DEPRECATED_OBJC_IMPLEMENTATIONS = YES;
				CLANG_WARN_DIRECT_OBJC_ISA_USAGE = YES_ERROR;
				CLANG_WARN_DOCUMENTATION_COMMENTS = YES;
				CLANG_WARN_EMPTY_BODY = YES;
				CLANG_WARN_ENUM_CONVERSION = YES;
				CLANG_WARN_INFINITE_RECURSION = YES;
				CLANG_WARN_INT_CONVERSION = YES;
				CLANG_WARN_NON_LITERAL_NULL_CONVERSION = YES;
				CLANG_WARN_OBJC_IMPLICIT_RETAIN_SELF = YES;
				CLANG_WARN_OBJC_LITERAL_CONVERSION = YES;
				CLANG_WARN_OBJC_ROOT_CLASS = YES_ERROR;
				CLANG_WARN_QUOTED_INCLUDE_IN_FRAMEWORK_HEADER = YES;
				CLANG_WARN_RANGE_LOOP_ANALYSIS = YES;
				CLANG_WARN_STRICT_PROTOTYPES = YES;
				CLANG_WARN_SUSPICIOUS_MOVE = YES;
				CLANG_WARN_UNGUARDED_AVAILABILITY = YES_AGGRESSIVE;
				CLANG_WARN_UNREACHABLE_CODE = YES;
				CLANG_WARN__DUPLICATE_METHOD_MATCH = YES;
				COPY_PHASE_STRIP = NO;
				DEBUG_INFORMATION_FORMAT = "dwarf-with-dsym";
				ENABLE_NS_ASSERTIONS = NO;
				ENABLE_STRICT_OBJC_MSGSEND = YES;
				GCC_C_LANGUAGE_STANDARD = gnu11;
				GCC_NO_COMMON_BLOCKS = YES;
				GCC_WARN_64_TO_32_BIT_CONVERSION = YES;
				GCC_WARN_ABOUT_RETURN_TYPE = YES_ERROR;
				GCC_WARN_UNDECLARED_SELECTOR = YES;
				GCC_WARN_UNINITIALIZED_AUTOS = YES_AGGRESSIVE;
				GCC_WARN_UNUSED_FUNCTION = YES;
				GCC_WARN_UNUSED_VARIABLE = YES;
				IPHONEOS_DEPLOYMENT_TARGET = 15.0;
				MTL_ENABLE_DEBUG_INFO = NO;
				MTL_FAST_MATH = YES;
				SDKROOT = iphoneos;
				SWIFT_COMPILATION_MODE = wholemodule;
				SWIFT_OPTIMIZATION_LEVEL = "-O";
				VALIDATE_PRODUCT = YES;
			};
			name = Release;
		};
		865EAF8F27297DC100F00387 /* Debug */ = {
			isa = XCBuildConfiguration;
			baseConfigurationReference = 908242AB5207863C700B38D9 /* Pods-day24-FireBase.debug.xcconfig */;
			buildSettings = {
				ASSETCATALOG_COMPILER_APPICON_NAME = AppIcon;
				ASSETCATALOG_COMPILER_GLOBAL_ACCENT_COLOR_NAME = AccentColor;
				CODE_SIGN_STYLE = Automatic;
				CURRENT_PROJECT_VERSION = 1;
				DEVELOPMENT_TEAM = 822RG578M9;
				GENERATE_INFOPLIST_FILE = YES;
				INFOPLIST_FILE = "day24-FireBase/Info.plist";
				INFOPLIST_KEY_UIApplicationSupportsIndirectInputEvents = YES;
				INFOPLIST_KEY_UILaunchStoryboardName = LaunchScreen;
				INFOPLIST_KEY_UISupportedInterfaceOrientations_iPad = "UIInterfaceOrientationPortrait UIInterfaceOrientationPortraitUpsideDown UIInterfaceOrientationLandscapeLeft UIInterfaceOrientationLandscapeRight";
				INFOPLIST_KEY_UISupportedInterfaceOrientations_iPhone = "UIInterfaceOrientationPortrait UIInterfaceOrientationLandscapeLeft UIInterfaceOrientationLandscapeRight";
				LD_RUNPATH_SEARCH_PATHS = (
					"$(inherited)",
					"@executable_path/Frameworks",
				);
				MARKETING_VERSION = 1.0;
				PRODUCT_BUNDLE_IDENTIFIER = "com.hanan.day24-FireBase";
				PRODUCT_NAME = "$(TARGET_NAME)";
				SWIFT_EMIT_LOC_STRINGS = YES;
				SWIFT_VERSION = 5.0;
				TARGETED_DEVICE_FAMILY = "1,2";
			};
			name = Debug;
		};
		865EAF9027297DC100F00387 /* Release */ = {
			isa = XCBuildConfiguration;
			baseConfigurationReference = 48AAC9C24A1E097EA998BACA /* Pods-day24-FireBase.release.xcconfig */;
			buildSettings = {
				ASSETCATALOG_COMPILER_APPICON_NAME = AppIcon;
				ASSETCATALOG_COMPILER_GLOBAL_ACCENT_COLOR_NAME = AccentColor;
				CODE_SIGN_STYLE = Automatic;
				CURRENT_PROJECT_VERSION = 1;
				DEVELOPMENT_TEAM = 822RG578M9;
				GENERATE_INFOPLIST_FILE = YES;
				INFOPLIST_FILE = "day24-FireBase/Info.plist";
				INFOPLIST_KEY_UIApplicationSupportsIndirectInputEvents = YES;
				INFOPLIST_KEY_UILaunchStoryboardName = LaunchScreen;
				INFOPLIST_KEY_UISupportedInterfaceOrientations_iPad = "UIInterfaceOrientationPortrait UIInterfaceOrientationPortraitUpsideDown UIInterfaceOrientationLandscapeLeft UIInterfaceOrientationLandscapeRight";
				INFOPLIST_KEY_UISupportedInterfaceOrientations_iPhone = "UIInterfaceOrientationPortrait UIInterfaceOrientationLandscapeLeft UIInterfaceOrientationLandscapeRight";
				LD_RUNPATH_SEARCH_PATHS = (
					"$(inherited)",
					"@executable_path/Frameworks",
				);
				MARKETING_VERSION = 1.0;
				PRODUCT_BUNDLE_IDENTIFIER = "com.hanan.day24-FireBase";
				PRODUCT_NAME = "$(TARGET_NAME)";
				SWIFT_EMIT_LOC_STRINGS = YES;
				SWIFT_VERSION = 5.0;
				TARGETED_DEVICE_FAMILY = "1,2";
			};
			name = Release;
		};
/* End XCBuildConfiguration section */

/* Begin XCConfigurationList section */
		865EAF7527297DBE00F00387 /* Build configuration list for PBXProject "day24-FireBase" */ = {
			isa = XCConfigurationList;
			buildConfigurations = (
				865EAF8C27297DC100F00387 /* Debug */,
				865EAF8D27297DC100F00387 /* Release */,
			);
			defaultConfigurationIsVisible = 0;
			defaultConfigurationName = Release;
		};
		865EAF8E27297DC100F00387 /* Build configuration list for PBXNativeTarget "day24-FireBase" */ = {
			isa = XCConfigurationList;
			buildConfigurations = (
				865EAF8F27297DC100F00387 /* Debug */,
				865EAF9027297DC100F00387 /* Release */,
			);
			defaultConfigurationIsVisible = 0;
			defaultConfigurationName = Release;
		};
/* End XCConfigurationList section */

/* Begin XCRemoteSwiftPackageReference section */
		8689892D2729EB6600550D9A /* XCRemoteSwiftPackageReference "swift-algorithms" */ = {
			isa = XCRemoteSwiftPackageReference;
			repositoryURL = "https://github.com/apple/swift-algorithms.git";
			requirement = {
				kind = upToNextMajorVersion;
				minimumVersion = 1.0.0;
			};
		};
/* End XCRemoteSwiftPackageReference section */

/* Begin XCSwiftPackageProductDependency section */
		8689892E2729EB6600550D9A /* Algorithms */ = {
			isa = XCSwiftPackageProductDependency;
			package = 8689892D2729EB6600550D9A /* XCRemoteSwiftPackageReference "swift-algorithms" */;
			productName = Algorithms;
		};
/* End XCSwiftPackageProductDependency section */
	};
	rootObject = 865EAF7227297DBE00F00387 /* Project object */;
}
