// !$*UTF8*$!
{
	archiveVersion = 1;
	classes = {
	};
	objectVersion = 55;
	objects = {

/* Begin PBXBuildFile section */
		49CBBE219BCF147321658226 /* Pods_lab24.framework in Frameworks */ = {isa = PBXBuildFile; fileRef = D91CC9BA44C658C74447D7A3 /* Pods_lab24.framework */; };
		B52AFE3E27297C79009BFB46 /* AppDelegate.swift in Sources */ = {isa = PBXBuildFile; fileRef = B52AFE3D27297C79009BFB46 /* AppDelegate.swift */; };
		B52AFE4027297C79009BFB46 /* SceneDelegate.swift in Sources */ = {isa = PBXBuildFile; fileRef = B52AFE3F27297C79009BFB46 /* SceneDelegate.swift */; };
		B52AFE4227297C79009BFB46 /* ViewController.swift in Sources */ = {isa = PBXBuildFile; fileRef = B52AFE4127297C79009BFB46 /* ViewController.swift */; };
		B52AFE4727297C7F009BFB46 /* Assets.xcassets in Resources */ = {isa = PBXBuildFile; fileRef = B52AFE4627297C7F009BFB46 /* Assets.xcassets */; };
		B52AFE4A27297C7F009BFB46 /* LaunchScreen.storyboard in Resources */ = {isa = PBXBuildFile; fileRef = B52AFE4827297C7F009BFB46 /* LaunchScreen.storyboard */; };
		B5EA749D2729918000950879 /* GoogleService-Info.plist in Resources */ = {isa = PBXBuildFile; fileRef = B5EA749C2729918000950879 /* GoogleService-Info.plist */; };
/* End PBXBuildFile section */

/* Begin PBXFileReference section */
		B52AFE3A27297C79009BFB46 /* lab24.app */ = {isa = PBXFileReference; explicitFileType = wrapper.application; includeInIndex = 0; path = lab24.app; sourceTree = BUILT_PRODUCTS_DIR; };
		B52AFE3D27297C79009BFB46 /* AppDelegate.swift */ = {isa = PBXFileReference; lastKnownFileType = sourcecode.swift; path = AppDelegate.swift; sourceTree = "<group>"; };
		B52AFE3F27297C79009BFB46 /* SceneDelegate.swift */ = {isa = PBXFileReference; lastKnownFileType = sourcecode.swift; path = SceneDelegate.swift; sourceTree = "<group>"; };
		B52AFE4127297C79009BFB46 /* ViewController.swift */ = {isa = PBXFileReference; lastKnownFileType = sourcecode.swift; path = ViewController.swift; sourceTree = "<group>"; };
		B52AFE4627297C7F009BFB46 /* Assets.xcassets */ = {isa = PBXFileReference; lastKnownFileType = folder.assetcatalog; path = Assets.xcassets; sourceTree = "<group>"; };
		B52AFE4927297C7F009BFB46 /* Base */ = {isa = PBXFileReference; lastKnownFileType = file.storyboard; name = Base; path = Base.lproj/LaunchScreen.storyboard; sourceTree = "<group>"; };
		B52AFE4B27297C7F009BFB46 /* Info.plist */ = {isa = PBXFileReference; lastKnownFileType = text.plist.xml; path = Info.plist; sourceTree = "<group>"; };
		B5EA749C2729918000950879 /* GoogleService-Info.plist */ = {isa = PBXFileReference; fileEncoding = 4; lastKnownFileType = text.plist.xml; path = "GoogleService-Info.plist"; sourceTree = "<group>"; };
		BAF1AD9360E3FC85073943E8 /* Pods-lab24.debug.xcconfig */ = {isa = PBXFileReference; includeInIndex = 1; lastKnownFileType = text.xcconfig; name = "Pods-lab24.debug.xcconfig"; path = "Target Support Files/Pods-lab24/Pods-lab24.debug.xcconfig"; sourceTree = "<group>"; };
		CC9FFC7505BED12FC8BC77EA /* Pods-lab24.release.xcconfig */ = {isa = PBXFileReference; includeInIndex = 1; lastKnownFileType = text.xcconfig; name = "Pods-lab24.release.xcconfig"; path = "Target Support Files/Pods-lab24/Pods-lab24.release.xcconfig"; sourceTree = "<group>"; };
		D91CC9BA44C658C74447D7A3 /* Pods_lab24.framework */ = {isa = PBXFileReference; explicitFileType = wrapper.framework; includeInIndex = 0; path = Pods_lab24.framework; sourceTree = BUILT_PRODUCTS_DIR; };
/* End PBXFileReference section */

/* Begin PBXFrameworksBuildPhase section */
		B52AFE3727297C79009BFB46 /* Frameworks */ = {
			isa = PBXFrameworksBuildPhase;
			buildActionMask = 2147483647;
			files = (
				49CBBE219BCF147321658226 /* Pods_lab24.framework in Frameworks */,
			);
			runOnlyForDeploymentPostprocessing = 0;
		};
/* End PBXFrameworksBuildPhase section */

/* Begin PBXGroup section */
		35B7BC0BC8E25EE7C369B4A0 /* Pods */ = {
			isa = PBXGroup;
			children = (
				BAF1AD9360E3FC85073943E8 /* Pods-lab24.debug.xcconfig */,
				CC9FFC7505BED12FC8BC77EA /* Pods-lab24.release.xcconfig */,
			);
			path = Pods;
			sourceTree = "<group>";
		};
		B52AFE3127297C79009BFB46 = {
			isa = PBXGroup;
			children = (
				B52AFE3C27297C79009BFB46 /* lab24 */,
				B52AFE3B27297C79009BFB46 /* Products */,
				35B7BC0BC8E25EE7C369B4A0 /* Pods */,
				E2B97635C48B8C8663E7B13C /* Frameworks */,
			);
			sourceTree = "<group>";
		};
		B52AFE3B27297C79009BFB46 /* Products */ = {
			isa = PBXGroup;
			children = (
				B52AFE3A27297C79009BFB46 /* lab24.app */,
			);
			name = Products;
			sourceTree = "<group>";
		};
		B52AFE3C27297C79009BFB46 /* lab24 */ = {
			isa = PBXGroup;
			children = (
				B5EA749C2729918000950879 /* GoogleService-Info.plist */,
				B52AFE3D27297C79009BFB46 /* AppDelegate.swift */,
				B52AFE3F27297C79009BFB46 /* SceneDelegate.swift */,
				B52AFE4127297C79009BFB46 /* ViewController.swift */,
				B52AFE4627297C7F009BFB46 /* Assets.xcassets */,
				B52AFE4827297C7F009BFB46 /* LaunchScreen.storyboard */,
				B52AFE4B27297C7F009BFB46 /* Info.plist */,
			);
			path = lab24;
			sourceTree = "<group>";
		};
		E2B97635C48B8C8663E7B13C /* Frameworks */ = {
			isa = PBXGroup;
			children = (
				D91CC9BA44C658C74447D7A3 /* Pods_lab24.framework */,
			);
			name = Frameworks;
			sourceTree = "<group>";
		};
/* End PBXGroup section */

/* Begin PBXNativeTarget section */
		B52AFE3927297C79009BFB46 /* lab24 */ = {
			isa = PBXNativeTarget;
			buildConfigurationList = B52AFE4E27297C7F009BFB46 /* Build configuration list for PBXNativeTarget "lab24" */;
			buildPhases = (
				D39638EA26987CB2F8765F4E /* [CP] Check Pods Manifest.lock */,
				B52AFE3627297C79009BFB46 /* Sources */,
				B52AFE3727297C79009BFB46 /* Frameworks */,
				B52AFE3827297C79009BFB46 /* Resources */,
				EB39798683B7C5777DA3DEAD /* [CP] Embed Pods Frameworks */,
			);
			buildRules = (
			);
			dependencies = (
			);
			name = lab24;
			productName = lab24;
			productReference = B52AFE3A27297C79009BFB46 /* lab24.app */;
			productType = "com.apple.product-type.application";
		};
/* End PBXNativeTarget section */

/* Begin PBXProject section */
		B52AFE3227297C79009BFB46 /* Project object */ = {
			isa = PBXProject;
			attributes = {
				BuildIndependentTargetsInParallel = 1;
				LastSwiftUpdateCheck = 1300;
				LastUpgradeCheck = 1300;
				TargetAttributes = {
					B52AFE3927297C79009BFB46 = {
						CreatedOnToolsVersion = 13.0;
					};
				};
			};
			buildConfigurationList = B52AFE3527297C79009BFB46 /* Build configuration list for PBXProject "lab24" */;
			compatibilityVersion = "Xcode 13.0";
			developmentRegion = en;
			hasScannedForEncodings = 0;
			knownRegions = (
				en,
				Base,
			);
			mainGroup = B52AFE3127297C79009BFB46;
			productRefGroup = B52AFE3B27297C79009BFB46 /* Products */;
			projectDirPath = "";
			projectRoot = "";
			targets = (
				B52AFE3927297C79009BFB46 /* lab24 */,
			);
		};
/* End PBXProject section */

/* Begin PBXResourcesBuildPhase section */
		B52AFE3827297C79009BFB46 /* Resources */ = {
			isa = PBXResourcesBuildPhase;
			buildActionMask = 2147483647;
			files = (
				B52AFE4A27297C7F009BFB46 /* LaunchScreen.storyboard in Resources */,
				B5EA749D2729918000950879 /* GoogleService-Info.plist in Resources */,
				B52AFE4727297C7F009BFB46 /* Assets.xcassets in Resources */,
			);
			runOnlyForDeploymentPostprocessing = 0;
		};
/* End PBXResourcesBuildPhase section */

/* Begin PBXShellScriptBuildPhase section */
		D39638EA26987CB2F8765F4E /* [CP] Check Pods Manifest.lock */ = {
			isa = PBXShellScriptBuildPhase;
			buildActionMask = 2147483647;
			files = (
			);
			inputFileListPaths = (
			);
			inputPaths = (
				"${PODS_PODFILE_DIR_PATH}/Podfile.lock",
				"${PODS_ROOT}/Manifest.lock",
			);
			name = "[CP] Check Pods Manifest.lock";
			outputFileListPaths = (
			);
			outputPaths = (
				"$(DERIVED_FILE_DIR)/Pods-lab24-checkManifestLockResult.txt",
			);
			runOnlyForDeploymentPostprocessing = 0;
			shellPath = /bin/sh;
			shellScript = "diff \"${PODS_PODFILE_DIR_PATH}/Podfile.lock\" \"${PODS_ROOT}/Manifest.lock\" > /dev/null\nif [ $? != 0 ] ; then\n    # print error to STDERR\n    echo \"error: The sandbox is not in sync with the Podfile.lock. Run 'pod install' or update your CocoaPods installation.\" >&2\n    exit 1\nfi\n# This output is used by Xcode 'outputs' to avoid re-running this script phase.\necho \"SUCCESS\" > \"${SCRIPT_OUTPUT_FILE_0}\"\n";
			showEnvVarsInLog = 0;
		};
		EB39798683B7C5777DA3DEAD /* [CP] Embed Pods Frameworks */ = {
			isa = PBXShellScriptBuildPhase;
			buildActionMask = 2147483647;
			files = (
			);
			inputFileListPaths = (
				"${PODS_ROOT}/Target Support Files/Pods-lab24/Pods-lab24-frameworks-${CONFIGURATION}-input-files.xcfilelist",
			);
			name = "[CP] Embed Pods Frameworks";
			outputFileListPaths = (
				"${PODS_ROOT}/Target Support Files/Pods-lab24/Pods-lab24-frameworks-${CONFIGURATION}-output-files.xcfilelist",
			);
			runOnlyForDeploymentPostprocessing = 0;
			shellPath = /bin/sh;
			shellScript = "\"${PODS_ROOT}/Target Support Files/Pods-lab24/Pods-lab24-frameworks.sh\"\n";
			showEnvVarsInLog = 0;
		};
/* End PBXShellScriptBuildPhase section */

/* Begin PBXSourcesBuildPhase section */
		B52AFE3627297C79009BFB46 /* Sources */ = {
			isa = PBXSourcesBuildPhase;
			buildActionMask = 2147483647;
			files = (
				B52AFE4227297C79009BFB46 /* ViewController.swift in Sources */,
				B52AFE3E27297C79009BFB46 /* AppDelegate.swift in Sources */,
				B52AFE4027297C79009BFB46 /* SceneDelegate.swift in Sources */,
			);
			runOnlyForDeploymentPostprocessing = 0;
		};
/* End PBXSourcesBuildPhase section */

/* Begin PBXVariantGroup section */
		B52AFE4827297C7F009BFB46 /* LaunchScreen.storyboard */ = {
			isa = PBXVariantGroup;
			children = (
				B52AFE4927297C7F009BFB46 /* Base */,
			);
			name = LaunchScreen.storyboard;
			sourceTree = "<group>";
		};
/* End PBXVariantGroup section */

/* Begin XCBuildConfiguration section */
		B52AFE4C27297C7F009BFB46 /* Debug */ = {
			isa = XCBuildConfiguration;
			buildSettings = {
				ALWAYS_SEARCH_USER_PATHS = NO;
				CLANG_ANALYZER_NONNULL = YES;
				CLANG_ANALYZER_NUMBER_OBJECT_CONVERSION = YES_AGGRESSIVE;
				CLANG_CXX_LANGUAGE_STANDARD = "gnu++17";
				CLANG_CXX_LIBRARY = "libc++";
				CLANG_ENABLE_MODULES = YES;
				CLANG_ENABLE_OBJC_ARC = YES;
				CLANG_ENABLE_OBJC_WEAK = YES;
				CLANG_WARN_BLOCK_CAPTURE_AUTORELEASING = YES;
				CLANG_WARN_BOOL_CONVERSION = YES;
				CLANG_WARN_COMMA = YES;
				CLANG_WARN_CONSTANT_CONVERSION = YES;
				CLANG_WARN_DEPRECATED_OBJC_IMPLEMENTATIONS = YES;
				CLANG_WARN_DIRECT_OBJC_ISA_USAGE = YES_ERROR;
				CLANG_WARN_DOCUMENTATION_COMMENTS = YES;
				CLANG_WARN_EMPTY_BODY = YES;
				CLANG_WARN_ENUM_CONVERSION = YES;
				CLANG_WARN_INFINITE_RECURSION = YES;
				CLANG_WARN_INT_CONVERSION = YES;
				CLANG_WARN_NON_LITERAL_NULL_CONVERSION = YES;
				CLANG_WARN_OBJC_IMPLICIT_RETAIN_SELF = YES;
				CLANG_WARN_OBJC_LITERAL_CONVERSION = YES;
				CLANG_WARN_OBJC_ROOT_CLASS = YES_ERROR;
				CLANG_WARN_QUOTED_INCLUDE_IN_FRAMEWORK_HEADER = YES;
				CLANG_WARN_RANGE_LOOP_ANALYSIS = YES;
				CLANG_WARN_STRICT_PROTOTYPES = YES;
				CLANG_WARN_SUSPICIOUS_MOVE = YES;
				CLANG_WARN_UNGUARDED_AVAILABILITY = YES_AGGRESSIVE;
				CLANG_WARN_UNREACHABLE_CODE = YES;
				CLANG_WARN__DUPLICATE_METHOD_MATCH = YES;
				COPY_PHASE_STRIP = NO;
				DEBUG_INFORMATION_FORMAT = dwarf;
				ENABLE_STRICT_OBJC_MSGSEND = YES;
				ENABLE_TESTABILITY = YES;
				GCC_C_LANGUAGE_STANDARD = gnu11;
				GCC_DYNAMIC_NO_PIC = NO;
				GCC_NO_COMMON_BLOCKS = YES;
				GCC_OPTIMIZATION_LEVEL = 0;
				GCC_PREPROCESSOR_DEFINITIONS = (
					"DEBUG=1",
					"$(inherited)",
				);
				GCC_WARN_64_TO_32_BIT_CONVERSION = YES;
				GCC_WARN_ABOUT_RETURN_TYPE = YES_ERROR;
				GCC_WARN_UNDECLARED_SELECTOR = YES;
				GCC_WARN_UNINITIALIZED_AUTOS = YES_AGGRESSIVE;
				GCC_WARN_UNUSED_FUNCTION = YES;
				GCC_WARN_UNUSED_VARIABLE = YES;
				IPHONEOS_DEPLOYMENT_TARGET = 15.0;
				MTL_ENABLE_DEBUG_INFO = INCLUDE_SOURCE;
				MTL_FAST_MATH = YES;
				ONLY_ACTIVE_ARCH = YES;
				SDKROOT = iphoneos;
				SWIFT_ACTIVE_COMPILATION_CONDITIONS = DEBUG;
				SWIFT_OPTIMIZATION_LEVEL = "-Onone";
			};
			name = Debug;
		};
		B52AFE4D27297C7F009BFB46 /* Release */ = {
			isa = XCBuildConfiguration;
			buildSettings = {
				ALWAYS_SEARCH_USER_PATHS = NO;
				CLANG_ANALYZER_NONNULL = YES;
				CLANG_ANALYZER_NUMBER_OBJECT_CONVERSION = YES_AGGRESSIVE;
				CLANG_CXX_LANGUAGE_STANDARD = "gnu++17";
				CLANG_CXX_LIBRARY = "libc++";
				CLANG_ENABLE_MODULES = YES;
				CLANG_ENABLE_OBJC_ARC = YES;
				CLANG_ENABLE_OBJC_WEAK = YES;
				CLANG_WARN_BLOCK_CAPTURE_AUTORELEASING = YES;
				CLANG_WARN_BOOL_CONVERSION = YES;
				CLANG_WARN_COMMA = YES;
				CLANG_WARN_CONSTANT_CONVERSION = YES;
				CLANG_WARN_DEPRECATED_OBJC_IMPLEMENTATIONS = YES;
				CLANG_WARN_DIRECT_OBJC_ISA_USAGE = YES_ERROR;
				CLANG_WARN_DOCUMENTATION_COMMENTS = YES;
				CLANG_WARN_EMPTY_BODY = YES;
				CLANG_WARN_ENUM_CONVERSION = YES;
				CLANG_WARN_INFINITE_RECURSION = YES;
				CLANG_WARN_INT_CONVERSION = YES;
				CLANG_WARN_NON_LITERAL_NULL_CONVERSION = YES;
				CLANG_WARN_OBJC_IMPLICIT_RETAIN_SELF = YES;
				CLANG_WARN_OBJC_LITERAL_CONVERSION = YES;
				CLANG_WARN_OBJC_ROOT_CLASS = YES_ERROR;
				CLANG_WARN_QUOTED_INCLUDE_IN_FRAMEWORK_HEADER = YES;
				CLANG_WARN_RANGE_LOOP_ANALYSIS = YES;
				CLANG_WARN_STRICT_PROTOTYPES = YES;
				CLANG_WARN_SUSPICIOUS_MOVE = YES;
				CLANG_WARN_UNGUARDED_AVAILABILITY = YES_AGGRESSIVE;
				CLANG_WARN_UNREACHABLE_CODE = YES;
				CLANG_WARN__DUPLICATE_METHOD_MATCH = YES;
				COPY_PHASE_STRIP = NO;
				DEBUG_INFORMATION_FORMAT = "dwarf-with-dsym";
				ENABLE_NS_ASSERTIONS = NO;
				ENABLE_STRICT_OBJC_MSGSEND = YES;
				GCC_C_LANGUAGE_STANDARD = gnu11;
				GCC_NO_COMMON_BLOCKS = YES;
				GCC_WARN_64_TO_32_BIT_CONVERSION = YES;
				GCC_WARN_ABOUT_RETURN_TYPE = YES_ERROR;
				GCC_WARN_UNDECLARED_SELECTOR = YES;
				GCC_WARN_UNINITIALIZED_AUTOS = YES_AGGRESSIVE;
				GCC_WARN_UNUSED_FUNCTION = YES;
				GCC_WARN_UNUSED_VARIABLE = YES;
				IPHONEOS_DEPLOYMENT_TARGET = 15.0;
				MTL_ENABLE_DEBUG_INFO = NO;
				MTL_FAST_MATH = YES;
				SDKROOT = iphoneos;
				SWIFT_COMPILATION_MODE = wholemodule;
				SWIFT_OPTIMIZATION_LEVEL = "-O";
				VALIDATE_PRODUCT = YES;
			};
			name = Release;
		};
		B52AFE4F27297C7F009BFB46 /* Debug */ = {
			isa = XCBuildConfiguration;
			baseConfigurationReference = BAF1AD9360E3FC85073943E8 /* Pods-lab24.debug.xcconfig */;
			buildSettings = {
				ASSETCATALOG_COMPILER_APPICON_NAME = AppIcon;
				ASSETCATALOG_COMPILER_GLOBAL_ACCENT_COLOR_NAME = AccentColor;
				CODE_SIGN_STYLE = Automatic;
				CURRENT_PROJECT_VERSION = 1;
				DEVELOPMENT_TEAM = 88QY68DD2P;
				GENERATE_INFOPLIST_FILE = YES;
				INFOPLIST_FILE = lab24/Info.plist;
				INFOPLIST_KEY_UIApplicationSupportsIndirectInputEvents = YES;
				INFOPLIST_KEY_UILaunchStoryboardName = LaunchScreen;
				INFOPLIST_KEY_UISupportedInterfaceOrientations_iPad = "UIInterfaceOrientationPortrait UIInterfaceOrientationPortraitUpsideDown UIInterfaceOrientationLandscapeLeft UIInterfaceOrientationLandscapeRight";
				INFOPLIST_KEY_UISupportedInterfaceOrientations_iPhone = "UIInterfaceOrientationPortrait UIInterfaceOrientationLandscapeLeft UIInterfaceOrientationLandscapeRight";
				LD_RUNPATH_SEARCH_PATHS = (
					"$(inherited)",
					"@executable_path/Frameworks",
				);
				MARKETING_VERSION = 1.0;
				PRODUCT_BUNDLE_IDENTIFIER = com.deemaalkamdi.lab24;
				PRODUCT_NAME = "$(TARGET_NAME)";
				SWIFT_EMIT_LOC_STRINGS = YES;
				SWIFT_VERSION = 5.0;
				TARGETED_DEVICE_FAMILY = "1,2";
			};
			name = Debug;
		};
		B52AFE5027297C7F009BFB46 /* Release */ = {
			isa = XCBuildConfiguration;
			baseConfigurationReference = CC9FFC7505BED12FC8BC77EA /* Pods-lab24.release.xcconfig */;
			buildSettings = {
				ASSETCATALOG_COMPILER_APPICON_NAME = AppIcon;
				ASSETCATALOG_COMPILER_GLOBAL_ACCENT_COLOR_NAME = AccentColor;
				CODE_SIGN_STYLE = Automatic;
				CURRENT_PROJECT_VERSION = 1;
				DEVELOPMENT_TEAM = 88QY68DD2P;
				GENERATE_INFOPLIST_FILE = YES;
				INFOPLIST_FILE = lab24/Info.plist;
				INFOPLIST_KEY_UIApplicationSupportsIndirectInputEvents = YES;
				INFOPLIST_KEY_UILaunchStoryboardName = LaunchScreen;
				INFOPLIST_KEY_UISupportedInterfaceOrientations_iPad = "UIInterfaceOrientationPortrait UIInterfaceOrientationPortraitUpsideDown UIInterfaceOrientationLandscapeLeft UIInterfaceOrientationLandscapeRight";
				INFOPLIST_KEY_UISupportedInterfaceOrientations_iPhone = "UIInterfaceOrientationPortrait UIInterfaceOrientationLandscapeLeft UIInterfaceOrientationLandscapeRight";
				LD_RUNPATH_SEARCH_PATHS = (
					"$(inherited)",
					"@executable_path/Frameworks",
				);
				MARKETING_VERSION = 1.0;
				PRODUCT_BUNDLE_IDENTIFIER = com.deemaalkamdi.lab24;
				PRODUCT_NAME = "$(TARGET_NAME)";
				SWIFT_EMIT_LOC_STRINGS = YES;
				SWIFT_VERSION = 5.0;
				TARGETED_DEVICE_FAMILY = "1,2";
			};
			name = Release;
		};
/* End XCBuildConfiguration section */

/* Begin XCConfigurationList section */
		B52AFE3527297C79009BFB46 /* Build configuration list for PBXProject "lab24" */ = {
			isa = XCConfigurationList;
			buildConfigurations = (
				B52AFE4C27297C7F009BFB46 /* Debug */,
				B52AFE4D27297C7F009BFB46 /* Release */,
			);
			defaultConfigurationIsVisible = 0;
			defaultConfigurationName = Release;
		};
		B52AFE4E27297C7F009BFB46 /* Build configuration list for PBXNativeTarget "lab24" */ = {
			isa = XCConfigurationList;
			buildConfigurations = (
				B52AFE4F27297C7F009BFB46 /* Debug */,
				B52AFE5027297C7F009BFB46 /* Release */,
			);
			defaultConfigurationIsVisible = 0;
			defaultConfigurationName = Release;
		};
/* End XCConfigurationList section */
	};
	rootObject = B52AFE3227297C79009BFB46 /* Project object */;
}
