// !$*UTF8*$!
{
	archiveVersion = 1;
	classes = {
	};
	objectVersion = 55;
	objects = {

/* Begin PBXBuildFile section */
		13D1BADA0A85BCFA6A1AD8E7 /* Pods_day24FairBase.framework in Frameworks */ = {isa = PBXBuildFile; fileRef = EDE41DCAFA4434B75CAEC6E7 /* Pods_day24FairBase.framework */; };
		5695CED627297DB4003C59A0 /* AppDelegate.swift in Sources */ = {isa = PBXBuildFile; fileRef = 5695CED527297DB4003C59A0 /* AppDelegate.swift */; };
		5695CED827297DB4003C59A0 /* SceneDelegate.swift in Sources */ = {isa = PBXBuildFile; fileRef = 5695CED727297DB4003C59A0 /* SceneDelegate.swift */; };
		5695CEDA27297DB4003C59A0 /* ViewController.swift in Sources */ = {isa = PBXBuildFile; fileRef = 5695CED927297DB4003C59A0 /* ViewController.swift */; };
		5695CEDD27297DB4003C59A0 /* Main.storyboard in Resources */ = {isa = PBXBuildFile; fileRef = 5695CEDB27297DB4003C59A0 /* Main.storyboard */; };
		5695CEDF27297DB9003C59A0 /* Assets.xcassets in Resources */ = {isa = PBXBuildFile; fileRef = 5695CEDE27297DB9003C59A0 /* Assets.xcassets */; };
		5695CEE227297DB9003C59A0 /* LaunchScreen.storyboard in Resources */ = {isa = PBXBuildFile; fileRef = 5695CEE027297DB9003C59A0 /* LaunchScreen.storyboard */; };
		5695CEEA27297F5D003C59A0 /* GoogleService-Info.plist in Resources */ = {isa = PBXBuildFile; fileRef = 5695CEE927297F5D003C59A0 /* GoogleService-Info.plist */; };
/* End PBXBuildFile section */

/* Begin PBXFileReference section */
		111D69A1BC6EBF3ED89BD47B /* Pods-day24FairBase.release.xcconfig */ = {isa = PBXFileReference; includeInIndex = 1; lastKnownFileType = text.xcconfig; name = "Pods-day24FairBase.release.xcconfig"; path = "Target Support Files/Pods-day24FairBase/Pods-day24FairBase.release.xcconfig"; sourceTree = "<group>"; };
		36DEF2A92454E8CC9D4FF890 /* Pods-day24FairBase.debug.xcconfig */ = {isa = PBXFileReference; includeInIndex = 1; lastKnownFileType = text.xcconfig; name = "Pods-day24FairBase.debug.xcconfig"; path = "Target Support Files/Pods-day24FairBase/Pods-day24FairBase.debug.xcconfig"; sourceTree = "<group>"; };
		5695CED227297DB4003C59A0 /* day24FairBase.app */ = {isa = PBXFileReference; explicitFileType = wrapper.application; includeInIndex = 0; path = day24FairBase.app; sourceTree = BUILT_PRODUCTS_DIR; };
		5695CED527297DB4003C59A0 /* AppDelegate.swift */ = {isa = PBXFileReference; lastKnownFileType = sourcecode.swift; path = AppDelegate.swift; sourceTree = "<group>"; };
		5695CED727297DB4003C59A0 /* SceneDelegate.swift */ = {isa = PBXFileReference; lastKnownFileType = sourcecode.swift; path = SceneDelegate.swift; sourceTree = "<group>"; };
		5695CED927297DB4003C59A0 /* ViewController.swift */ = {isa = PBXFileReference; lastKnownFileType = sourcecode.swift; path = ViewController.swift; sourceTree = "<group>"; };
		5695CEDC27297DB4003C59A0 /* Base */ = {isa = PBXFileReference; lastKnownFileType = file.storyboard; name = Base; path = Base.lproj/Main.storyboard; sourceTree = "<group>"; };
		5695CEDE27297DB9003C59A0 /* Assets.xcassets */ = {isa = PBXFileReference; lastKnownFileType = folder.assetcatalog; path = Assets.xcassets; sourceTree = "<group>"; };
		5695CEE127297DB9003C59A0 /* Base */ = {isa = PBXFileReference; lastKnownFileType = file.storyboard; name = Base; path = Base.lproj/LaunchScreen.storyboard; sourceTree = "<group>"; };
		5695CEE327297DB9003C59A0 /* Info.plist */ = {isa = PBXFileReference; lastKnownFileType = text.plist.xml; path = Info.plist; sourceTree = "<group>"; };
		5695CEE927297F5D003C59A0 /* GoogleService-Info.plist */ = {isa = PBXFileReference; fileEncoding = 4; lastKnownFileType = text.plist.xml; path = "GoogleService-Info.plist"; sourceTree = "<group>"; };
		EDE41DCAFA4434B75CAEC6E7 /* Pods_day24FairBase.framework */ = {isa = PBXFileReference; explicitFileType = wrapper.framework; includeInIndex = 0; path = Pods_day24FairBase.framework; sourceTree = BUILT_PRODUCTS_DIR; };
/* End PBXFileReference section */

/* Begin PBXFrameworksBuildPhase section */
		5695CECF27297DB4003C59A0 /* Frameworks */ = {
			isa = PBXFrameworksBuildPhase;
			buildActionMask = 2147483647;
			files = (
				13D1BADA0A85BCFA6A1AD8E7 /* Pods_day24FairBase.framework in Frameworks */,
			);
			runOnlyForDeploymentPostprocessing = 0;
		};
/* End PBXFrameworksBuildPhase section */

/* Begin PBXGroup section */
		0231E29F84A83CEB92CEA56E /* Pods */ = {
			isa = PBXGroup;
			children = (
				36DEF2A92454E8CC9D4FF890 /* Pods-day24FairBase.debug.xcconfig */,
				111D69A1BC6EBF3ED89BD47B /* Pods-day24FairBase.release.xcconfig */,
			);
			name = Pods;
			path = Pods;
			sourceTree = "<group>";
		};
		5695CEC927297DB4003C59A0 = {
			isa = PBXGroup;
			children = (
				5695CED427297DB4003C59A0 /* day24FairBase */,
				5695CED327297DB4003C59A0 /* Products */,
				0231E29F84A83CEB92CEA56E /* Pods */,
				583BC5258CE06017AD8A8979 /* Frameworks */,
			);
			sourceTree = "<group>";
		};
		5695CED327297DB4003C59A0 /* Products */ = {
			isa = PBXGroup;
			children = (
				5695CED227297DB4003C59A0 /* day24FairBase.app */,
			);
			name = Products;
			sourceTree = "<group>";
		};
		5695CED427297DB4003C59A0 /* day24FairBase */ = {
			isa = PBXGroup;
			children = (
				5695CEE927297F5D003C59A0 /* GoogleService-Info.plist */,
				5695CED527297DB4003C59A0 /* AppDelegate.swift */,
				5695CED727297DB4003C59A0 /* SceneDelegate.swift */,
				5695CED927297DB4003C59A0 /* ViewController.swift */,
				5695CEDB27297DB4003C59A0 /* Main.storyboard */,
				5695CEDE27297DB9003C59A0 /* Assets.xcassets */,
				5695CEE027297DB9003C59A0 /* LaunchScreen.storyboard */,
				5695CEE327297DB9003C59A0 /* Info.plist */,
			);
			path = day24FairBase;
			sourceTree = "<group>";
		};
		583BC5258CE06017AD8A8979 /* Frameworks */ = {
			isa = PBXGroup;
			children = (
				EDE41DCAFA4434B75CAEC6E7 /* Pods_day24FairBase.framework */,
			);
			name = Frameworks;
			sourceTree = "<group>";
		};
/* End PBXGroup section */

/* Begin PBXNativeTarget section */
		5695CED127297DB4003C59A0 /* day24FairBase */ = {
			isa = PBXNativeTarget;
			buildConfigurationList = 5695CEE627297DB9003C59A0 /* Build configuration list for PBXNativeTarget "day24FairBase" */;
			buildPhases = (
				EB80B9594082B9CB0A723636 /* [CP] Check Pods Manifest.lock */,
				5695CECE27297DB4003C59A0 /* Sources */,
				5695CECF27297DB4003C59A0 /* Frameworks */,
				5695CED027297DB4003C59A0 /* Resources */,
				D8A4D5E9591862AA3E96A5EE /* [CP] Embed Pods Frameworks */,
			);
			buildRules = (
			);
			dependencies = (
			);
			name = day24FairBase;
			productName = day24FairBase;
			productReference = 5695CED227297DB4003C59A0 /* day24FairBase.app */;
			productType = "com.apple.product-type.application";
		};
/* End PBXNativeTarget section */

/* Begin PBXProject section */
		5695CECA27297DB4003C59A0 /* Project object */ = {
			isa = PBXProject;
			attributes = {
				BuildIndependentTargetsInParallel = 1;
				LastSwiftUpdateCheck = 1300;
				LastUpgradeCheck = 1300;
				TargetAttributes = {
					5695CED127297DB4003C59A0 = {
						CreatedOnToolsVersion = 13.0;
					};
				};
			};
			buildConfigurationList = 5695CECD27297DB4003C59A0 /* Build configuration list for PBXProject "day24FairBase" */;
			compatibilityVersion = "Xcode 13.0";
			developmentRegion = en;
			hasScannedForEncodings = 0;
			knownRegions = (
				en,
				Base,
			);
			mainGroup = 5695CEC927297DB4003C59A0;
			productRefGroup = 5695CED327297DB4003C59A0 /* Products */;
			projectDirPath = "";
			projectRoot = "";
			targets = (
				5695CED127297DB4003C59A0 /* day24FairBase */,
			);
		};
/* End PBXProject section */

/* Begin PBXResourcesBuildPhase section */
		5695CED027297DB4003C59A0 /* Resources */ = {
			isa = PBXResourcesBuildPhase;
			buildActionMask = 2147483647;
			files = (
				5695CEE227297DB9003C59A0 /* LaunchScreen.storyboard in Resources */,
				5695CEEA27297F5D003C59A0 /* GoogleService-Info.plist in Resources */,
				5695CEDF27297DB9003C59A0 /* Assets.xcassets in Resources */,
				5695CEDD27297DB4003C59A0 /* Main.storyboard in Resources */,
			);
			runOnlyForDeploymentPostprocessing = 0;
		};
/* End PBXResourcesBuildPhase section */

/* Begin PBXShellScriptBuildPhase section */
		D8A4D5E9591862AA3E96A5EE /* [CP] Embed Pods Frameworks */ = {
			isa = PBXShellScriptBuildPhase;
			buildActionMask = 2147483647;
			files = (
			);
			inputFileListPaths = (
				"${PODS_ROOT}/Target Support Files/Pods-day24FairBase/Pods-day24FairBase-frameworks-${CONFIGURATION}-input-files.xcfilelist",
			);
			name = "[CP] Embed Pods Frameworks";
			outputFileListPaths = (
				"${PODS_ROOT}/Target Support Files/Pods-day24FairBase/Pods-day24FairBase-frameworks-${CONFIGURATION}-output-files.xcfilelist",
			);
			runOnlyForDeploymentPostprocessing = 0;
			shellPath = /bin/sh;
			shellScript = "\"${PODS_ROOT}/Target Support Files/Pods-day24FairBase/Pods-day24FairBase-frameworks.sh\"\n";
			showEnvVarsInLog = 0;
		};
		EB80B9594082B9CB0A723636 /* [CP] Check Pods Manifest.lock */ = {
			isa = PBXShellScriptBuildPhase;
			buildActionMask = 2147483647;
			files = (
			);
			inputFileListPaths = (
			);
			inputPaths = (
				"${PODS_PODFILE_DIR_PATH}/Podfile.lock",
				"${PODS_ROOT}/Manifest.lock",
			);
			name = "[CP] Check Pods Manifest.lock";
			outputFileListPaths = (
			);
			outputPaths = (
				"$(DERIVED_FILE_DIR)/Pods-day24FairBase-checkManifestLockResult.txt",
			);
			runOnlyForDeploymentPostprocessing = 0;
			shellPath = /bin/sh;
			shellScript = "diff \"${PODS_PODFILE_DIR_PATH}/Podfile.lock\" \"${PODS_ROOT}/Manifest.lock\" > /dev/null\nif [ $? != 0 ] ; then\n    # print error to STDERR\n    echo \"error: The sandbox is not in sync with the Podfile.lock. Run 'pod install' or update your CocoaPods installation.\" >&2\n    exit 1\nfi\n# This output is used by Xcode 'outputs' to avoid re-running this script phase.\necho \"SUCCESS\" > \"${SCRIPT_OUTPUT_FILE_0}\"\n";
			showEnvVarsInLog = 0;
		};
/* End PBXShellScriptBuildPhase section */

/* Begin PBXSourcesBuildPhase section */
		5695CECE27297DB4003C59A0 /* Sources */ = {
			isa = PBXSourcesBuildPhase;
			buildActionMask = 2147483647;
			files = (
				5695CEDA27297DB4003C59A0 /* ViewController.swift in Sources */,
				5695CED627297DB4003C59A0 /* AppDelegate.swift in Sources */,
				5695CED827297DB4003C59A0 /* SceneDelegate.swift in Sources */,
			);
			runOnlyForDeploymentPostprocessing = 0;
		};
/* End PBXSourcesBuildPhase section */

/* Begin PBXVariantGroup section */
		5695CEDB27297DB4003C59A0 /* Main.storyboard */ = {
			isa = PBXVariantGroup;
			children = (
				5695CEDC27297DB4003C59A0 /* Base */,
			);
			name = Main.storyboard;
			sourceTree = "<group>";
		};
		5695CEE027297DB9003C59A0 /* LaunchScreen.storyboard */ = {
			isa = PBXVariantGroup;
			children = (
				5695CEE127297DB9003C59A0 /* Base */,
			);
			name = LaunchScreen.storyboard;
			sourceTree = "<group>";
		};
/* End PBXVariantGroup section */

/* Begin XCBuildConfiguration section */
		5695CEE427297DB9003C59A0 /* Debug */ = {
			isa = XCBuildConfiguration;
			buildSettings = {
				ALWAYS_SEARCH_USER_PATHS = NO;
				CLANG_ANALYZER_NONNULL = YES;
				CLANG_ANALYZER_NUMBER_OBJECT_CONVERSION = YES_AGGRESSIVE;
				CLANG_CXX_LANGUAGE_STANDARD = "gnu++17";
				CLANG_CXX_LIBRARY = "libc++";
				CLANG_ENABLE_MODULES = YES;
				CLANG_ENABLE_OBJC_ARC = YES;
				CLANG_ENABLE_OBJC_WEAK = YES;
				CLANG_WARN_BLOCK_CAPTURE_AUTORELEASING = YES;
				CLANG_WARN_BOOL_CONVERSION = YES;
				CLANG_WARN_COMMA = YES;
				CLANG_WARN_CONSTANT_CONVERSION = YES;
				CLANG_WARN_DEPRECATED_OBJC_IMPLEMENTATIONS = YES;
				CLANG_WARN_DIRECT_OBJC_ISA_USAGE = YES_ERROR;
				CLANG_WARN_DOCUMENTATION_COMMENTS = YES;
				CLANG_WARN_EMPTY_BODY = YES;
				CLANG_WARN_ENUM_CONVERSION = YES;
				CLANG_WARN_INFINITE_RECURSION = YES;
				CLANG_WARN_INT_CONVERSION = YES;
				CLANG_WARN_NON_LITERAL_NULL_CONVERSION = YES;
				CLANG_WARN_OBJC_IMPLICIT_RETAIN_SELF = YES;
				CLANG_WARN_OBJC_LITERAL_CONVERSION = YES;
				CLANG_WARN_OBJC_ROOT_CLASS = YES_ERROR;
				CLANG_WARN_QUOTED_INCLUDE_IN_FRAMEWORK_HEADER = YES;
				CLANG_WARN_RANGE_LOOP_ANALYSIS = YES;
				CLANG_WARN_STRICT_PROTOTYPES = YES;
				CLANG_WARN_SUSPICIOUS_MOVE = YES;
				CLANG_WARN_UNGUARDED_AVAILABILITY = YES_AGGRESSIVE;
				CLANG_WARN_UNREACHABLE_CODE = YES;
				CLANG_WARN__DUPLICATE_METHOD_MATCH = YES;
				COPY_PHASE_STRIP = NO;
				DEBUG_INFORMATION_FORMAT = dwarf;
				ENABLE_STRICT_OBJC_MSGSEND = YES;
				ENABLE_TESTABILITY = YES;
				GCC_C_LANGUAGE_STANDARD = gnu11;
				GCC_DYNAMIC_NO_PIC = NO;
				GCC_NO_COMMON_BLOCKS = YES;
				GCC_OPTIMIZATION_LEVEL = 0;
				GCC_PREPROCESSOR_DEFINITIONS = (
					"DEBUG=1",
					"$(inherited)",
				);
				GCC_WARN_64_TO_32_BIT_CONVERSION = YES;
				GCC_WARN_ABOUT_RETURN_TYPE = YES_ERROR;
				GCC_WARN_UNDECLARED_SELECTOR = YES;
				GCC_WARN_UNINITIALIZED_AUTOS = YES_AGGRESSIVE;
				GCC_WARN_UNUSED_FUNCTION = YES;
				GCC_WARN_UNUSED_VARIABLE = YES;
				IPHONEOS_DEPLOYMENT_TARGET = 15.0;
				MTL_ENABLE_DEBUG_INFO = INCLUDE_SOURCE;
				MTL_FAST_MATH = YES;
				ONLY_ACTIVE_ARCH = YES;
				SDKROOT = iphoneos;
				SWIFT_ACTIVE_COMPILATION_CONDITIONS = DEBUG;
				SWIFT_OPTIMIZATION_LEVEL = "-Onone";
			};
			name = Debug;
		};
		5695CEE527297DB9003C59A0 /* Release */ = {
			isa = XCBuildConfiguration;
			buildSettings = {
				ALWAYS_SEARCH_USER_PATHS = NO;
				CLANG_ANALYZER_NONNULL = YES;
				CLANG_ANALYZER_NUMBER_OBJECT_CONVERSION = YES_AGGRESSIVE;
				CLANG_CXX_LANGUAGE_STANDARD = "gnu++17";
				CLANG_CXX_LIBRARY = "libc++";
				CLANG_ENABLE_MODULES = YES;
				CLANG_ENABLE_OBJC_ARC = YES;
				CLANG_ENABLE_OBJC_WEAK = YES;
				CLANG_WARN_BLOCK_CAPTURE_AUTORELEASING = YES;
				CLANG_WARN_BOOL_CONVERSION = YES;
				CLANG_WARN_COMMA = YES;
				CLANG_WARN_CONSTANT_CONVERSION = YES;
				CLANG_WARN_DEPRECATED_OBJC_IMPLEMENTATIONS = YES;
				CLANG_WARN_DIRECT_OBJC_ISA_USAGE = YES_ERROR;
				CLANG_WARN_DOCUMENTATION_COMMENTS = YES;
				CLANG_WARN_EMPTY_BODY = YES;
				CLANG_WARN_ENUM_CONVERSION = YES;
				CLANG_WARN_INFINITE_RECURSION = YES;
				CLANG_WARN_INT_CONVERSION = YES;
				CLANG_WARN_NON_LITERAL_NULL_CONVERSION = YES;
				CLANG_WARN_OBJC_IMPLICIT_RETAIN_SELF = YES;
				CLANG_WARN_OBJC_LITERAL_CONVERSION = YES;
				CLANG_WARN_OBJC_ROOT_CLASS = YES_ERROR;
				CLANG_WARN_QUOTED_INCLUDE_IN_FRAMEWORK_HEADER = YES;
				CLANG_WARN_RANGE_LOOP_ANALYSIS = YES;
				CLANG_WARN_STRICT_PROTOTYPES = YES;
				CLANG_WARN_SUSPICIOUS_MOVE = YES;
				CLANG_WARN_UNGUARDED_AVAILABILITY = YES_AGGRESSIVE;
				CLANG_WARN_UNREACHABLE_CODE = YES;
				CLANG_WARN__DUPLICATE_METHOD_MATCH = YES;
				COPY_PHASE_STRIP = NO;
				DEBUG_INFORMATION_FORMAT = "dwarf-with-dsym";
				ENABLE_NS_ASSERTIONS = NO;
				ENABLE_STRICT_OBJC_MSGSEND = YES;
				GCC_C_LANGUAGE_STANDARD = gnu11;
				GCC_NO_COMMON_BLOCKS = YES;
				GCC_WARN_64_TO_32_BIT_CONVERSION = YES;
				GCC_WARN_ABOUT_RETURN_TYPE = YES_ERROR;
				GCC_WARN_UNDECLARED_SELECTOR = YES;
				GCC_WARN_UNINITIALIZED_AUTOS = YES_AGGRESSIVE;
				GCC_WARN_UNUSED_FUNCTION = YES;
				GCC_WARN_UNUSED_VARIABLE = YES;
				IPHONEOS_DEPLOYMENT_TARGET = 15.0;
				MTL_ENABLE_DEBUG_INFO = NO;
				MTL_FAST_MATH = YES;
				SDKROOT = iphoneos;
				SWIFT_COMPILATION_MODE = wholemodule;
				SWIFT_OPTIMIZATION_LEVEL = "-O";
				VALIDATE_PRODUCT = YES;
			};
			name = Release;
		};
		5695CEE727297DB9003C59A0 /* Debug */ = {
			isa = XCBuildConfiguration;
			baseConfigurationReference = 36DEF2A92454E8CC9D4FF890 /* Pods-day24FairBase.debug.xcconfig */;
			buildSettings = {
				ASSETCATALOG_COMPILER_APPICON_NAME = AppIcon;
				ASSETCATALOG_COMPILER_GLOBAL_ACCENT_COLOR_NAME = AccentColor;
				CODE_SIGN_STYLE = Automatic;
				CURRENT_PROJECT_VERSION = 1;
				DEVELOPMENT_TEAM = 2VKRHK5LM7;
				GENERATE_INFOPLIST_FILE = YES;
				INFOPLIST_FILE = day24FairBase/Info.plist;
				INFOPLIST_KEY_UIApplicationSupportsIndirectInputEvents = YES;
				INFOPLIST_KEY_UILaunchStoryboardName = LaunchScreen;
				INFOPLIST_KEY_UIMainStoryboardFile = Main;
				INFOPLIST_KEY_UISupportedInterfaceOrientations_iPad = "UIInterfaceOrientationPortrait UIInterfaceOrientationPortraitUpsideDown UIInterfaceOrientationLandscapeLeft UIInterfaceOrientationLandscapeRight";
				INFOPLIST_KEY_UISupportedInterfaceOrientations_iPhone = "UIInterfaceOrientationPortrait UIInterfaceOrientationLandscapeLeft UIInterfaceOrientationLandscapeRight";
				LD_RUNPATH_SEARCH_PATHS = (
					"$(inherited)",
					"@executable_path/Frameworks",
				);
				MARKETING_VERSION = 1.0;
				PRODUCT_BUNDLE_IDENTIFIER = sara.sara.day24FairBase;
				PRODUCT_NAME = "$(TARGET_NAME)";
				SWIFT_EMIT_LOC_STRINGS = YES;
				SWIFT_VERSION = 5.0;
				TARGETED_DEVICE_FAMILY = "1,2";
			};
			name = Debug;
		};
		5695CEE827297DB9003C59A0 /* Release */ = {
			isa = XCBuildConfiguration;
			baseConfigurationReference = 111D69A1BC6EBF3ED89BD47B /* Pods-day24FairBase.release.xcconfig */;
			buildSettings = {
				ASSETCATALOG_COMPILER_APPICON_NAME = AppIcon;
				ASSETCATALOG_COMPILER_GLOBAL_ACCENT_COLOR_NAME = AccentColor;
				CODE_SIGN_STYLE = Automatic;
				CURRENT_PROJECT_VERSION = 1;
				DEVELOPMENT_TEAM = 2VKRHK5LM7;
				GENERATE_INFOPLIST_FILE = YES;
				INFOPLIST_FILE = day24FairBase/Info.plist;
				INFOPLIST_KEY_UIApplicationSupportsIndirectInputEvents = YES;
				INFOPLIST_KEY_UILaunchStoryboardName = LaunchScreen;
				INFOPLIST_KEY_UIMainStoryboardFile = Main;
				INFOPLIST_KEY_UISupportedInterfaceOrientations_iPad = "UIInterfaceOrientationPortrait UIInterfaceOrientationPortraitUpsideDown UIInterfaceOrientationLandscapeLeft UIInterfaceOrientationLandscapeRight";
				INFOPLIST_KEY_UISupportedInterfaceOrientations_iPhone = "UIInterfaceOrientationPortrait UIInterfaceOrientationLandscapeLeft UIInterfaceOrientationLandscapeRight";
				LD_RUNPATH_SEARCH_PATHS = (
					"$(inherited)",
					"@executable_path/Frameworks",
				);
				MARKETING_VERSION = 1.0;
				PRODUCT_BUNDLE_IDENTIFIER = sara.sara.day24FairBase;
				PRODUCT_NAME = "$(TARGET_NAME)";
				SWIFT_EMIT_LOC_STRINGS = YES;
				SWIFT_VERSION = 5.0;
				TARGETED_DEVICE_FAMILY = "1,2";
			};
			name = Release;
		};
/* End XCBuildConfiguration section */

/* Begin XCConfigurationList section */
		5695CECD27297DB4003C59A0 /* Build configuration list for PBXProject "day24FairBase" */ = {
			isa = XCConfigurationList;
			buildConfigurations = (
				5695CEE427297DB9003C59A0 /* Debug */,
				5695CEE527297DB9003C59A0 /* Release */,
			);
			defaultConfigurationIsVisible = 0;
			defaultConfigurationName = Release;
		};
		5695CEE627297DB9003C59A0 /* Build configuration list for PBXNativeTarget "day24FairBase" */ = {
			isa = XCConfigurationList;
			buildConfigurations = (
				5695CEE727297DB9003C59A0 /* Debug */,
				5695CEE827297DB9003C59A0 /* Release */,
			);
			defaultConfigurationIsVisible = 0;
			defaultConfigurationName = Release;
		};
/* End XCConfigurationList section */
	};
	rootObject = 5695CECA27297DB4003C59A0 /* Project object */;
}
