// !$*UTF8*$!
{
	archiveVersion = 1;
	classes = {
	};
	objectVersion = 55;
	objects = {

/* Begin PBXBuildFile section */
		320F6D4C16A3B57212477D93 /* Pods_dayy24.framework in Frameworks */ = {isa = PBXBuildFile; fileRef = 1B13C26F0F81532D0F0D95D7 /* Pods_dayy24.framework */; };
		5EEAC2C927298A9B00AB561C /* AppDelegate.swift in Sources */ = {isa = PBXBuildFile; fileRef = 5EEAC2C827298A9B00AB561C /* AppDelegate.swift */; };
		5EEAC2CB27298A9B00AB561C /* SceneDelegate.swift in Sources */ = {isa = PBXBuildFile; fileRef = 5EEAC2CA27298A9B00AB561C /* SceneDelegate.swift */; };
		5EEAC2CD27298A9B00AB561C /* ViewController.swift in Sources */ = {isa = PBXBuildFile; fileRef = 5EEAC2CC27298A9B00AB561C /* ViewController.swift */; };
		5EEAC2D227298A9C00AB561C /* Assets.xcassets in Resources */ = {isa = PBXBuildFile; fileRef = 5EEAC2D127298A9C00AB561C /* Assets.xcassets */; };
		5EEAC2D527298A9C00AB561C /* LaunchScreen.storyboard in Resources */ = {isa = PBXBuildFile; fileRef = 5EEAC2D327298A9C00AB561C /* LaunchScreen.storyboard */; };
		5EEAC2DD2729913E00AB561C /* GoogleService-Info.plist in Resources */ = {isa = PBXBuildFile; fileRef = 5EEAC2DC2729913E00AB561C /* GoogleService-Info.plist */; };
/* End PBXBuildFile section */

/* Begin PBXFileReference section */
		1B13C26F0F81532D0F0D95D7 /* Pods_dayy24.framework */ = {isa = PBXFileReference; explicitFileType = wrapper.framework; includeInIndex = 0; path = Pods_dayy24.framework; sourceTree = BUILT_PRODUCTS_DIR; };
		5EEAC2C527298A9B00AB561C /* dayy24.app */ = {isa = PBXFileReference; explicitFileType = wrapper.application; includeInIndex = 0; path = dayy24.app; sourceTree = BUILT_PRODUCTS_DIR; };
		5EEAC2C827298A9B00AB561C /* AppDelegate.swift */ = {isa = PBXFileReference; lastKnownFileType = sourcecode.swift; path = AppDelegate.swift; sourceTree = "<group>"; };
		5EEAC2CA27298A9B00AB561C /* SceneDelegate.swift */ = {isa = PBXFileReference; lastKnownFileType = sourcecode.swift; path = SceneDelegate.swift; sourceTree = "<group>"; };
		5EEAC2CC27298A9B00AB561C /* ViewController.swift */ = {isa = PBXFileReference; lastKnownFileType = sourcecode.swift; path = ViewController.swift; sourceTree = "<group>"; };
		5EEAC2D127298A9C00AB561C /* Assets.xcassets */ = {isa = PBXFileReference; lastKnownFileType = folder.assetcatalog; path = Assets.xcassets; sourceTree = "<group>"; };
		5EEAC2D427298A9C00AB561C /* Base */ = {isa = PBXFileReference; lastKnownFileType = file.storyboard; name = Base; path = Base.lproj/LaunchScreen.storyboard; sourceTree = "<group>"; };
		5EEAC2D627298A9C00AB561C /* Info.plist */ = {isa = PBXFileReference; lastKnownFileType = text.plist.xml; path = Info.plist; sourceTree = "<group>"; };
		5EEAC2DC2729913E00AB561C /* GoogleService-Info.plist */ = {isa = PBXFileReference; fileEncoding = 4; lastKnownFileType = text.plist.xml; path = "GoogleService-Info.plist"; sourceTree = "<group>"; };
		AFFA7E52DC8D1BBAEDB8E7B3 /* Pods-dayy24.debug.xcconfig */ = {isa = PBXFileReference; includeInIndex = 1; lastKnownFileType = text.xcconfig; name = "Pods-dayy24.debug.xcconfig"; path = "Target Support Files/Pods-dayy24/Pods-dayy24.debug.xcconfig"; sourceTree = "<group>"; };
		DB79EE51703E2D9583E8D1AC /* Pods-dayy24.release.xcconfig */ = {isa = PBXFileReference; includeInIndex = 1; lastKnownFileType = text.xcconfig; name = "Pods-dayy24.release.xcconfig"; path = "Target Support Files/Pods-dayy24/Pods-dayy24.release.xcconfig"; sourceTree = "<group>"; };
/* End PBXFileReference section */

/* Begin PBXFrameworksBuildPhase section */
		5EEAC2C227298A9B00AB561C /* Frameworks */ = {
			isa = PBXFrameworksBuildPhase;
			buildActionMask = 2147483647;
			files = (
				320F6D4C16A3B57212477D93 /* Pods_dayy24.framework in Frameworks */,
			);
			runOnlyForDeploymentPostprocessing = 0;
		};
/* End PBXFrameworksBuildPhase section */

/* Begin PBXGroup section */
		47E72D40A3964E43969E33E0 /* Frameworks */ = {
			isa = PBXGroup;
			children = (
				1B13C26F0F81532D0F0D95D7 /* Pods_dayy24.framework */,
			);
			name = Frameworks;
			sourceTree = "<group>";
		};
		5EEAC2BC27298A9B00AB561C = {
			isa = PBXGroup;
			children = (
				5EEAC2C727298A9B00AB561C /* dayy24 */,
				5EEAC2C627298A9B00AB561C /* Products */,
				9626FEE633AF117C26505D07 /* Pods */,
				47E72D40A3964E43969E33E0 /* Frameworks */,
			);
			sourceTree = "<group>";
		};
		5EEAC2C627298A9B00AB561C /* Products */ = {
			isa = PBXGroup;
			children = (
				5EEAC2C527298A9B00AB561C /* dayy24.app */,
			);
			name = Products;
			sourceTree = "<group>";
		};
		5EEAC2C727298A9B00AB561C /* dayy24 */ = {
			isa = PBXGroup;
			children = (
				5EEAC2DC2729913E00AB561C /* GoogleService-Info.plist */,
				5EEAC2C827298A9B00AB561C /* AppDelegate.swift */,
				5EEAC2CA27298A9B00AB561C /* SceneDelegate.swift */,
				5EEAC2CC27298A9B00AB561C /* ViewController.swift */,
				5EEAC2D127298A9C00AB561C /* Assets.xcassets */,
				5EEAC2D327298A9C00AB561C /* LaunchScreen.storyboard */,
				5EEAC2D627298A9C00AB561C /* Info.plist */,
			);
			path = dayy24;
			sourceTree = "<group>";
		};
		9626FEE633AF117C26505D07 /* Pods */ = {
			isa = PBXGroup;
			children = (
				AFFA7E52DC8D1BBAEDB8E7B3 /* Pods-dayy24.debug.xcconfig */,
				DB79EE51703E2D9583E8D1AC /* Pods-dayy24.release.xcconfig */,
			);
			path = Pods;
			sourceTree = "<group>";
		};
/* End PBXGroup section */

/* Begin PBXNativeTarget section */
		5EEAC2C427298A9B00AB561C /* dayy24 */ = {
			isa = PBXNativeTarget;
			buildConfigurationList = 5EEAC2D927298A9C00AB561C /* Build configuration list for PBXNativeTarget "dayy24" */;
			buildPhases = (
				0C8AEC6B784D52E439828985 /* [CP] Check Pods Manifest.lock */,
				5EEAC2C127298A9B00AB561C /* Sources */,
				5EEAC2C227298A9B00AB561C /* Frameworks */,
				5EEAC2C327298A9B00AB561C /* Resources */,
				1283FD4B06FF91C8488F1224 /* [CP] Embed Pods Frameworks */,
			);
			buildRules = (
			);
			dependencies = (
			);
			name = dayy24;
			productName = dayy24;
			productReference = 5EEAC2C527298A9B00AB561C /* dayy24.app */;
			productType = "com.apple.product-type.application";
		};
/* End PBXNativeTarget section */

/* Begin PBXProject section */
		5EEAC2BD27298A9B00AB561C /* Project object */ = {
			isa = PBXProject;
			attributes = {
				BuildIndependentTargetsInParallel = 1;
				LastSwiftUpdateCheck = 1300;
				LastUpgradeCheck = 1300;
				TargetAttributes = {
					5EEAC2C427298A9B00AB561C = {
						CreatedOnToolsVersion = 13.0;
					};
				};
			};
			buildConfigurationList = 5EEAC2C027298A9B00AB561C /* Build configuration list for PBXProject "dayy24" */;
			compatibilityVersion = "Xcode 13.0";
			developmentRegion = en;
			hasScannedForEncodings = 0;
			knownRegions = (
				en,
				Base,
			);
			mainGroup = 5EEAC2BC27298A9B00AB561C;
			productRefGroup = 5EEAC2C627298A9B00AB561C /* Products */;
			projectDirPath = "";
			projectRoot = "";
			targets = (
				5EEAC2C427298A9B00AB561C /* dayy24 */,
			);
		};
/* End PBXProject section */

/* Begin PBXResourcesBuildPhase section */
		5EEAC2C327298A9B00AB561C /* Resources */ = {
			isa = PBXResourcesBuildPhase;
			buildActionMask = 2147483647;
			files = (
				5EEAC2D527298A9C00AB561C /* LaunchScreen.storyboard in Resources */,
				5EEAC2DD2729913E00AB561C /* GoogleService-Info.plist in Resources */,
				5EEAC2D227298A9C00AB561C /* Assets.xcassets in Resources */,
			);
			runOnlyForDeploymentPostprocessing = 0;
		};
/* End PBXResourcesBuildPhase section */

/* Begin PBXShellScriptBuildPhase section */
		0C8AEC6B784D52E439828985 /* [CP] Check Pods Manifest.lock */ = {
			isa = PBXShellScriptBuildPhase;
			buildActionMask = 2147483647;
			files = (
			);
			inputFileListPaths = (
			);
			inputPaths = (
				"${PODS_PODFILE_DIR_PATH}/Podfile.lock",
				"${PODS_ROOT}/Manifest.lock",
			);
			name = "[CP] Check Pods Manifest.lock";
			outputFileListPaths = (
			);
			outputPaths = (
				"$(DERIVED_FILE_DIR)/Pods-dayy24-checkManifestLockResult.txt",
			);
			runOnlyForDeploymentPostprocessing = 0;
			shellPath = /bin/sh;
			shellScript = "diff \"${PODS_PODFILE_DIR_PATH}/Podfile.lock\" \"${PODS_ROOT}/Manifest.lock\" > /dev/null\nif [ $? != 0 ] ; then\n    # print error to STDERR\n    echo \"error: The sandbox is not in sync with the Podfile.lock. Run 'pod install' or update your CocoaPods installation.\" >&2\n    exit 1\nfi\n# This output is used by Xcode 'outputs' to avoid re-running this script phase.\necho \"SUCCESS\" > \"${SCRIPT_OUTPUT_FILE_0}\"\n";
			showEnvVarsInLog = 0;
		};
		1283FD4B06FF91C8488F1224 /* [CP] Embed Pods Frameworks */ = {
			isa = PBXShellScriptBuildPhase;
			buildActionMask = 2147483647;
			files = (
			);
			inputFileListPaths = (
				"${PODS_ROOT}/Target Support Files/Pods-dayy24/Pods-dayy24-frameworks-${CONFIGURATION}-input-files.xcfilelist",
			);
			name = "[CP] Embed Pods Frameworks";
			outputFileListPaths = (
				"${PODS_ROOT}/Target Support Files/Pods-dayy24/Pods-dayy24-frameworks-${CONFIGURATION}-output-files.xcfilelist",
			);
			runOnlyForDeploymentPostprocessing = 0;
			shellPath = /bin/sh;
			shellScript = "\"${PODS_ROOT}/Target Support Files/Pods-dayy24/Pods-dayy24-frameworks.sh\"\n";
			showEnvVarsInLog = 0;
		};
/* End PBXShellScriptBuildPhase section */

/* Begin PBXSourcesBuildPhase section */
		5EEAC2C127298A9B00AB561C /* Sources */ = {
			isa = PBXSourcesBuildPhase;
			buildActionMask = 2147483647;
			files = (
				5EEAC2CD27298A9B00AB561C /* ViewController.swift in Sources */,
				5EEAC2C927298A9B00AB561C /* AppDelegate.swift in Sources */,
				5EEAC2CB27298A9B00AB561C /* SceneDelegate.swift in Sources */,
			);
			runOnlyForDeploymentPostprocessing = 0;
		};
/* End PBXSourcesBuildPhase section */

/* Begin PBXVariantGroup section */
		5EEAC2D327298A9C00AB561C /* LaunchScreen.storyboard */ = {
			isa = PBXVariantGroup;
			children = (
				5EEAC2D427298A9C00AB561C /* Base */,
			);
			name = LaunchScreen.storyboard;
			sourceTree = "<group>";
		};
/* End PBXVariantGroup section */

/* Begin XCBuildConfiguration section */
		5EEAC2D727298A9C00AB561C /* Debug */ = {
			isa = XCBuildConfiguration;
			buildSettings = {
				ALWAYS_SEARCH_USER_PATHS = NO;
				CLANG_ANALYZER_NONNULL = YES;
				CLANG_ANALYZER_NUMBER_OBJECT_CONVERSION = YES_AGGRESSIVE;
				CLANG_CXX_LANGUAGE_STANDARD = "gnu++17";
				CLANG_CXX_LIBRARY = "libc++";
				CLANG_ENABLE_MODULES = YES;
				CLANG_ENABLE_OBJC_ARC = YES;
				CLANG_ENABLE_OBJC_WEAK = YES;
				CLANG_WARN_BLOCK_CAPTURE_AUTORELEASING = YES;
				CLANG_WARN_BOOL_CONVERSION = YES;
				CLANG_WARN_COMMA = YES;
				CLANG_WARN_CONSTANT_CONVERSION = YES;
				CLANG_WARN_DEPRECATED_OBJC_IMPLEMENTATIONS = YES;
				CLANG_WARN_DIRECT_OBJC_ISA_USAGE = YES_ERROR;
				CLANG_WARN_DOCUMENTATION_COMMENTS = YES;
				CLANG_WARN_EMPTY_BODY = YES;
				CLANG_WARN_ENUM_CONVERSION = YES;
				CLANG_WARN_INFINITE_RECURSION = YES;
				CLANG_WARN_INT_CONVERSION = YES;
				CLANG_WARN_NON_LITERAL_NULL_CONVERSION = YES;
				CLANG_WARN_OBJC_IMPLICIT_RETAIN_SELF = YES;
				CLANG_WARN_OBJC_LITERAL_CONVERSION = YES;
				CLANG_WARN_OBJC_ROOT_CLASS = YES_ERROR;
				CLANG_WARN_QUOTED_INCLUDE_IN_FRAMEWORK_HEADER = YES;
				CLANG_WARN_RANGE_LOOP_ANALYSIS = YES;
				CLANG_WARN_STRICT_PROTOTYPES = YES;
				CLANG_WARN_SUSPICIOUS_MOVE = YES;
				CLANG_WARN_UNGUARDED_AVAILABILITY = YES_AGGRESSIVE;
				CLANG_WARN_UNREACHABLE_CODE = YES;
				CLANG_WARN__DUPLICATE_METHOD_MATCH = YES;
				COPY_PHASE_STRIP = NO;
				DEBUG_INFORMATION_FORMAT = dwarf;
				ENABLE_STRICT_OBJC_MSGSEND = YES;
				ENABLE_TESTABILITY = YES;
				GCC_C_LANGUAGE_STANDARD = gnu11;
				GCC_DYNAMIC_NO_PIC = NO;
				GCC_NO_COMMON_BLOCKS = YES;
				GCC_OPTIMIZATION_LEVEL = 0;
				GCC_PREPROCESSOR_DEFINITIONS = (
					"DEBUG=1",
					"$(inherited)",
				);
				GCC_WARN_64_TO_32_BIT_CONVERSION = YES;
				GCC_WARN_ABOUT_RETURN_TYPE = YES_ERROR;
				GCC_WARN_UNDECLARED_SELECTOR = YES;
				GCC_WARN_UNINITIALIZED_AUTOS = YES_AGGRESSIVE;
				GCC_WARN_UNUSED_FUNCTION = YES;
				GCC_WARN_UNUSED_VARIABLE = YES;
				IPHONEOS_DEPLOYMENT_TARGET = 15.0;
				MTL_ENABLE_DEBUG_INFO = INCLUDE_SOURCE;
				MTL_FAST_MATH = YES;
				ONLY_ACTIVE_ARCH = YES;
				SDKROOT = iphoneos;
				SWIFT_ACTIVE_COMPILATION_CONDITIONS = DEBUG;
				SWIFT_OPTIMIZATION_LEVEL = "-Onone";
			};
			name = Debug;
		};
		5EEAC2D827298A9C00AB561C /* Release */ = {
			isa = XCBuildConfiguration;
			buildSettings = {
				ALWAYS_SEARCH_USER_PATHS = NO;
				CLANG_ANALYZER_NONNULL = YES;
				CLANG_ANALYZER_NUMBER_OBJECT_CONVERSION = YES_AGGRESSIVE;
				CLANG_CXX_LANGUAGE_STANDARD = "gnu++17";
				CLANG_CXX_LIBRARY = "libc++";
				CLANG_ENABLE_MODULES = YES;
				CLANG_ENABLE_OBJC_ARC = YES;
				CLANG_ENABLE_OBJC_WEAK = YES;
				CLANG_WARN_BLOCK_CAPTURE_AUTORELEASING = YES;
				CLANG_WARN_BOOL_CONVERSION = YES;
				CLANG_WARN_COMMA = YES;
				CLANG_WARN_CONSTANT_CONVERSION = YES;
				CLANG_WARN_DEPRECATED_OBJC_IMPLEMENTATIONS = YES;
				CLANG_WARN_DIRECT_OBJC_ISA_USAGE = YES_ERROR;
				CLANG_WARN_DOCUMENTATION_COMMENTS = YES;
				CLANG_WARN_EMPTY_BODY = YES;
				CLANG_WARN_ENUM_CONVERSION = YES;
				CLANG_WARN_INFINITE_RECURSION = YES;
				CLANG_WARN_INT_CONVERSION = YES;
				CLANG_WARN_NON_LITERAL_NULL_CONVERSION = YES;
				CLANG_WARN_OBJC_IMPLICIT_RETAIN_SELF = YES;
				CLANG_WARN_OBJC_LITERAL_CONVERSION = YES;
				CLANG_WARN_OBJC_ROOT_CLASS = YES_ERROR;
				CLANG_WARN_QUOTED_INCLUDE_IN_FRAMEWORK_HEADER = YES;
				CLANG_WARN_RANGE_LOOP_ANALYSIS = YES;
				CLANG_WARN_STRICT_PROTOTYPES = YES;
				CLANG_WARN_SUSPICIOUS_MOVE = YES;
				CLANG_WARN_UNGUARDED_AVAILABILITY = YES_AGGRESSIVE;
				CLANG_WARN_UNREACHABLE_CODE = YES;
				CLANG_WARN__DUPLICATE_METHOD_MATCH = YES;
				COPY_PHASE_STRIP = NO;
				DEBUG_INFORMATION_FORMAT = "dwarf-with-dsym";
				ENABLE_NS_ASSERTIONS = NO;
				ENABLE_STRICT_OBJC_MSGSEND = YES;
				GCC_C_LANGUAGE_STANDARD = gnu11;
				GCC_NO_COMMON_BLOCKS = YES;
				GCC_WARN_64_TO_32_BIT_CONVERSION = YES;
				GCC_WARN_ABOUT_RETURN_TYPE = YES_ERROR;
				GCC_WARN_UNDECLARED_SELECTOR = YES;
				GCC_WARN_UNINITIALIZED_AUTOS = YES_AGGRESSIVE;
				GCC_WARN_UNUSED_FUNCTION = YES;
				GCC_WARN_UNUSED_VARIABLE = YES;
				IPHONEOS_DEPLOYMENT_TARGET = 15.0;
				MTL_ENABLE_DEBUG_INFO = NO;
				MTL_FAST_MATH = YES;
				SDKROOT = iphoneos;
				SWIFT_COMPILATION_MODE = wholemodule;
				SWIFT_OPTIMIZATION_LEVEL = "-O";
				VALIDATE_PRODUCT = YES;
			};
			name = Release;
		};
		5EEAC2DA27298A9C00AB561C /* Debug */ = {
			isa = XCBuildConfiguration;
			baseConfigurationReference = AFFA7E52DC8D1BBAEDB8E7B3 /* Pods-dayy24.debug.xcconfig */;
			buildSettings = {
				ASSETCATALOG_COMPILER_APPICON_NAME = AppIcon;
				ASSETCATALOG_COMPILER_GLOBAL_ACCENT_COLOR_NAME = AccentColor;
				CODE_SIGN_STYLE = Automatic;
				CURRENT_PROJECT_VERSION = 1;
				DEVELOPMENT_TEAM = 8DP7WP5D27;
				GENERATE_INFOPLIST_FILE = YES;
				INFOPLIST_FILE = dayy24/Info.plist;
				INFOPLIST_KEY_UIApplicationSupportsIndirectInputEvents = YES;
				INFOPLIST_KEY_UILaunchStoryboardName = LaunchScreen;
				INFOPLIST_KEY_UISupportedInterfaceOrientations_iPad = "UIInterfaceOrientationPortrait UIInterfaceOrientationPortraitUpsideDown UIInterfaceOrientationLandscapeLeft UIInterfaceOrientationLandscapeRight";
				INFOPLIST_KEY_UISupportedInterfaceOrientations_iPhone = "UIInterfaceOrientationPortrait UIInterfaceOrientationLandscapeLeft UIInterfaceOrientationLandscapeRight";
				LD_RUNPATH_SEARCH_PATHS = (
					"$(inherited)",
					"@executable_path/Frameworks",
				);
				MARKETING_VERSION = 1.0;
				PRODUCT_BUNDLE_IDENTIFIER = SA.HASSANBIHAN.dayy24;
				PRODUCT_NAME = "$(TARGET_NAME)";
				SWIFT_EMIT_LOC_STRINGS = YES;
				SWIFT_VERSION = 5.0;
				TARGETED_DEVICE_FAMILY = "1,2";
			};
			name = Debug;
		};
		5EEAC2DB27298A9C00AB561C /* Release */ = {
			isa = XCBuildConfiguration;
			baseConfigurationReference = DB79EE51703E2D9583E8D1AC /* Pods-dayy24.release.xcconfig */;
			buildSettings = {
				ASSETCATALOG_COMPILER_APPICON_NAME = AppIcon;
				ASSETCATALOG_COMPILER_GLOBAL_ACCENT_COLOR_NAME = AccentColor;
				CODE_SIGN_STYLE = Automatic;
				CURRENT_PROJECT_VERSION = 1;
				DEVELOPMENT_TEAM = 8DP7WP5D27;
				GENERATE_INFOPLIST_FILE = YES;
				INFOPLIST_FILE = dayy24/Info.plist;
				INFOPLIST_KEY_UIApplicationSupportsIndirectInputEvents = YES;
				INFOPLIST_KEY_UILaunchStoryboardName = LaunchScreen;
				INFOPLIST_KEY_UISupportedInterfaceOrientations_iPad = "UIInterfaceOrientationPortrait UIInterfaceOrientationPortraitUpsideDown UIInterfaceOrientationLandscapeLeft UIInterfaceOrientationLandscapeRight";
				INFOPLIST_KEY_UISupportedInterfaceOrientations_iPhone = "UIInterfaceOrientationPortrait UIInterfaceOrientationLandscapeLeft UIInterfaceOrientationLandscapeRight";
				LD_RUNPATH_SEARCH_PATHS = (
					"$(inherited)",
					"@executable_path/Frameworks",
				);
				MARKETING_VERSION = 1.0;
				PRODUCT_BUNDLE_IDENTIFIER = SA.HASSANBIHAN.dayy24;
				PRODUCT_NAME = "$(TARGET_NAME)";
				SWIFT_EMIT_LOC_STRINGS = YES;
				SWIFT_VERSION = 5.0;
				TARGETED_DEVICE_FAMILY = "1,2";
			};
			name = Release;
		};
/* End XCBuildConfiguration section */

/* Begin XCConfigurationList section */
		5EEAC2C027298A9B00AB561C /* Build configuration list for PBXProject "dayy24" */ = {
			isa = XCConfigurationList;
			buildConfigurations = (
				5EEAC2D727298A9C00AB561C /* Debug */,
				5EEAC2D827298A9C00AB561C /* Release */,
			);
			defaultConfigurationIsVisible = 0;
			defaultConfigurationName = Release;
		};
		5EEAC2D927298A9C00AB561C /* Build configuration list for PBXNativeTarget "dayy24" */ = {
			isa = XCConfigurationList;
			buildConfigurations = (
				5EEAC2DA27298A9C00AB561C /* Debug */,
				5EEAC2DB27298A9C00AB561C /* Release */,
			);
			defaultConfigurationIsVisible = 0;
			defaultConfigurationName = Release;
		};
/* End XCConfigurationList section */
	};
	rootObject = 5EEAC2BD27298A9B00AB561C /* Project object */;
}
