// !$*UTF8*$!
{
	archiveVersion = 1;
	classes = {
	};
	objectVersion = 55;
	objects = {

/* Begin PBXBuildFile section */
		0F299D972729858B00368D61 /* AppDelegate.swift in Sources */ = {isa = PBXBuildFile; fileRef = 0F299D962729858B00368D61 /* AppDelegate.swift */; };
		0F299D992729858B00368D61 /* SceneDelegate.swift in Sources */ = {isa = PBXBuildFile; fileRef = 0F299D982729858B00368D61 /* SceneDelegate.swift */; };
		0F299D9B2729858B00368D61 /* ViewController.swift in Sources */ = {isa = PBXBuildFile; fileRef = 0F299D9A2729858B00368D61 /* ViewController.swift */; };
		0F299D9E2729858B00368D61 /* Main.storyboard in Resources */ = {isa = PBXBuildFile; fileRef = 0F299D9C2729858B00368D61 /* Main.storyboard */; };
		0F299DA02729858D00368D61 /* Assets.xcassets in Resources */ = {isa = PBXBuildFile; fileRef = 0F299D9F2729858D00368D61 /* Assets.xcassets */; };
		0F299DA32729858D00368D61 /* LaunchScreen.storyboard in Resources */ = {isa = PBXBuildFile; fileRef = 0F299DA12729858D00368D61 /* LaunchScreen.storyboard */; };
		0F299DAB2729969000368D61 /* GoogleService-Info.plist in Resources */ = {isa = PBXBuildFile; fileRef = 0F299DAA2729969000368D61 /* GoogleService-Info.plist */; };
		39A98A86FDCDE91BCD02DDE3 /* Pods_day24.framework in Frameworks */ = {isa = PBXBuildFile; fileRef = FEEBCFC5BA0AE57D3C697717 /* Pods_day24.framework */; };
/* End PBXBuildFile section */

/* Begin PBXFileReference section */
		0C5149A58DEC2DCC4327DB89 /* Pods-day24.release.xcconfig */ = {isa = PBXFileReference; includeInIndex = 1; lastKnownFileType = text.xcconfig; name = "Pods-day24.release.xcconfig"; path = "Target Support Files/Pods-day24/Pods-day24.release.xcconfig"; sourceTree = "<group>"; };
		0EE53462CA1F99B860E2099F /* Pods-day24.debug.xcconfig */ = {isa = PBXFileReference; includeInIndex = 1; lastKnownFileType = text.xcconfig; name = "Pods-day24.debug.xcconfig"; path = "Target Support Files/Pods-day24/Pods-day24.debug.xcconfig"; sourceTree = "<group>"; };
		0F299D932729858B00368D61 /* day24.app */ = {isa = PBXFileReference; explicitFileType = wrapper.application; includeInIndex = 0; path = day24.app; sourceTree = BUILT_PRODUCTS_DIR; };
		0F299D962729858B00368D61 /* AppDelegate.swift */ = {isa = PBXFileReference; lastKnownFileType = sourcecode.swift; path = AppDelegate.swift; sourceTree = "<group>"; };
		0F299D982729858B00368D61 /* SceneDelegate.swift */ = {isa = PBXFileReference; lastKnownFileType = sourcecode.swift; path = SceneDelegate.swift; sourceTree = "<group>"; };
		0F299D9A2729858B00368D61 /* ViewController.swift */ = {isa = PBXFileReference; lastKnownFileType = sourcecode.swift; path = ViewController.swift; sourceTree = "<group>"; };
		0F299D9D2729858B00368D61 /* Base */ = {isa = PBXFileReference; lastKnownFileType = file.storyboard; name = Base; path = Base.lproj/Main.storyboard; sourceTree = "<group>"; };
		0F299D9F2729858D00368D61 /* Assets.xcassets */ = {isa = PBXFileReference; lastKnownFileType = folder.assetcatalog; path = Assets.xcassets; sourceTree = "<group>"; };
		0F299DA22729858D00368D61 /* Base */ = {isa = PBXFileReference; lastKnownFileType = file.storyboard; name = Base; path = Base.lproj/LaunchScreen.storyboard; sourceTree = "<group>"; };
		0F299DA42729858D00368D61 /* Info.plist */ = {isa = PBXFileReference; lastKnownFileType = text.plist.xml; path = Info.plist; sourceTree = "<group>"; };
		0F299DAA2729969000368D61 /* GoogleService-Info.plist */ = {isa = PBXFileReference; fileEncoding = 4; lastKnownFileType = text.plist.xml; path = "GoogleService-Info.plist"; sourceTree = "<group>"; };
		FEEBCFC5BA0AE57D3C697717 /* Pods_day24.framework */ = {isa = PBXFileReference; explicitFileType = wrapper.framework; includeInIndex = 0; path = Pods_day24.framework; sourceTree = BUILT_PRODUCTS_DIR; };
/* End PBXFileReference section */

/* Begin PBXFrameworksBuildPhase section */
		0F299D902729858B00368D61 /* Frameworks */ = {
			isa = PBXFrameworksBuildPhase;
			buildActionMask = 2147483647;
			files = (
				39A98A86FDCDE91BCD02DDE3 /* Pods_day24.framework in Frameworks */,
			);
			runOnlyForDeploymentPostprocessing = 0;
		};
/* End PBXFrameworksBuildPhase section */

/* Begin PBXGroup section */
		0F299D8A2729858B00368D61 = {
			isa = PBXGroup;
			children = (
				0F299D952729858B00368D61 /* day24 */,
				0F299D942729858B00368D61 /* Products */,
				9E07997BF889956390896E7A /* Pods */,
				76CE85BE48236859C9B86928 /* Frameworks */,
			);
			sourceTree = "<group>";
		};
		0F299D942729858B00368D61 /* Products */ = {
			isa = PBXGroup;
			children = (
				0F299D932729858B00368D61 /* day24.app */,
			);
			name = Products;
			sourceTree = "<group>";
		};
		0F299D952729858B00368D61 /* day24 */ = {
			isa = PBXGroup;
			children = (
				0F299DAA2729969000368D61 /* GoogleService-Info.plist */,
				0F299D962729858B00368D61 /* AppDelegate.swift */,
				0F299D982729858B00368D61 /* SceneDelegate.swift */,
				0F299D9A2729858B00368D61 /* ViewController.swift */,
				0F299D9C2729858B00368D61 /* Main.storyboard */,
				0F299D9F2729858D00368D61 /* Assets.xcassets */,
				0F299DA12729858D00368D61 /* LaunchScreen.storyboard */,
				0F299DA42729858D00368D61 /* Info.plist */,
			);
			path = day24;
			sourceTree = "<group>";
		};
		76CE85BE48236859C9B86928 /* Frameworks */ = {
			isa = PBXGroup;
			children = (
				FEEBCFC5BA0AE57D3C697717 /* Pods_day24.framework */,
			);
			name = Frameworks;
			sourceTree = "<group>";
		};
		9E07997BF889956390896E7A /* Pods */ = {
			isa = PBXGroup;
			children = (
				0EE53462CA1F99B860E2099F /* Pods-day24.debug.xcconfig */,
				0C5149A58DEC2DCC4327DB89 /* Pods-day24.release.xcconfig */,
			);
			path = Pods;
			sourceTree = "<group>";
		};
/* End PBXGroup section */

/* Begin PBXNativeTarget section */
		0F299D922729858B00368D61 /* day24 */ = {
			isa = PBXNativeTarget;
			buildConfigurationList = 0F299DA72729858D00368D61 /* Build configuration list for PBXNativeTarget "day24" */;
			buildPhases = (
				F8D5D7EB4B4F774D8F7675C1 /* [CP] Check Pods Manifest.lock */,
				0F299D8F2729858B00368D61 /* Sources */,
				0F299D902729858B00368D61 /* Frameworks */,
				0F299D912729858B00368D61 /* Resources */,
				3F3211D9735E396442EC3C1B /* [CP] Embed Pods Frameworks */,
			);
			buildRules = (
			);
			dependencies = (
			);
			name = day24;
			productName = day24;
			productReference = 0F299D932729858B00368D61 /* day24.app */;
			productType = "com.apple.product-type.application";
		};
/* End PBXNativeTarget section */

/* Begin PBXProject section */
		0F299D8B2729858B00368D61 /* Project object */ = {
			isa = PBXProject;
			attributes = {
				BuildIndependentTargetsInParallel = 1;
				LastSwiftUpdateCheck = 1300;
				LastUpgradeCheck = 1300;
				TargetAttributes = {
					0F299D922729858B00368D61 = {
						CreatedOnToolsVersion = 13.0;
					};
				};
			};
			buildConfigurationList = 0F299D8E2729858B00368D61 /* Build configuration list for PBXProject "day24" */;
			compatibilityVersion = "Xcode 13.0";
			developmentRegion = en;
			hasScannedForEncodings = 0;
			knownRegions = (
				en,
				Base,
			);
			mainGroup = 0F299D8A2729858B00368D61;
			productRefGroup = 0F299D942729858B00368D61 /* Products */;
			projectDirPath = "";
			projectRoot = "";
			targets = (
				0F299D922729858B00368D61 /* day24 */,
			);
		};
/* End PBXProject section */

/* Begin PBXResourcesBuildPhase section */
		0F299D912729858B00368D61 /* Resources */ = {
			isa = PBXResourcesBuildPhase;
			buildActionMask = 2147483647;
			files = (
				0F299DA32729858D00368D61 /* LaunchScreen.storyboard in Resources */,
				0F299DAB2729969000368D61 /* GoogleService-Info.plist in Resources */,
				0F299DA02729858D00368D61 /* Assets.xcassets in Resources */,
				0F299D9E2729858B00368D61 /* Main.storyboard in Resources */,
			);
			runOnlyForDeploymentPostprocessing = 0;
		};
/* End PBXResourcesBuildPhase section */

/* Begin PBXShellScriptBuildPhase section */
		3F3211D9735E396442EC3C1B /* [CP] Embed Pods Frameworks */ = {
			isa = PBXShellScriptBuildPhase;
			buildActionMask = 2147483647;
			files = (
			);
			inputFileListPaths = (
				"${PODS_ROOT}/Target Support Files/Pods-day24/Pods-day24-frameworks-${CONFIGURATION}-input-files.xcfilelist",
			);
			name = "[CP] Embed Pods Frameworks";
			outputFileListPaths = (
				"${PODS_ROOT}/Target Support Files/Pods-day24/Pods-day24-frameworks-${CONFIGURATION}-output-files.xcfilelist",
			);
			runOnlyForDeploymentPostprocessing = 0;
			shellPath = /bin/sh;
			shellScript = "\"${PODS_ROOT}/Target Support Files/Pods-day24/Pods-day24-frameworks.sh\"\n";
			showEnvVarsInLog = 0;
		};
		F8D5D7EB4B4F774D8F7675C1 /* [CP] Check Pods Manifest.lock */ = {
			isa = PBXShellScriptBuildPhase;
			buildActionMask = 2147483647;
			files = (
			);
			inputFileListPaths = (
			);
			inputPaths = (
				"${PODS_PODFILE_DIR_PATH}/Podfile.lock",
				"${PODS_ROOT}/Manifest.lock",
			);
			name = "[CP] Check Pods Manifest.lock";
			outputFileListPaths = (
			);
			outputPaths = (
				"$(DERIVED_FILE_DIR)/Pods-day24-checkManifestLockResult.txt",
			);
			runOnlyForDeploymentPostprocessing = 0;
			shellPath = /bin/sh;
			shellScript = "diff \"${PODS_PODFILE_DIR_PATH}/Podfile.lock\" \"${PODS_ROOT}/Manifest.lock\" > /dev/null\nif [ $? != 0 ] ; then\n    # print error to STDERR\n    echo \"error: The sandbox is not in sync with the Podfile.lock. Run 'pod install' or update your CocoaPods installation.\" >&2\n    exit 1\nfi\n# This output is used by Xcode 'outputs' to avoid re-running this script phase.\necho \"SUCCESS\" > \"${SCRIPT_OUTPUT_FILE_0}\"\n";
			showEnvVarsInLog = 0;
		};
/* End PBXShellScriptBuildPhase section */

/* Begin PBXSourcesBuildPhase section */
		0F299D8F2729858B00368D61 /* Sources */ = {
			isa = PBXSourcesBuildPhase;
			buildActionMask = 2147483647;
			files = (
				0F299D9B2729858B00368D61 /* ViewController.swift in Sources */,
				0F299D972729858B00368D61 /* AppDelegate.swift in Sources */,
				0F299D992729858B00368D61 /* SceneDelegate.swift in Sources */,
			);
			runOnlyForDeploymentPostprocessing = 0;
		};
/* End PBXSourcesBuildPhase section */

/* Begin PBXVariantGroup section */
		0F299D9C2729858B00368D61 /* Main.storyboard */ = {
			isa = PBXVariantGroup;
			children = (
				0F299D9D2729858B00368D61 /* Base */,
			);
			name = Main.storyboard;
			sourceTree = "<group>";
		};
		0F299DA12729858D00368D61 /* LaunchScreen.storyboard */ = {
			isa = PBXVariantGroup;
			children = (
				0F299DA22729858D00368D61 /* Base */,
			);
			name = LaunchScreen.storyboard;
			sourceTree = "<group>";
		};
/* End PBXVariantGroup section */

/* Begin XCBuildConfiguration section */
		0F299DA52729858D00368D61 /* Debug */ = {
			isa = XCBuildConfiguration;
			buildSettings = {
				ALWAYS_SEARCH_USER_PATHS = NO;
				CLANG_ANALYZER_NONNULL = YES;
				CLANG_ANALYZER_NUMBER_OBJECT_CONVERSION = YES_AGGRESSIVE;
				CLANG_CXX_LANGUAGE_STANDARD = "gnu++17";
				CLANG_CXX_LIBRARY = "libc++";
				CLANG_ENABLE_MODULES = YES;
				CLANG_ENABLE_OBJC_ARC = YES;
				CLANG_ENABLE_OBJC_WEAK = YES;
				CLANG_WARN_BLOCK_CAPTURE_AUTORELEASING = YES;
				CLANG_WARN_BOOL_CONVERSION = YES;
				CLANG_WARN_COMMA = YES;
				CLANG_WARN_CONSTANT_CONVERSION = YES;
				CLANG_WARN_DEPRECATED_OBJC_IMPLEMENTATIONS = YES;
				CLANG_WARN_DIRECT_OBJC_ISA_USAGE = YES_ERROR;
				CLANG_WARN_DOCUMENTATION_COMMENTS = YES;
				CLANG_WARN_EMPTY_BODY = YES;
				CLANG_WARN_ENUM_CONVERSION = YES;
				CLANG_WARN_INFINITE_RECURSION = YES;
				CLANG_WARN_INT_CONVERSION = YES;
				CLANG_WARN_NON_LITERAL_NULL_CONVERSION = YES;
				CLANG_WARN_OBJC_IMPLICIT_RETAIN_SELF = YES;
				CLANG_WARN_OBJC_LITERAL_CONVERSION = YES;
				CLANG_WARN_OBJC_ROOT_CLASS = YES_ERROR;
				CLANG_WARN_QUOTED_INCLUDE_IN_FRAMEWORK_HEADER = YES;
				CLANG_WARN_RANGE_LOOP_ANALYSIS = YES;
				CLANG_WARN_STRICT_PROTOTYPES = YES;
				CLANG_WARN_SUSPICIOUS_MOVE = YES;
				CLANG_WARN_UNGUARDED_AVAILABILITY = YES_AGGRESSIVE;
				CLANG_WARN_UNREACHABLE_CODE = YES;
				CLANG_WARN__DUPLICATE_METHOD_MATCH = YES;
				COPY_PHASE_STRIP = NO;
				DEBUG_INFORMATION_FORMAT = dwarf;
				ENABLE_STRICT_OBJC_MSGSEND = YES;
				ENABLE_TESTABILITY = YES;
				GCC_C_LANGUAGE_STANDARD = gnu11;
				GCC_DYNAMIC_NO_PIC = NO;
				GCC_NO_COMMON_BLOCKS = YES;
				GCC_OPTIMIZATION_LEVEL = 0;
				GCC_PREPROCESSOR_DEFINITIONS = (
					"DEBUG=1",
					"$(inherited)",
				);
				GCC_WARN_64_TO_32_BIT_CONVERSION = YES;
				GCC_WARN_ABOUT_RETURN_TYPE = YES_ERROR;
				GCC_WARN_UNDECLARED_SELECTOR = YES;
				GCC_WARN_UNINITIALIZED_AUTOS = YES_AGGRESSIVE;
				GCC_WARN_UNUSED_FUNCTION = YES;
				GCC_WARN_UNUSED_VARIABLE = YES;
				IPHONEOS_DEPLOYMENT_TARGET = 15.0;
				MTL_ENABLE_DEBUG_INFO = INCLUDE_SOURCE;
				MTL_FAST_MATH = YES;
				ONLY_ACTIVE_ARCH = YES;
				SDKROOT = iphoneos;
				SWIFT_ACTIVE_COMPILATION_CONDITIONS = DEBUG;
				SWIFT_OPTIMIZATION_LEVEL = "-Onone";
			};
			name = Debug;
		};
		0F299DA62729858D00368D61 /* Release */ = {
			isa = XCBuildConfiguration;
			buildSettings = {
				ALWAYS_SEARCH_USER_PATHS = NO;
				CLANG_ANALYZER_NONNULL = YES;
				CLANG_ANALYZER_NUMBER_OBJECT_CONVERSION = YES_AGGRESSIVE;
				CLANG_CXX_LANGUAGE_STANDARD = "gnu++17";
				CLANG_CXX_LIBRARY = "libc++";
				CLANG_ENABLE_MODULES = YES;
				CLANG_ENABLE_OBJC_ARC = YES;
				CLANG_ENABLE_OBJC_WEAK = YES;
				CLANG_WARN_BLOCK_CAPTURE_AUTORELEASING = YES;
				CLANG_WARN_BOOL_CONVERSION = YES;
				CLANG_WARN_COMMA = YES;
				CLANG_WARN_CONSTANT_CONVERSION = YES;
				CLANG_WARN_DEPRECATED_OBJC_IMPLEMENTATIONS = YES;
				CLANG_WARN_DIRECT_OBJC_ISA_USAGE = YES_ERROR;
				CLANG_WARN_DOCUMENTATION_COMMENTS = YES;
				CLANG_WARN_EMPTY_BODY = YES;
				CLANG_WARN_ENUM_CONVERSION = YES;
				CLANG_WARN_INFINITE_RECURSION = YES;
				CLANG_WARN_INT_CONVERSION = YES;
				CLANG_WARN_NON_LITERAL_NULL_CONVERSION = YES;
				CLANG_WARN_OBJC_IMPLICIT_RETAIN_SELF = YES;
				CLANG_WARN_OBJC_LITERAL_CONVERSION = YES;
				CLANG_WARN_OBJC_ROOT_CLASS = YES_ERROR;
				CLANG_WARN_QUOTED_INCLUDE_IN_FRAMEWORK_HEADER = YES;
				CLANG_WARN_RANGE_LOOP_ANALYSIS = YES;
				CLANG_WARN_STRICT_PROTOTYPES = YES;
				CLANG_WARN_SUSPICIOUS_MOVE = YES;
				CLANG_WARN_UNGUARDED_AVAILABILITY = YES_AGGRESSIVE;
				CLANG_WARN_UNREACHABLE_CODE = YES;
				CLANG_WARN__DUPLICATE_METHOD_MATCH = YES;
				COPY_PHASE_STRIP = NO;
				DEBUG_INFORMATION_FORMAT = "dwarf-with-dsym";
				ENABLE_NS_ASSERTIONS = NO;
				ENABLE_STRICT_OBJC_MSGSEND = YES;
				GCC_C_LANGUAGE_STANDARD = gnu11;
				GCC_NO_COMMON_BLOCKS = YES;
				GCC_WARN_64_TO_32_BIT_CONVERSION = YES;
				GCC_WARN_ABOUT_RETURN_TYPE = YES_ERROR;
				GCC_WARN_UNDECLARED_SELECTOR = YES;
				GCC_WARN_UNINITIALIZED_AUTOS = YES_AGGRESSIVE;
				GCC_WARN_UNUSED_FUNCTION = YES;
				GCC_WARN_UNUSED_VARIABLE = YES;
				IPHONEOS_DEPLOYMENT_TARGET = 15.0;
				MTL_ENABLE_DEBUG_INFO = NO;
				MTL_FAST_MATH = YES;
				SDKROOT = iphoneos;
				SWIFT_COMPILATION_MODE = wholemodule;
				SWIFT_OPTIMIZATION_LEVEL = "-O";
				VALIDATE_PRODUCT = YES;
			};
			name = Release;
		};
		0F299DA82729858D00368D61 /* Debug */ = {
			isa = XCBuildConfiguration;
			baseConfigurationReference = 0EE53462CA1F99B860E2099F /* Pods-day24.debug.xcconfig */;
			buildSettings = {
				ASSETCATALOG_COMPILER_APPICON_NAME = AppIcon;
				ASSETCATALOG_COMPILER_GLOBAL_ACCENT_COLOR_NAME = AccentColor;
				CODE_SIGN_STYLE = Automatic;
				CURRENT_PROJECT_VERSION = 1;
				DEVELOPMENT_TEAM = 5S67CQMAY2;
				GENERATE_INFOPLIST_FILE = YES;
				INFOPLIST_FILE = day24/Info.plist;
				INFOPLIST_KEY_UIApplicationSupportsIndirectInputEvents = YES;
				INFOPLIST_KEY_UILaunchStoryboardName = LaunchScreen;
				INFOPLIST_KEY_UIMainStoryboardFile = Main;
				INFOPLIST_KEY_UISupportedInterfaceOrientations_iPad = "UIInterfaceOrientationPortrait UIInterfaceOrientationPortraitUpsideDown UIInterfaceOrientationLandscapeLeft UIInterfaceOrientationLandscapeRight";
				INFOPLIST_KEY_UISupportedInterfaceOrientations_iPhone = "UIInterfaceOrientationPortrait UIInterfaceOrientationLandscapeLeft UIInterfaceOrientationLandscapeRight";
				LD_RUNPATH_SEARCH_PATHS = (
					"$(inherited)",
					"@executable_path/Frameworks",
				);
				MARKETING_VERSION = 1.0;
				PRODUCT_BUNDLE_IDENTIFIER = com.ibrahimasiri.day24;
				PRODUCT_NAME = "$(TARGET_NAME)";
				SWIFT_EMIT_LOC_STRINGS = YES;
				SWIFT_VERSION = 5.0;
				TARGETED_DEVICE_FAMILY = "1,2";
			};
			name = Debug;
		};
		0F299DA92729858D00368D61 /* Release */ = {
			isa = XCBuildConfiguration;
			baseConfigurationReference = 0C5149A58DEC2DCC4327DB89 /* Pods-day24.release.xcconfig */;
			buildSettings = {
				ASSETCATALOG_COMPILER_APPICON_NAME = AppIcon;
				ASSETCATALOG_COMPILER_GLOBAL_ACCENT_COLOR_NAME = AccentColor;
				CODE_SIGN_STYLE = Automatic;
				CURRENT_PROJECT_VERSION = 1;
				DEVELOPMENT_TEAM = 5S67CQMAY2;
				GENERATE_INFOPLIST_FILE = YES;
				INFOPLIST_FILE = day24/Info.plist;
				INFOPLIST_KEY_UIApplicationSupportsIndirectInputEvents = YES;
				INFOPLIST_KEY_UILaunchStoryboardName = LaunchScreen;
				INFOPLIST_KEY_UIMainStoryboardFile = Main;
				INFOPLIST_KEY_UISupportedInterfaceOrientations_iPad = "UIInterfaceOrientationPortrait UIInterfaceOrientationPortraitUpsideDown UIInterfaceOrientationLandscapeLeft UIInterfaceOrientationLandscapeRight";
				INFOPLIST_KEY_UISupportedInterfaceOrientations_iPhone = "UIInterfaceOrientationPortrait UIInterfaceOrientationLandscapeLeft UIInterfaceOrientationLandscapeRight";
				LD_RUNPATH_SEARCH_PATHS = (
					"$(inherited)",
					"@executable_path/Frameworks",
				);
				MARKETING_VERSION = 1.0;
				PRODUCT_BUNDLE_IDENTIFIER = com.ibrahimasiri.day24;
				PRODUCT_NAME = "$(TARGET_NAME)";
				SWIFT_EMIT_LOC_STRINGS = YES;
				SWIFT_VERSION = 5.0;
				TARGETED_DEVICE_FAMILY = "1,2";
			};
			name = Release;
		};
/* End XCBuildConfiguration section */

/* Begin XCConfigurationList section */
		0F299D8E2729858B00368D61 /* Build configuration list for PBXProject "day24" */ = {
			isa = XCConfigurationList;
			buildConfigurations = (
				0F299DA52729858D00368D61 /* Debug */,
				0F299DA62729858D00368D61 /* Release */,
			);
			defaultConfigurationIsVisible = 0;
			defaultConfigurationName = Release;
		};
		0F299DA72729858D00368D61 /* Build configuration list for PBXNativeTarget "day24" */ = {
			isa = XCConfigurationList;
			buildConfigurations = (
				0F299DA82729858D00368D61 /* Debug */,
				0F299DA92729858D00368D61 /* Release */,
			);
			defaultConfigurationIsVisible = 0;
			defaultConfigurationName = Release;
		};
/* End XCConfigurationList section */
	};
	rootObject = 0F299D8B2729858B00368D61 /* Project object */;
}
