// !$*UTF8*$!
{
	archiveVersion = 1;
	classes = {
	};
	objectVersion = 55;
	objects = {

/* Begin PBXBuildFile section */
		900DF8C4A232FC1AA51B93A8 /* Pods_DAy24.framework in Frameworks */ = {isa = PBXBuildFile; fileRef = FA0E787A68F21E207378CA62 /* Pods_DAy24.framework */; };
		FAEE9AE12729874D0052AFAA /* AppDelegate.swift in Sources */ = {isa = PBXBuildFile; fileRef = FAEE9AE02729874D0052AFAA /* AppDelegate.swift */; };
		FAEE9AE32729874D0052AFAA /* SceneDelegate.swift in Sources */ = {isa = PBXBuildFile; fileRef = FAEE9AE22729874D0052AFAA /* SceneDelegate.swift */; };
		FAEE9AE52729874D0052AFAA /* ViewController.swift in Sources */ = {isa = PBXBuildFile; fileRef = FAEE9AE42729874D0052AFAA /* ViewController.swift */; };
		FAEE9AE82729874D0052AFAA /* Main.storyboard in Resources */ = {isa = PBXBuildFile; fileRef = FAEE9AE62729874D0052AFAA /* Main.storyboard */; };
		FAEE9AEA272987520052AFAA /* Assets.xcassets in Resources */ = {isa = PBXBuildFile; fileRef = FAEE9AE9272987520052AFAA /* Assets.xcassets */; };
		FAEE9AED272987520052AFAA /* LaunchScreen.storyboard in Resources */ = {isa = PBXBuildFile; fileRef = FAEE9AEB272987520052AFAA /* LaunchScreen.storyboard */; };
		FAEE9B172729D0C20052AFAA /* GoogleService-Info.plist in Resources */ = {isa = PBXBuildFile; fileRef = FAEE9B162729D0C20052AFAA /* GoogleService-Info.plist */; };
/* End PBXBuildFile section */

/* Begin PBXFileReference section */
		69B926E320FF9239CA19EF33 /* Pods-DAy24.release.xcconfig */ = {isa = PBXFileReference; includeInIndex = 1; lastKnownFileType = text.xcconfig; name = "Pods-DAy24.release.xcconfig"; path = "Target Support Files/Pods-DAy24/Pods-DAy24.release.xcconfig"; sourceTree = "<group>"; };
		A7D4BCCE242A2ADCEEFBC6FC /* Pods-DAy24.debug.xcconfig */ = {isa = PBXFileReference; includeInIndex = 1; lastKnownFileType = text.xcconfig; name = "Pods-DAy24.debug.xcconfig"; path = "Target Support Files/Pods-DAy24/Pods-DAy24.debug.xcconfig"; sourceTree = "<group>"; };
		FA0E787A68F21E207378CA62 /* Pods_DAy24.framework */ = {isa = PBXFileReference; explicitFileType = wrapper.framework; includeInIndex = 0; path = Pods_DAy24.framework; sourceTree = BUILT_PRODUCTS_DIR; };
		FAEE9ADD2729874D0052AFAA /* DAy24.app */ = {isa = PBXFileReference; explicitFileType = wrapper.application; includeInIndex = 0; path = DAy24.app; sourceTree = BUILT_PRODUCTS_DIR; };
		FAEE9AE02729874D0052AFAA /* AppDelegate.swift */ = {isa = PBXFileReference; lastKnownFileType = sourcecode.swift; path = AppDelegate.swift; sourceTree = "<group>"; };
		FAEE9AE22729874D0052AFAA /* SceneDelegate.swift */ = {isa = PBXFileReference; lastKnownFileType = sourcecode.swift; path = SceneDelegate.swift; sourceTree = "<group>"; };
		FAEE9AE42729874D0052AFAA /* ViewController.swift */ = {isa = PBXFileReference; lastKnownFileType = sourcecode.swift; path = ViewController.swift; sourceTree = "<group>"; };
		FAEE9AE72729874D0052AFAA /* Base */ = {isa = PBXFileReference; lastKnownFileType = file.storyboard; name = Base; path = Base.lproj/Main.storyboard; sourceTree = "<group>"; };
		FAEE9AE9272987520052AFAA /* Assets.xcassets */ = {isa = PBXFileReference; lastKnownFileType = folder.assetcatalog; path = Assets.xcassets; sourceTree = "<group>"; };
		FAEE9AEC272987520052AFAA /* Base */ = {isa = PBXFileReference; lastKnownFileType = file.storyboard; name = Base; path = Base.lproj/LaunchScreen.storyboard; sourceTree = "<group>"; };
		FAEE9AEE272987520052AFAA /* Info.plist */ = {isa = PBXFileReference; lastKnownFileType = text.plist.xml; path = Info.plist; sourceTree = "<group>"; };
		FAEE9B162729D0C20052AFAA /* GoogleService-Info.plist */ = {isa = PBXFileReference; fileEncoding = 4; lastKnownFileType = text.plist.xml; path = "GoogleService-Info.plist"; sourceTree = "<group>"; };
/* End PBXFileReference section */

/* Begin PBXFrameworksBuildPhase section */
		FAEE9ADA2729874D0052AFAA /* Frameworks */ = {
			isa = PBXFrameworksBuildPhase;
			buildActionMask = 2147483647;
			files = (
				900DF8C4A232FC1AA51B93A8 /* Pods_DAy24.framework in Frameworks */,
			);
			runOnlyForDeploymentPostprocessing = 0;
		};
/* End PBXFrameworksBuildPhase section */

/* Begin PBXGroup section */
		29830345969696343D2DE7CD /* Pods */ = {
			isa = PBXGroup;
			children = (
				A7D4BCCE242A2ADCEEFBC6FC /* Pods-DAy24.debug.xcconfig */,
				69B926E320FF9239CA19EF33 /* Pods-DAy24.release.xcconfig */,
			);
			path = Pods;
			sourceTree = "<group>";
		};
		6077390966416A869F84C70F /* Frameworks */ = {
			isa = PBXGroup;
			children = (
				FA0E787A68F21E207378CA62 /* Pods_DAy24.framework */,
			);
			name = Frameworks;
			sourceTree = "<group>";
		};
		FAEE9AD42729874D0052AFAA = {
			isa = PBXGroup;
			children = (
				FAEE9ADF2729874D0052AFAA /* DAy24 */,
				FAEE9ADE2729874D0052AFAA /* Products */,
				29830345969696343D2DE7CD /* Pods */,
				6077390966416A869F84C70F /* Frameworks */,
			);
			sourceTree = "<group>";
		};
		FAEE9ADE2729874D0052AFAA /* Products */ = {
			isa = PBXGroup;
			children = (
				FAEE9ADD2729874D0052AFAA /* DAy24.app */,
			);
			name = Products;
			sourceTree = "<group>";
		};
		FAEE9ADF2729874D0052AFAA /* DAy24 */ = {
			isa = PBXGroup;
			children = (
				FAEE9B162729D0C20052AFAA /* GoogleService-Info.plist */,
				FAEE9AE02729874D0052AFAA /* AppDelegate.swift */,
				FAEE9AE22729874D0052AFAA /* SceneDelegate.swift */,
				FAEE9AE42729874D0052AFAA /* ViewController.swift */,
				FAEE9AE62729874D0052AFAA /* Main.storyboard */,
				FAEE9AE9272987520052AFAA /* Assets.xcassets */,
				FAEE9AEB272987520052AFAA /* LaunchScreen.storyboard */,
				FAEE9AEE272987520052AFAA /* Info.plist */,
			);
			path = DAy24;
			sourceTree = "<group>";
		};
/* End PBXGroup section */

/* Begin PBXNativeTarget section */
		FAEE9ADC2729874D0052AFAA /* DAy24 */ = {
			isa = PBXNativeTarget;
			buildConfigurationList = FAEE9AF1272987520052AFAA /* Build configuration list for PBXNativeTarget "DAy24" */;
			buildPhases = (
				6C0EE9ACDBDC968DD997660E /* [CP] Check Pods Manifest.lock */,
				FAEE9AD92729874D0052AFAA /* Sources */,
				FAEE9ADA2729874D0052AFAA /* Frameworks */,
				FAEE9ADB2729874D0052AFAA /* Resources */,
				B88D34E6B1500951B3AAEFE8 /* [CP] Embed Pods Frameworks */,
			);
			buildRules = (
			);
			dependencies = (
			);
			name = DAy24;
			productName = DAy24;
			productReference = FAEE9ADD2729874D0052AFAA /* DAy24.app */;
			productType = "com.apple.product-type.application";
		};
/* End PBXNativeTarget section */

/* Begin PBXProject section */
		FAEE9AD52729874D0052AFAA /* Project object */ = {
			isa = PBXProject;
			attributes = {
				BuildIndependentTargetsInParallel = 1;
				LastSwiftUpdateCheck = 1300;
				LastUpgradeCheck = 1300;
				TargetAttributes = {
					FAEE9ADC2729874D0052AFAA = {
						CreatedOnToolsVersion = 13.0;
					};
				};
			};
			buildConfigurationList = FAEE9AD82729874D0052AFAA /* Build configuration list for PBXProject "DAy24" */;
			compatibilityVersion = "Xcode 13.0";
			developmentRegion = en;
			hasScannedForEncodings = 0;
			knownRegions = (
				en,
				Base,
			);
			mainGroup = FAEE9AD42729874D0052AFAA;
			productRefGroup = FAEE9ADE2729874D0052AFAA /* Products */;
			projectDirPath = "";
			projectRoot = "";
			targets = (
				FAEE9ADC2729874D0052AFAA /* DAy24 */,
			);
		};
/* End PBXProject section */

/* Begin PBXResourcesBuildPhase section */
		FAEE9ADB2729874D0052AFAA /* Resources */ = {
			isa = PBXResourcesBuildPhase;
			buildActionMask = 2147483647;
			files = (
				FAEE9AED272987520052AFAA /* LaunchScreen.storyboard in Resources */,
				FAEE9B172729D0C20052AFAA /* GoogleService-Info.plist in Resources */,
				FAEE9AEA272987520052AFAA /* Assets.xcassets in Resources */,
				FAEE9AE82729874D0052AFAA /* Main.storyboard in Resources */,
			);
			runOnlyForDeploymentPostprocessing = 0;
		};
/* End PBXResourcesBuildPhase section */

/* Begin PBXShellScriptBuildPhase section */
		6C0EE9ACDBDC968DD997660E /* [CP] Check Pods Manifest.lock */ = {
			isa = PBXShellScriptBuildPhase;
			buildActionMask = 2147483647;
			files = (
			);
			inputFileListPaths = (
			);
			inputPaths = (
				"${PODS_PODFILE_DIR_PATH}/Podfile.lock",
				"${PODS_ROOT}/Manifest.lock",
			);
			name = "[CP] Check Pods Manifest.lock";
			outputFileListPaths = (
			);
			outputPaths = (
				"$(DERIVED_FILE_DIR)/Pods-DAy24-checkManifestLockResult.txt",
			);
			runOnlyForDeploymentPostprocessing = 0;
			shellPath = /bin/sh;
			shellScript = "diff \"${PODS_PODFILE_DIR_PATH}/Podfile.lock\" \"${PODS_ROOT}/Manifest.lock\" > /dev/null\nif [ $? != 0 ] ; then\n    # print error to STDERR\n    echo \"error: The sandbox is not in sync with the Podfile.lock. Run 'pod install' or update your CocoaPods installation.\" >&2\n    exit 1\nfi\n# This output is used by Xcode 'outputs' to avoid re-running this script phase.\necho \"SUCCESS\" > \"${SCRIPT_OUTPUT_FILE_0}\"\n";
			showEnvVarsInLog = 0;
		};
		B88D34E6B1500951B3AAEFE8 /* [CP] Embed Pods Frameworks */ = {
			isa = PBXShellScriptBuildPhase;
			buildActionMask = 2147483647;
			files = (
			);
			inputFileListPaths = (
				"${PODS_ROOT}/Target Support Files/Pods-DAy24/Pods-DAy24-frameworks-${CONFIGURATION}-input-files.xcfilelist",
			);
			name = "[CP] Embed Pods Frameworks";
			outputFileListPaths = (
				"${PODS_ROOT}/Target Support Files/Pods-DAy24/Pods-DAy24-frameworks-${CONFIGURATION}-output-files.xcfilelist",
			);
			runOnlyForDeploymentPostprocessing = 0;
			shellPath = /bin/sh;
			shellScript = "\"${PODS_ROOT}/Target Support Files/Pods-DAy24/Pods-DAy24-frameworks.sh\"\n";
			showEnvVarsInLog = 0;
		};
/* End PBXShellScriptBuildPhase section */

/* Begin PBXSourcesBuildPhase section */
		FAEE9AD92729874D0052AFAA /* Sources */ = {
			isa = PBXSourcesBuildPhase;
			buildActionMask = 2147483647;
			files = (
				FAEE9AE52729874D0052AFAA /* ViewController.swift in Sources */,
				FAEE9AE12729874D0052AFAA /* AppDelegate.swift in Sources */,
				FAEE9AE32729874D0052AFAA /* SceneDelegate.swift in Sources */,
			);
			runOnlyForDeploymentPostprocessing = 0;
		};
/* End PBXSourcesBuildPhase section */

/* Begin PBXVariantGroup section */
		FAEE9AE62729874D0052AFAA /* Main.storyboard */ = {
			isa = PBXVariantGroup;
			children = (
				FAEE9AE72729874D0052AFAA /* Base */,
			);
			name = Main.storyboard;
			sourceTree = "<group>";
		};
		FAEE9AEB272987520052AFAA /* LaunchScreen.storyboard */ = {
			isa = PBXVariantGroup;
			children = (
				FAEE9AEC272987520052AFAA /* Base */,
			);
			name = LaunchScreen.storyboard;
			sourceTree = "<group>";
		};
/* End PBXVariantGroup section */

/* Begin XCBuildConfiguration section */
		FAEE9AEF272987520052AFAA /* Debug */ = {
			isa = XCBuildConfiguration;
			buildSettings = {
				ALWAYS_SEARCH_USER_PATHS = NO;
				CLANG_ANALYZER_NONNULL = YES;
				CLANG_ANALYZER_NUMBER_OBJECT_CONVERSION = YES_AGGRESSIVE;
				CLANG_CXX_LANGUAGE_STANDARD = "gnu++17";
				CLANG_CXX_LIBRARY = "libc++";
				CLANG_ENABLE_MODULES = YES;
				CLANG_ENABLE_OBJC_ARC = YES;
				CLANG_ENABLE_OBJC_WEAK = YES;
				CLANG_WARN_BLOCK_CAPTURE_AUTORELEASING = YES;
				CLANG_WARN_BOOL_CONVERSION = YES;
				CLANG_WARN_COMMA = YES;
				CLANG_WARN_CONSTANT_CONVERSION = YES;
				CLANG_WARN_DEPRECATED_OBJC_IMPLEMENTATIONS = YES;
				CLANG_WARN_DIRECT_OBJC_ISA_USAGE = YES_ERROR;
				CLANG_WARN_DOCUMENTATION_COMMENTS = YES;
				CLANG_WARN_EMPTY_BODY = YES;
				CLANG_WARN_ENUM_CONVERSION = YES;
				CLANG_WARN_INFINITE_RECURSION = YES;
				CLANG_WARN_INT_CONVERSION = YES;
				CLANG_WARN_NON_LITERAL_NULL_CONVERSION = YES;
				CLANG_WARN_OBJC_IMPLICIT_RETAIN_SELF = YES;
				CLANG_WARN_OBJC_LITERAL_CONVERSION = YES;
				CLANG_WARN_OBJC_ROOT_CLASS = YES_ERROR;
				CLANG_WARN_QUOTED_INCLUDE_IN_FRAMEWORK_HEADER = YES;
				CLANG_WARN_RANGE_LOOP_ANALYSIS = YES;
				CLANG_WARN_STRICT_PROTOTYPES = YES;
				CLANG_WARN_SUSPICIOUS_MOVE = YES;
				CLANG_WARN_UNGUARDED_AVAILABILITY = YES_AGGRESSIVE;
				CLANG_WARN_UNREACHABLE_CODE = YES;
				CLANG_WARN__DUPLICATE_METHOD_MATCH = YES;
				COPY_PHASE_STRIP = NO;
				DEBUG_INFORMATION_FORMAT = dwarf;
				ENABLE_STRICT_OBJC_MSGSEND = YES;
				ENABLE_TESTABILITY = YES;
				GCC_C_LANGUAGE_STANDARD = gnu11;
				GCC_DYNAMIC_NO_PIC = NO;
				GCC_NO_COMMON_BLOCKS = YES;
				GCC_OPTIMIZATION_LEVEL = 0;
				GCC_PREPROCESSOR_DEFINITIONS = (
					"DEBUG=1",
					"$(inherited)",
				);
				GCC_WARN_64_TO_32_BIT_CONVERSION = YES;
				GCC_WARN_ABOUT_RETURN_TYPE = YES_ERROR;
				GCC_WARN_UNDECLARED_SELECTOR = YES;
				GCC_WARN_UNINITIALIZED_AUTOS = YES_AGGRESSIVE;
				GCC_WARN_UNUSED_FUNCTION = YES;
				GCC_WARN_UNUSED_VARIABLE = YES;
				IPHONEOS_DEPLOYMENT_TARGET = 15.0;
				MTL_ENABLE_DEBUG_INFO = INCLUDE_SOURCE;
				MTL_FAST_MATH = YES;
				ONLY_ACTIVE_ARCH = YES;
				SDKROOT = iphoneos;
				SWIFT_ACTIVE_COMPILATION_CONDITIONS = DEBUG;
				SWIFT_OPTIMIZATION_LEVEL = "-Onone";
			};
			name = Debug;
		};
		FAEE9AF0272987520052AFAA /* Release */ = {
			isa = XCBuildConfiguration;
			buildSettings = {
				ALWAYS_SEARCH_USER_PATHS = NO;
				CLANG_ANALYZER_NONNULL = YES;
				CLANG_ANALYZER_NUMBER_OBJECT_CONVERSION = YES_AGGRESSIVE;
				CLANG_CXX_LANGUAGE_STANDARD = "gnu++17";
				CLANG_CXX_LIBRARY = "libc++";
				CLANG_ENABLE_MODULES = YES;
				CLANG_ENABLE_OBJC_ARC = YES;
				CLANG_ENABLE_OBJC_WEAK = YES;
				CLANG_WARN_BLOCK_CAPTURE_AUTORELEASING = YES;
				CLANG_WARN_BOOL_CONVERSION = YES;
				CLANG_WARN_COMMA = YES;
				CLANG_WARN_CONSTANT_CONVERSION = YES;
				CLANG_WARN_DEPRECATED_OBJC_IMPLEMENTATIONS = YES;
				CLANG_WARN_DIRECT_OBJC_ISA_USAGE = YES_ERROR;
				CLANG_WARN_DOCUMENTATION_COMMENTS = YES;
				CLANG_WARN_EMPTY_BODY = YES;
				CLANG_WARN_ENUM_CONVERSION = YES;
				CLANG_WARN_INFINITE_RECURSION = YES;
				CLANG_WARN_INT_CONVERSION = YES;
				CLANG_WARN_NON_LITERAL_NULL_CONVERSION = YES;
				CLANG_WARN_OBJC_IMPLICIT_RETAIN_SELF = YES;
				CLANG_WARN_OBJC_LITERAL_CONVERSION = YES;
				CLANG_WARN_OBJC_ROOT_CLASS = YES_ERROR;
				CLANG_WARN_QUOTED_INCLUDE_IN_FRAMEWORK_HEADER = YES;
				CLANG_WARN_RANGE_LOOP_ANALYSIS = YES;
				CLANG_WARN_STRICT_PROTOTYPES = YES;
				CLANG_WARN_SUSPICIOUS_MOVE = YES;
				CLANG_WARN_UNGUARDED_AVAILABILITY = YES_AGGRESSIVE;
				CLANG_WARN_UNREACHABLE_CODE = YES;
				CLANG_WARN__DUPLICATE_METHOD_MATCH = YES;
				COPY_PHASE_STRIP = NO;
				DEBUG_INFORMATION_FORMAT = "dwarf-with-dsym";
				ENABLE_NS_ASSERTIONS = NO;
				ENABLE_STRICT_OBJC_MSGSEND = YES;
				GCC_C_LANGUAGE_STANDARD = gnu11;
				GCC_NO_COMMON_BLOCKS = YES;
				GCC_WARN_64_TO_32_BIT_CONVERSION = YES;
				GCC_WARN_ABOUT_RETURN_TYPE = YES_ERROR;
				GCC_WARN_UNDECLARED_SELECTOR = YES;
				GCC_WARN_UNINITIALIZED_AUTOS = YES_AGGRESSIVE;
				GCC_WARN_UNUSED_FUNCTION = YES;
				GCC_WARN_UNUSED_VARIABLE = YES;
				IPHONEOS_DEPLOYMENT_TARGET = 15.0;
				MTL_ENABLE_DEBUG_INFO = NO;
				MTL_FAST_MATH = YES;
				SDKROOT = iphoneos;
				SWIFT_COMPILATION_MODE = wholemodule;
				SWIFT_OPTIMIZATION_LEVEL = "-O";
				VALIDATE_PRODUCT = YES;
			};
			name = Release;
		};
		FAEE9AF2272987520052AFAA /* Debug */ = {
			isa = XCBuildConfiguration;
			baseConfigurationReference = A7D4BCCE242A2ADCEEFBC6FC /* Pods-DAy24.debug.xcconfig */;
			buildSettings = {
				ASSETCATALOG_COMPILER_APPICON_NAME = AppIcon;
				ASSETCATALOG_COMPILER_GLOBAL_ACCENT_COLOR_NAME = AccentColor;
				CODE_SIGN_STYLE = Automatic;
				CURRENT_PROJECT_VERSION = 1;
				GENERATE_INFOPLIST_FILE = YES;
				INFOPLIST_FILE = DAy24/Info.plist;
				INFOPLIST_KEY_UIApplicationSupportsIndirectInputEvents = YES;
				INFOPLIST_KEY_UILaunchStoryboardName = LaunchScreen;
				INFOPLIST_KEY_UIMainStoryboardFile = Main;
				INFOPLIST_KEY_UISupportedInterfaceOrientations_iPad = "UIInterfaceOrientationPortrait UIInterfaceOrientationPortraitUpsideDown UIInterfaceOrientationLandscapeLeft UIInterfaceOrientationLandscapeRight";
				INFOPLIST_KEY_UISupportedInterfaceOrientations_iPhone = "UIInterfaceOrientationPortrait UIInterfaceOrientationLandscapeLeft UIInterfaceOrientationLandscapeRight";
				LD_RUNPATH_SEARCH_PATHS = (
					"$(inherited)",
					"@executable_path/Frameworks",
				);
				MARKETING_VERSION = 1.0;
				PRODUCT_BUNDLE_IDENTIFIER = l.DAy24;
				PRODUCT_NAME = "$(TARGET_NAME)";
				SWIFT_EMIT_LOC_STRINGS = YES;
				SWIFT_VERSION = 5.0;
				TARGETED_DEVICE_FAMILY = "1,2";
			};
			name = Debug;
		};
		FAEE9AF3272987520052AFAA /* Release */ = {
			isa = XCBuildConfiguration;
			baseConfigurationReference = 69B926E320FF9239CA19EF33 /* Pods-DAy24.release.xcconfig */;
			buildSettings = {
				ASSETCATALOG_COMPILER_APPICON_NAME = AppIcon;
				ASSETCATALOG_COMPILER_GLOBAL_ACCENT_COLOR_NAME = AccentColor;
				CODE_SIGN_STYLE = Automatic;
				CURRENT_PROJECT_VERSION = 1;
				GENERATE_INFOPLIST_FILE = YES;
				INFOPLIST_FILE = DAy24/Info.plist;
				INFOPLIST_KEY_UIApplicationSupportsIndirectInputEvents = YES;
				INFOPLIST_KEY_UILaunchStoryboardName = LaunchScreen;
				INFOPLIST_KEY_UIMainStoryboardFile = Main;
				INFOPLIST_KEY_UISupportedInterfaceOrientations_iPad = "UIInterfaceOrientationPortrait UIInterfaceOrientationPortraitUpsideDown UIInterfaceOrientationLandscapeLeft UIInterfaceOrientationLandscapeRight";
				INFOPLIST_KEY_UISupportedInterfaceOrientations_iPhone = "UIInterfaceOrientationPortrait UIInterfaceOrientationLandscapeLeft UIInterfaceOrientationLandscapeRight";
				LD_RUNPATH_SEARCH_PATHS = (
					"$(inherited)",
					"@executable_path/Frameworks",
				);
				MARKETING_VERSION = 1.0;
				PRODUCT_BUNDLE_IDENTIFIER = l.DAy24;
				PRODUCT_NAME = "$(TARGET_NAME)";
				SWIFT_EMIT_LOC_STRINGS = YES;
				SWIFT_VERSION = 5.0;
				TARGETED_DEVICE_FAMILY = "1,2";
			};
			name = Release;
		};
/* End XCBuildConfiguration section */

/* Begin XCConfigurationList section */
		FAEE9AD82729874D0052AFAA /* Build configuration list for PBXProject "DAy24" */ = {
			isa = XCConfigurationList;
			buildConfigurations = (
				FAEE9AEF272987520052AFAA /* Debug */,
				FAEE9AF0272987520052AFAA /* Release */,
			);
			defaultConfigurationIsVisible = 0;
			defaultConfigurationName = Release;
		};
		FAEE9AF1272987520052AFAA /* Build configuration list for PBXNativeTarget "DAy24" */ = {
			isa = XCConfigurationList;
			buildConfigurations = (
				FAEE9AF2272987520052AFAA /* Debug */,
				FAEE9AF3272987520052AFAA /* Release */,
			);
			defaultConfigurationIsVisible = 0;
			defaultConfigurationName = Release;
		};
/* End XCConfigurationList section */
	};
	rootObject = FAEE9AD52729874D0052AFAA /* Project object */;
}
